Microsoft Visual Studio Solution File, Format Version 11.00
# Visual Studio 2010
Project("{8BC9CEB8-8B4A-11D0-8D11-00A0C91BC942}") = "FmodEnginePlugin", "..\..\Source\Vision\Runtime\EnginePlugins\ThirdParty\FmodEnginePlugin\FmodEnginePlugin_android_x86_vs2010_anarchy.vcxproj", "{92824671-6D52-330F-B2BD-E072AB91898D}"
EndProject
Project("{8BC9CEB8-8B4A-11D0-8D11-00A0C91BC942}") = "HavokBehaviorEnginePlugin", "..\..\Source\Vision\Runtime\EnginePlugins\Havok\HavokBehaviorEnginePlugin\HavokBehaviorEnginePlugin_android_x86_vs2010_anarchy.vcxproj", "{F77853D9-8FE7-4E04-BC2B-B2FCD69CED84}"
EndProject
Project("{8BC9CEB8-8B4A-11D0-8D11-00A0C91BC942}") = "HavokPhysicsEnginePlugin", "..\..\Source\Vision\Runtime\EnginePlugins\Havok\HavokPhysicsEnginePlugin\HavokPhysicsEnginePlugin_android_x86_vs2010_anarchy.vcxproj", "{53B25EFB-8962-48B3-8FBA-847237788084}"
EndProject
Project("{8BC9CEB8-8B4A-11D0-8D11-00A0C91BC942}") = "ScaleformEnginePlugin", "..\..\Source\Vision\Runtime\EnginePlugins\ThirdParty\ScaleformEnginePlugin\ScaleformEnginePlugin_android_x86_vs2010_anarchy.vcxproj", "{BC1E09F1-5777-3067-BD80-4F2829EAE11C}"
EndProject
Project("{8BC9CEB8-8B4A-11D0-8D11-00A0C91BC942}") = "VisionEnginePlugin", "..\..\Source\Vision\Runtime\EnginePlugins\VisionEnginePlugin\VisionEnginePlugin_android_x86_vs2010_anarchy.vcxproj", "{AE97707F-3BD0-4E29-80DA-96930FC434B5}"
EndProject
Project("{8BC9CEB8-8B4A-11D0-8D11-00A0C91BC942}") = "RPG", "..\..\Source\Vision\Samples\Engine\RPG\RPG_android_x86_vs2010_anarchy.vcxproj", "{16D37446-845F-38D9-B332-DB8D3B3A1E87}"
	ProjectSection(ProjectDependencies) = postProject
		{F77853D9-8FE7-4E04-BC2B-B2FCD69CED84} = {F77853D9-8FE7-4E04-BC2B-B2FCD69CED84}
		{53B25EFB-8962-48B3-8FBA-847237788084} = {53B25EFB-8962-48B3-8FBA-847237788084}
		{92824671-6D52-330F-B2BD-E072AB91898D} = {92824671-6D52-330F-B2BD-E072AB91898D}
		{AE97707F-3BD0-4E29-80DA-96930FC434B5} = {AE97707F-3BD0-4E29-80DA-96930FC434B5}
		{F77853D9-8FE7-4E04-BC2B-B2FCD69CED84} = {F77853D9-8FE7-4E04-BC2B-B2FCD69CED84}
		{53B25EFB-8962-48B3-8FBA-847237788084} = {53B25EFB-8962-48B3-8FBA-847237788084}
		{AE97707F-3BD0-4E29-80DA-96930FC434B5} = {AE97707F-3BD0-4E29-80DA-96930FC434B5}
	EndProjectSection
EndProject
Project("{8BC9CEB8-8B4A-11D0-8D11-00A0C91BC942}") = "vSceneViewer", "..\..\Source\Vision\Tools\vSceneViewer\vSceneViewer_android_x86_vs2010_anarchy.vcxproj", "{9B127FBC-1456-3F91-554A-6A8CE2D3B44B}"
	ProjectSection(ProjectDependencies) = postProject
		{F77853D9-8FE7-4E04-BC2B-B2FCD69CED84} = {F77853D9-8FE7-4E04-BC2B-B2FCD69CED84}
		{53B25EFB-8962-48B3-8FBA-847237788084} = {53B25EFB-8962-48B3-8FBA-847237788084}
		{92824671-6D52-330F-B2BD-E072AB91898D} = {92824671-6D52-330F-B2BD-E072AB91898D}
		{BC1E09F1-5777-3067-BD80-4F2829EAE11C} = {BC1E09F1-5777-3067-BD80-4F2829EAE11C}
		{AE97707F-3BD0-4E29-80DA-96930FC434B5} = {AE97707F-3BD0-4E29-80DA-96930FC434B5}
		{F77853D9-8FE7-4E04-BC2B-B2FCD69CED84} = {F77853D9-8FE7-4E04-BC2B-B2FCD69CED84}
		{53B25EFB-8962-48B3-8FBA-847237788084} = {53B25EFB-8962-48B3-8FBA-847237788084}
		{92824671-6D52-330F-B2BD-E072AB91898D} = {92824671-6D52-330F-B2BD-E072AB91898D}
		{BC1E09F1-5777-3067-BD80-4F2829EAE11C} = {BC1E09F1-5777-3067-BD80-4F2829EAE11C}
		{AE97707F-3BD0-4E29-80DA-96930FC434B5} = {AE97707F-3BD0-4E29-80DA-96930FC434B5}
	EndProjectSection
EndProject
Project("{2150E333-8FDC-42A3-9474-1A3956D46DE8}") = "Vision", "Vision", "{B6ACD4A3-9F2B-4C92-B844-946A331A0B41}"
EndProject
Project("{2150E333-8FDC-42A3-9474-1A3956D46DE8}") = "Runtime", "Runtime", "{A38D5D43-4FBF-4691-B593-8FB0754CE89A}"
EndProject
Project("{2150E333-8FDC-42A3-9474-1A3956D46DE8}") = "EnginePlugins", "EnginePlugins", "{CE6B463C-82EF-4380-9EEA-36371C63E72C}"
EndProject
Project("{2150E333-8FDC-42A3-9474-1A3956D46DE8}") = "Samples", "Samples", "{9150C9A1-3A19-4B71-AB3D-B9C646651DEA}"
EndProject
Project("{2150E333-8FDC-42A3-9474-1A3956D46DE8}") = "Engine", "Engine", "{D219E1CD-364D-46B3-A531-D58F1759A06B}"
EndProject
Project("{2150E333-8FDC-42A3-9474-1A3956D46DE8}") = "Tools", "Tools", "{17E4120F-3AF7-4A96-A924-77598FD87BAA}"
EndProject
Project("{2150E333-8FDC-42A3-9474-1A3956D46DE8}") = "vSceneViewer", "vSceneViewer", "{E1714831-21CC-4048-B4AE-5A4B202C5062}"
EndProject
Global
	GlobalSection(SolutionConfigurationPlatforms) = preSolution
		Debug|hkAndroid = Debug|hkAndroid
		Dev|hkAndroid = Dev|hkAndroid
		Release|hkAndroid = Release|hkAndroid
	EndGlobalSection
	GlobalSection(ProjectConfigurationPlatforms) = postSolution
		{92824671-6D52-330F-B2BD-E072AB91898D}.Debug|hkAndroid.ActiveCfg = Debug|hkAndroid
		{92824671-6D52-330F-B2BD-E072AB91898D}.Debug|hkAndroid.Build.0 = Debug|hkAndroid
		{92824671-6D52-330F-B2BD-E072AB91898D}.Dev|hkAndroid.ActiveCfg = Dev|hkAndroid
		{92824671-6D52-330F-B2BD-E072AB91898D}.Dev|hkAndroid.Build.0 = Dev|hkAndroid
		{92824671-6D52-330F-B2BD-E072AB91898D}.Release|hkAndroid.ActiveCfg = Release|hkAndroid
		{92824671-6D52-330F-B2BD-E072AB91898D}.Release|hkAndroid.Build.0 = Release|hkAndroid
		{F77853D9-8FE7-4E04-BC2B-B2FCD69CED84}.Debug|hkAndroid.ActiveCfg = Debug|hkAndroid
		{F77853D9-8FE7-4E04-BC2B-B2FCD69CED84}.Debug|hkAndroid.Build.0 = Debug|hkAndroid
		{F77853D9-8FE7-4E04-BC2B-B2FCD69CED84}.Dev|hkAndroid.ActiveCfg = Dev|hkAndroid
		{F77853D9-8FE7-4E04-BC2B-B2FCD69CED84}.Dev|hkAndroid.Build.0 = Dev|hkAndroid
		{F77853D9-8FE7-4E04-BC2B-B2FCD69CED84}.Release|hkAndroid.ActiveCfg = Release|hkAndroid
		{F77853D9-8FE7-4E04-BC2B-B2FCD69CED84}.Release|hkAndroid.Build.0 = Release|hkAndroid
		{53B25EFB-8962-48B3-8FBA-847237788084}.Debug|hkAndroid.ActiveCfg = Debug|hkAndroid
		{53B25EFB-8962-48B3-8FBA-847237788084}.Debug|hkAndroid.Build.0 = Debug|hkAndroid
		{53B25EFB-8962-48B3-8FBA-847237788084}.Dev|hkAndroid.ActiveCfg = Dev|hkAndroid
		{53B25EFB-8962-48B3-8FBA-847237788084}.Dev|hkAndroid.Build.0 = Dev|hkAndroid
		{53B25EFB-8962-48B3-8FBA-847237788084}.Release|hkAndroid.ActiveCfg = Release|hkAndroid
		{53B25EFB-8962-48B3-8FBA-847237788084}.Release|hkAndroid.Build.0 = Release|hkAndroid
		{BC1E09F1-5777-3067-BD80-4F2829EAE11C}.Debug|hkAndroid.ActiveCfg = Debug|hkAndroid
		{BC1E09F1-5777-3067-BD80-4F2829EAE11C}.Dev|hkAndroid.ActiveCfg = Dev|hkAndroid
		{BC1E09F1-5777-3067-BD80-4F2829EAE11C}.Release|hkAndroid.ActiveCfg = Release|hkAndroid
		{AE97707F-3BD0-4E29-80DA-96930FC434B5}.Debug|hkAndroid.ActiveCfg = Debug|hkAndroid
		{AE97707F-3BD0-4E29-80DA-96930FC434B5}.Debug|hkAndroid.Build.0 = Debug|hkAndroid
		{AE97707F-3BD0-4E29-80DA-96930FC434B5}.Dev|hkAndroid.ActiveCfg = Dev|hkAndroid
		{AE97707F-3BD0-4E29-80DA-96930FC434B5}.Dev|hkAndroid.Build.0 = Dev|hkAndroid
		{AE97707F-3BD0-4E29-80DA-96930FC434B5}.Release|hkAndroid.ActiveCfg = Release|hkAndroid
		{AE97707F-3BD0-4E29-80DA-96930FC434B5}.Release|hkAndroid.Build.0 = Release|hkAndroid
		{16D37446-845F-38D9-B332-DB8D3B3A1E87}.Debug|hkAndroid.ActiveCfg = Debug|hkAndroid
		{16D37446-845F-38D9-B332-DB8D3B3A1E87}.Debug|hkAndroid.Build.0 = Debug|hkAndroid
		{16D37446-845F-38D9-B332-DB8D3B3A1E87}.Dev|hkAndroid.ActiveCfg = Dev|hkAndroid
		{16D37446-845F-38D9-B332-DB8D3B3A1E87}.Dev|hkAndroid.Build.0 = Dev|hkAndroid
		{16D37446-845F-38D9-B332-DB8D3B3A1E87}.Release|hkAndroid.ActiveCfg = Release|hkAndroid
		{16D37446-845F-38D9-B332-DB8D3B3A1E87}.Release|hkAndroid.Build.0 = Release|hkAndroid
		{9B127FBC-1456-3F91-554A-6A8CE2D3B44B}.Debug|hkAndroid.ActiveCfg = Debug|hkAndroid
		{9B127FBC-1456-3F91-554A-6A8CE2D3B44B}.Debug|hkAndroid.Build.0 = Debug|hkAndroid
		{9B127FBC-1456-3F91-554A-6A8CE2D3B44B}.Dev|hkAndroid.ActiveCfg = Dev|hkAndroid
		{9B127FBC-1456-3F91-554A-6A8CE2D3B44B}.Dev|hkAndroid.Build.0 = Dev|hkAndroid
		{9B127FBC-1456-3F91-554A-6A8CE2D3B44B}.Release|hkAndroid.ActiveCfg = Release|hkAndroid
		{9B127FBC-1456-3F91-554A-6A8CE2D3B44B}.Release|hkAndroid.Build.0 = Release|hkAndroid
	EndGlobalSection
	GlobalSection(SolutionProperties) = preSolution
		HideSolutionNode = FALSE
	EndGlobalSection
	GlobalSection(NestedProjects) = preSolution
		{B6ACD4A3-9F2B-4C92-B844-946A331A0B41} = {9DE39209-54B3-4586-93F2-A42721B20D6B}
		{A38D5D43-4FBF-4691-B593-8FB0754CE89A} = {B6ACD4A3-9F2B-4C92-B844-946A331A0B41}
		{CE6B463C-82EF-4380-9EEA-36371C63E72C} = {A38D5D43-4FBF-4691-B593-8FB0754CE89A}
		{92824671-6D52-330F-B2BD-E072AB91898D} = {CE6B463C-82EF-4380-9EEA-36371C63E72C}
		{F77853D9-8FE7-4E04-BC2B-B2FCD69CED84} = {CE6B463C-82EF-4380-9EEA-36371C63E72C}
		{53B25EFB-8962-48B3-8FBA-847237788084} = {CE6B463C-82EF-4380-9EEA-36371C63E72C}
		{BC1E09F1-5777-3067-BD80-4F2829EAE11C} = {CE6B463C-82EF-4380-9EEA-36371C63E72C}
		{AE97707F-3BD0-4E29-80DA-96930FC434B5} = {CE6B463C-82EF-4380-9EEA-36371C63E72C}
		{9150C9A1-3A19-4B71-AB3D-B9C646651DEA} = {B6ACD4A3-9F2B-4C92-B844-946A331A0B41}
		{D219E1CD-364D-46B3-A531-D58F1759A06B} = {9150C9A1-3A19-4B71-AB3D-B9C646651DEA}
		{16D37446-845F-38D9-B332-DB8D3B3A1E87} = {D219E1CD-364D-46B3-A531-D58F1759A06B}
		{17E4120F-3AF7-4A96-A924-77598FD87BAA} = {B6ACD4A3-9F2B-4C92-B844-946A331A0B41}
		{E1714831-21CC-4048-B4AE-5A4B202C5062} = {17E4120F-3AF7-4A96-A924-77598FD87BAA}
		{9B127FBC-1456-3F91-554A-6A8CE2D3B44B} = {E1714831-21CC-4048-B4AE-5A4B202C5062}
	EndGlobalSection
EndGlobal