// !$*UTF8*$!
{
	archiveVersion = 1;
	classes = {
	};
	objectVersion = 46;
	objects = {
		
		/* Describes the files */
		962251137538124200000104 = {isa = PBXFileReference; explicitFileType = archive.ar; includeInIndex = 0; path = Serialization.app;sourceTree = BUILT_PRODUCTS_DIR; };
0605570000000000017850 = { isa = PBXFileReference; path = main.cpp; sourceTree = "<group>"; };
2220160000000000017852 = { isa = PBXBuildFile; fileRef = 0605570000000000017850; };
9342360000000000017853 = { isa = PBXFileReference; path = SerializationPCH.cpp; sourceTree = "<group>"; };
4199310000000000017854 = { isa = PBXBuildFile; fileRef = 9342360000000000017853; };
7134430000000000017855 = { isa = PBXFileReference; path = SerializationPCH.h; sourceTree = "<group>"; };
1390280000000000017856 = { isa = PBXBuildFile; fileRef = 7134430000000000017855; };
7795880000000000017857 = { isa = PBXFileReference; path = SerializeBaseEntity.cpp; sourceTree = "<group>"; };
6423000000000000017858 = { isa = PBXBuildFile; fileRef = 7795880000000000017857; };
0440680000000000017859 = { isa = PBXFileReference; path = SerializeBaseEntity.hpp; sourceTree = "<group>"; };
6015180000000000017860 = { isa = PBXBuildFile; fileRef = 0440680000000000017859; };
6234890000000000017861 = { isa = PBXFileReference; path = SerializePlayer.cpp; sourceTree = "<group>"; };
3218260000000000017862 = { isa = PBXBuildFile; fileRef = 6234890000000000017861; };
8391940000000000017863 = { isa = PBXFileReference; path = SerializePlayer.hpp; sourceTree = "<group>"; };
2000100000000000017864 = { isa = PBXBuildFile; fileRef = 8391940000000000017863; };
1746730000000000017865 = { isa = PBXFileReference; path = SerializeSpotlight.cpp; sourceTree = "<group>"; };
7189690000000000017866 = { isa = PBXBuildFile; fileRef = 1746730000000000017865; };
3779890000000000017867 = { isa = PBXFileReference; path = SerializeSpotlight.hpp; sourceTree = "<group>"; };
3100690000000000017868 = { isa = PBXBuildFile; fileRef = 3779890000000000017867; };
0502020000000000017869 = { isa = PBXFileReference; path = VisSampleApp.cpp; sourceTree = "<group>"; };
1787150000000000017874 = { isa = PBXBuildFile; fileRef = 0502020000000000017869; };
4444110000000000017875 = { isa = PBXFileReference; path = VisSampleApp.hpp; sourceTree = "<group>"; };
2653890000000000017876 = { isa = PBXBuildFile; fileRef = 4444110000000000017875; };
5749730000000000017877 = { isa = PBXFileReference; path = EnginePluginsImport.hpp; sourceTree = "<group>"; };
7453330000000000017879 = { isa = PBXBuildFile; fileRef = 5749730000000000017877; };
2641760000000000017880 = { isa = PBXFileReference; path = VisSampleAppCallbacks.cpp; sourceTree = "<group>"; };
4363850000000000017881 = { isa = PBXBuildFile; fileRef = 2641760000000000017880; };
9283150000000000017882 = { isa = PBXFileReference; path = VisAppDelegateIOS.h; sourceTree = "<group>"; };
5805770000000000017884 = { isa = PBXBuildFile; fileRef = 9283150000000000017882; };
2079640000000000017885 = { isa = PBXFileReference; path = VisAppDelegateIOS.m; sourceTree = "<group>"; };
6593730000000000017886 = { isa = PBXBuildFile; fileRef = 2079640000000000017885; };
2499490000000000017887 = { isa = PBXFileReference; path = VisEAGLViewIOS.h; sourceTree = "<group>"; };
4105620000000000017888 = { isa = PBXBuildFile; fileRef = 2499490000000000017887; };
3615110000000000017889 = { isa = PBXFileReference; path = VisEAGLViewIOS.m; sourceTree = "<group>"; };
4632960000000000017890 = { isa = PBXBuildFile; fileRef = 3615110000000000017889; };
9648940000000000017891 = { isa = PBXFileReference; path = VisMainIOS.m; sourceTree = "<group>"; };
7660670000000000017892 = { isa = PBXBuildFile; fileRef = 9648940000000000017891; };
0750670000000000017893 = { isa = PBXFileReference; path = VisViewControllerIOS.h; sourceTree = "<group>"; };
5310370000000000017894 = { isa = PBXBuildFile; fileRef = 0750670000000000017893; };
5641340000000000017895 = { isa = PBXFileReference; path = VisViewControllerIOS.m; sourceTree = "<group>"; };
4769290000000000017896 = { isa = PBXBuildFile; fileRef = 5641340000000000017895; };
5358450000000000017897 = { isa = PBXFileReference; path = VisAppSettings.h; sourceTree = "<group>"; };
3355590000000000017898 = { isa = PBXBuildFile; fileRef = 5358450000000000017897; };
0502020000000000017869 = { isa = PBXFileReference; path = VisSampleApp.cpp; sourceTree = "<group>"; };
1468850000000000017899 = { isa = PBXBuildFile; fileRef = 0502020000000000017869; };
4444110000000000017875 = { isa = PBXFileReference; path = VisSampleApp.hpp; sourceTree = "<group>"; };
9447480000000000017900 = { isa = PBXBuildFile; fileRef = 4444110000000000017875; };
5749730000000000017877 = { isa = PBXFileReference; path = EnginePluginsImport.hpp; sourceTree = "<group>"; };
6224480000000000017901 = { isa = PBXBuildFile; fileRef = 5749730000000000017877; };
2641760000000000017880 = { isa = PBXFileReference; path = VisSampleAppCallbacks.cpp; sourceTree = "<group>"; };
1448350000000000017902 = { isa = PBXBuildFile; fileRef = 2641760000000000017880; };
9283150000000000017882 = { isa = PBXFileReference; path = VisAppDelegateIOS.h; sourceTree = "<group>"; };
9839710000000000017903 = { isa = PBXBuildFile; fileRef = 9283150000000000017882; };
2079640000000000017885 = { isa = PBXFileReference; path = VisAppDelegateIOS.m; sourceTree = "<group>"; };
0646630000000000017904 = { isa = PBXBuildFile; fileRef = 2079640000000000017885; };
2499490000000000017887 = { isa = PBXFileReference; path = VisEAGLViewIOS.h; sourceTree = "<group>"; };
4249000000000000017905 = { isa = PBXBuildFile; fileRef = 2499490000000000017887; };
3615110000000000017889 = { isa = PBXFileReference; path = VisEAGLViewIOS.m; sourceTree = "<group>"; };
3471970000000000017906 = { isa = PBXBuildFile; fileRef = 3615110000000000017889; };
9648940000000000017891 = { isa = PBXFileReference; path = VisMainIOS.m; sourceTree = "<group>"; };
8731930000000000017907 = { isa = PBXBuildFile; fileRef = 9648940000000000017891; };
0750670000000000017893 = { isa = PBXFileReference; path = VisViewControllerIOS.h; sourceTree = "<group>"; };
3388000000000000017908 = { isa = PBXBuildFile; fileRef = 0750670000000000017893; };
5641340000000000017895 = { isa = PBXFileReference; path = VisViewControllerIOS.m; sourceTree = "<group>"; };
5085400000000000017909 = { isa = PBXBuildFile; fileRef = 5641340000000000017895; };
5358450000000000017897 = { isa = PBXFileReference; path = VisAppSettings.h; sourceTree = "<group>"; };
8785540000000000017910 = { isa = PBXBuildFile; fileRef = 5358450000000000017897; };
6683020000000000017911 = { isa = PBXFileReference; lastKnownFileType = "wrapper.pb-project"; name = VisionEnginePlugin_ios_anarchy.xcodeproj; path = ../../../Runtime/EnginePlugins/VisionEnginePlugin/VisionEnginePlugin_ios_anarchy.xcodeproj; sourceTree = SOURCE_ROOT ; };
1770070000000000017912 = { isa = PBXContainerItemProxy; containerPortal = 6683020000000000017911; proxyType = 1; remoteGlobalIDString = 607066137538123900000075; remoteInfo = libVisionEnginePlugin; };
5226750000000000017913 = { isa = PBXContainerItemProxy; containerPortal = 6683020000000000017911; proxyType = 2; remoteGlobalIDString = 1789940000000000017914; remoteInfo = libVisionEnginePlugin; };
3338130000000000017915 = { isa = PBXReferenceProxy; fileType = archive.ar; path = libVisionEnginePlugin.a; remoteRef = 5226750000000000017913 /* PBXContainerItemProxy */; sourceTree = BUILT_PRODUCTS_DIR; };
1518890000000000017916 = { isa = PBXBuildFile; fileRef = 3338130000000000017915; };
4203660000000000017918 = { isa = PBXTargetDependency; name = VisionEnginePlugin; targetProxy = 1770070000000000017912; /* PBXContainerItemProxy */ };
8325300000000000017919 = { isa = PBXFileReference; lastKnownFileType = "wrapper.pb-project"; name = HavokPhysicsEnginePlugin_ios_anarchy.xcodeproj; path = ../../../Runtime/EnginePlugins/Havok/HavokPhysicsEnginePlugin/HavokPhysicsEnginePlugin_ios_anarchy.xcodeproj; sourceTree = SOURCE_ROOT ; };
0972120000000000017920 = { isa = PBXContainerItemProxy; containerPortal = 8325300000000000017919; proxyType = 1; remoteGlobalIDString = 296557137538123900000071; remoteInfo = libvHavok; };
1603340000000000017921 = { isa = PBXContainerItemProxy; containerPortal = 8325300000000000017919; proxyType = 2; remoteGlobalIDString = 0267440000000000017922; remoteInfo = libvHavok; };
3906570000000000017923 = { isa = PBXReferenceProxy; fileType = archive.ar; path = libvHavok.a; remoteRef = 1603340000000000017921 /* PBXContainerItemProxy */; sourceTree = BUILT_PRODUCTS_DIR; };
0114670000000000017924 = { isa = PBXBuildFile; fileRef = 3906570000000000017923; };
9290420000000000017926 = { isa = PBXTargetDependency; name = vHavok; targetProxy = 0972120000000000017920; /* PBXContainerItemProxy */ };
3290200000000000017927 = { isa = PBXFileReference; lastKnownFileType = "wrapper.pb-project"; name = hkGeometryUtilities_ios_anarchy.xcodeproj; path = ../../../../Common/GeometryUtilities/hkGeometryUtilities_ios_anarchy.xcodeproj; sourceTree = SOURCE_ROOT ; };
5066430000000000017928 = { isa = PBXContainerItemProxy; containerPortal = 3290200000000000017927; proxyType = 1; remoteGlobalIDString = 917128137538123500000035; remoteInfo = libhkGeometryUtilities; };
4391990000000000017929 = { isa = PBXContainerItemProxy; containerPortal = 3290200000000000017927; proxyType = 2; remoteGlobalIDString = 1910470000000000017930; remoteInfo = libhkGeometryUtilities; };
7420770000000000017931 = { isa = PBXReferenceProxy; fileType = archive.ar; path = libhkGeometryUtilities.a; remoteRef = 4391990000000000017929 /* PBXContainerItemProxy */; sourceTree = BUILT_PRODUCTS_DIR; };
8395800000000000017932 = { isa = PBXBuildFile; fileRef = 7420770000000000017931; };
8795850000000000017934 = { isa = PBXTargetDependency; name = hkGeometryUtilities; targetProxy = 5066430000000000017928; /* PBXContainerItemProxy */ };
6041770000000000017935 = { isa = PBXFileReference; lastKnownFileType = "wrapper.pb-project"; name = hkVisualize_ios_anarchy.xcodeproj; path = ../../../../Common/Visualize/hkVisualize_ios_anarchy.xcodeproj; sourceTree = SOURCE_ROOT ; };
3549890000000000017936 = { isa = PBXContainerItemProxy; containerPortal = 6041770000000000017935; proxyType = 1; remoteGlobalIDString = 757587137538123600000043; remoteInfo = libhkVisualize; };
3072610000000000017937 = { isa = PBXContainerItemProxy; containerPortal = 6041770000000000017935; proxyType = 2; remoteGlobalIDString = 8892810000000000017938; remoteInfo = libhkVisualize; };
2858540000000000017939 = { isa = PBXReferenceProxy; fileType = archive.ar; path = libhkVisualize.a; remoteRef = 3072610000000000017937 /* PBXContainerItemProxy */; sourceTree = BUILT_PRODUCTS_DIR; };
2691530000000000017940 = { isa = PBXBuildFile; fileRef = 2858540000000000017939; };
0900550000000000017942 = { isa = PBXTargetDependency; name = hkVisualize; targetProxy = 3549890000000000017936; /* PBXContainerItemProxy */ };
0862200000000000017943 = { isa = PBXFileReference; lastKnownFileType = "wrapper.pb-project"; name = hkCompat_ios_anarchy.xcodeproj; path = ../../../../Common/Compat/hkCompat_ios_anarchy.xcodeproj; sourceTree = SOURCE_ROOT ; };
8354020000000000017944 = { isa = PBXContainerItemProxy; containerPortal = 0862200000000000017943; proxyType = 1; remoteGlobalIDString = 009069137538123500000033; remoteInfo = libhkCompat; };
7041330000000000017945 = { isa = PBXContainerItemProxy; containerPortal = 0862200000000000017943; proxyType = 2; remoteGlobalIDString = 8191840000000000017946; remoteInfo = libhkCompat; };
9995240000000000017947 = { isa = PBXReferenceProxy; fileType = archive.ar; path = libhkCompat.a; remoteRef = 7041330000000000017945 /* PBXContainerItemProxy */; sourceTree = BUILT_PRODUCTS_DIR; };
3203780000000000017948 = { isa = PBXBuildFile; fileRef = 9995240000000000017947; };
9684370000000000017950 = { isa = PBXTargetDependency; name = hkCompat; targetProxy = 8354020000000000017944; /* PBXContainerItemProxy */ };
0169930000000000017951 = { isa = PBXFileReference; lastKnownFileType = "wrapper.pb-project"; name = hkSceneData_ios_anarchy.xcodeproj; path = ../../../../Common/SceneData/hkSceneData_ios_anarchy.xcodeproj; sourceTree = SOURCE_ROOT ; };
7810200000000000017952 = { isa = PBXContainerItemProxy; containerPortal = 0169930000000000017951; proxyType = 1; remoteGlobalIDString = 138353137538123500000039; remoteInfo = libhkSceneData; };
4770250000000000017953 = { isa = PBXContainerItemProxy; containerPortal = 0169930000000000017951; proxyType = 2; remoteGlobalIDString = 6620940000000000017954; remoteInfo = libhkSceneData; };
0904700000000000017955 = { isa = PBXReferenceProxy; fileType = archive.ar; path = libhkSceneData.a; remoteRef = 4770250000000000017953 /* PBXContainerItemProxy */; sourceTree = BUILT_PRODUCTS_DIR; };
5407410000000000017956 = { isa = PBXBuildFile; fileRef = 0904700000000000017955; };
6205050000000000017958 = { isa = PBXTargetDependency; name = hkSceneData; targetProxy = 7810200000000000017952; /* PBXContainerItemProxy */ };
6173600000000000017959 = { isa = PBXFileReference; lastKnownFileType = "wrapper.pb-project"; name = hkBase_ios_anarchy.xcodeproj; path = ../../../../Common/Base/hkBase_ios_anarchy.xcodeproj; sourceTree = SOURCE_ROOT ; };
9764790000000000017960 = { isa = PBXContainerItemProxy; containerPortal = 6173600000000000017959; proxyType = 1; remoteGlobalIDString = 958155137538123400000031; remoteInfo = libhkBase; };
9719150000000000017961 = { isa = PBXContainerItemProxy; containerPortal = 6173600000000000017959; proxyType = 2; remoteGlobalIDString = 4985330000000000017962; remoteInfo = libhkBase; };
5988100000000000017963 = { isa = PBXReferenceProxy; fileType = archive.ar; path = libhkBase.a; remoteRef = 9719150000000000017961 /* PBXContainerItemProxy */; sourceTree = BUILT_PRODUCTS_DIR; };
2514630000000000017964 = { isa = PBXBuildFile; fileRef = 5988100000000000017963; };
3849900000000000017966 = { isa = PBXTargetDependency; name = hkBase; targetProxy = 9764790000000000017960; /* PBXContainerItemProxy */ };
7002330000000000017967 = { isa = PBXFileReference; lastKnownFileType = "wrapper.pb-project"; name = hkpUtilities_ios_anarchy.xcodeproj; path = ../../../../Physics2012/Utilities/hkpUtilities_ios_anarchy.xcodeproj; sourceTree = SOURCE_ROOT ; };
5710790000000000017968 = { isa = PBXContainerItemProxy; containerPortal = 7002330000000000017967; proxyType = 1; remoteGlobalIDString = 703308137538123700000059; remoteInfo = libhkpUtilities; };
3750750000000000017969 = { isa = PBXContainerItemProxy; containerPortal = 7002330000000000017967; proxyType = 2; remoteGlobalIDString = 0145170000000000017970; remoteInfo = libhkpUtilities; };
5517120000000000017971 = { isa = PBXReferenceProxy; fileType = archive.ar; path = libhkpUtilities.a; remoteRef = 3750750000000000017969 /* PBXContainerItemProxy */; sourceTree = BUILT_PRODUCTS_DIR; };
5557820000000000017972 = { isa = PBXBuildFile; fileRef = 5517120000000000017971; };
3917740000000000017974 = { isa = PBXTargetDependency; name = hkpUtilities; targetProxy = 5710790000000000017968; /* PBXContainerItemProxy */ };
3556450000000000017975 = { isa = PBXFileReference; lastKnownFileType = "wrapper.pb-project"; name = hkpVehicle_ios_anarchy.xcodeproj; path = ../../../../Physics2012/Vehicle/hkpVehicle_ios_anarchy.xcodeproj; sourceTree = SOURCE_ROOT ; };
1717550000000000017976 = { isa = PBXContainerItemProxy; containerPortal = 3556450000000000017975; proxyType = 1; remoteGlobalIDString = 979677137538123700000061; remoteInfo = libhkpVehicle; };
3630040000000000017977 = { isa = PBXContainerItemProxy; containerPortal = 3556450000000000017975; proxyType = 2; remoteGlobalIDString = 8106170000000000017978; remoteInfo = libhkpVehicle; };
5334500000000000017979 = { isa = PBXReferenceProxy; fileType = archive.ar; path = libhkpVehicle.a; remoteRef = 3630040000000000017977 /* PBXContainerItemProxy */; sourceTree = BUILT_PRODUCTS_DIR; };
6992820000000000017980 = { isa = PBXBuildFile; fileRef = 5334500000000000017979; };
3743350000000000017982 = { isa = PBXTargetDependency; name = hkpVehicle; targetProxy = 1717550000000000017976; /* PBXContainerItemProxy */ };
9757650000000000017983 = { isa = PBXFileReference; name = OpenGLES.framework; path = System/Library/Frameworks/OpenGLES.framework; sourceTree = SDKROOT; };
1404600000000000017984 = { isa = PBXBuildFile; fileRef = 9757650000000000017983; };
7877720000000000017985 = { isa = PBXFileReference; name = UIKit.framework; path = System/Library/Frameworks/UIKit.framework; sourceTree = SDKROOT; };
7752590000000000017986 = { isa = PBXBuildFile; fileRef = 7877720000000000017985; };
8455890000000000017987 = { isa = PBXFileReference; name = Foundation.framework; path = System/Library/Frameworks/Foundation.framework; sourceTree = SDKROOT; };
7065980000000000017988 = { isa = PBXBuildFile; fileRef = 8455890000000000017987; };
9561630000000000017989 = { isa = PBXFileReference; name = QuartzCore.framework; path = System/Library/Frameworks/QuartzCore.framework; sourceTree = SDKROOT; };
4400700000000000017990 = { isa = PBXBuildFile; fileRef = 9561630000000000017989; };
8786980000000000017991 = { isa = PBXFileReference; name = CoreData.framework; path = System/Library/Frameworks/CoreData.framework; sourceTree = SDKROOT; };
7022850000000000017992 = { isa = PBXBuildFile; fileRef = 8786980000000000017991; };
3575430000000000017993 = { isa = PBXFileReference; name = SystemConfiguration.framework; path = System/Library/Frameworks/SystemConfiguration.framework; sourceTree = SDKROOT; };
6605770000000000017994 = { isa = PBXBuildFile; fileRef = 3575430000000000017993; };
9432870000000000017995 = { isa = PBXFileReference; lastKnownFileType = image.png; path = "Icon.png"; sourceTree = "<group>"; };
9326170000000000018000 = { isa = PBXBuildFile; fileRef = 9432870000000000017995; };
3344280000000000018001 = { isa = PBXFileReference; lastKnownFileType = image.png; path = "Icon@2x.png"; sourceTree = "<group>"; };
8529250000000000018002 = { isa = PBXBuildFile; fileRef = 3344280000000000018001; };
6736570000000000018003 = { isa = PBXFileReference; lastKnownFileType = image.png; path = "Icon-72.png"; sourceTree = "<group>"; };
2697950000000000018004 = { isa = PBXBuildFile; fileRef = 6736570000000000018003; };
1479350000000000018005 = { isa = PBXFileReference; lastKnownFileType = text.plist.xml; path = "Samples-Info.plist"; sourceTree = "<group>"; };
3732890000000000018006 = { isa = PBXBuildFile; fileRef = 1479350000000000018005; };
9916560000000000018007 = { isa = PBXFileReference; lastKnownFileType = folder; path = "Data"; sourceTree = "<group>"; };
2908460000000000018008 = { isa = PBXBuildFile; fileRef = 9916560000000000018007; };
9916560000000000018007 = { isa = PBXFileReference; lastKnownFileType = folder; path = "Data"; sourceTree = "<group>"; };
7600500000000000018009 = { isa = PBXBuildFile; fileRef = 9916560000000000018007; };
9916560000000000018007 = { isa = PBXFileReference; lastKnownFileType = folder; path = "Data"; sourceTree = "<group>"; };
5886280000000000018010 = { isa = PBXBuildFile; fileRef = 9916560000000000018007; };
4042700000000000018011 = { isa = PBXFileReference; lastKnownFileType = file.xib; path = "VisMainWindowIOS.xib"; sourceTree = "<group>"; };
9628530000000000018012 = { isa = PBXBuildFile; fileRef = 4042700000000000018011; };
7024060000000000018013 = { isa = PBXFileReference; lastKnownFileType = file.xib; path = "VisViewControllerIOS.xib"; sourceTree = "<group>"; };
2130210000000000018014 = { isa = PBXBuildFile; fileRef = 7024060000000000018013; };
3995710000000000017851 = { isa = PBXGroup; children = ( 0605570000000000017850, 9342360000000000017853, 7134430000000000017855, 7795880000000000017857, 0440680000000000017859, 6234890000000000017861, 8391940000000000017863, 1746730000000000017865, 3779890000000000017867, 3731700000000000017873, 6683020000000000017911, 8325300000000000017919, 3290200000000000017927, 6041770000000000017935, 0862200000000000017943, 0169930000000000017951, 6173600000000000017959, 7002330000000000017967, 3556450000000000017975, 9757650000000000017983, 7877720000000000017985, 8455890000000000017987, 9561630000000000017989, 8786980000000000017991, 3575430000000000017993, 7584780000000000017999, 9916560000000000018007, ); name = Products; sourceTree = "<group>"; };
9885440000000000017917 = { isa = PBXGroup; children = ( 3338130000000000017915, ); name = Products; sourceTree = "<group>"; };
3232180000000000017933 = { isa = PBXGroup; children = ( 7420770000000000017931, ); name = Products; sourceTree = "<group>"; };
7584780000000000017999 = { isa = PBXGroup; children = ( 7248100000000000017998, ); path = ../../../../../Data; sourceTree = "<group>"; };
7248100000000000017998 = { isa = PBXGroup; children = ( 9784420000000000017997, ); path = Common; sourceTree = "<group>"; };
5871260000000000017941 = { isa = PBXGroup; children = ( 2858540000000000017939, ); name = Products; sourceTree = "<group>"; };
0953960000000000017883 = { isa = PBXGroup; children = ( 9283150000000000017882, 2079640000000000017885, 2499490000000000017887, 3615110000000000017889, 9648940000000000017891, 0750670000000000017893, 5641340000000000017895, 5358450000000000017897, 4042700000000000018011, 7024060000000000018013, ); path = iOS; sourceTree = "<group>"; };
7303680000000000017949 = { isa = PBXGroup; children = ( 9995240000000000017947, ); name = Products; sourceTree = "<group>"; };
6384100000000000017965 = { isa = PBXGroup; children = ( 5988100000000000017963, ); name = Products; sourceTree = "<group>"; };
8285900000000000017871 = { isa = PBXGroup; children = ( 5662210000000000017870, 3148040000000000017878, ); path = Runtime; sourceTree = "<group>"; };
1616110000000000017981 = { isa = PBXGroup; children = ( 5334500000000000017979, ); name = Products; sourceTree = "<group>"; };
5662210000000000017870 = { isa = PBXGroup; children = ( 0502020000000000017869, 4444110000000000017875, 2641760000000000017880, 0953960000000000017883, ); path = Common; sourceTree = "<group>"; };
3003350000000000017925 = { isa = PBXGroup; children = ( 3906570000000000017923, ); name = Products; sourceTree = "<group>"; };
3148040000000000017878 = { isa = PBXGroup; children = ( 5749730000000000017877, ); path = EnginePlugins; sourceTree = "<group>"; };
3249450000000000017996 = { isa = PBXGroup; children = ( 9432870000000000017995, 3344280000000000018001, 6736570000000000018003, ); path = Resources; sourceTree = "<group>"; };
5200080000000000017957 = { isa = PBXGroup; children = ( 0904700000000000017955, ); name = Products; sourceTree = "<group>"; };
3746940000000000017973 = { isa = PBXGroup; children = ( 5517120000000000017971, ); name = Products; sourceTree = "<group>"; };
3731700000000000017873 = { isa = PBXGroup; children = ( 2926060000000000017872, ); path = ../../../../../Source; sourceTree = "<group>"; };
2926060000000000017872 = { isa = PBXGroup; children = ( 8285900000000000017871, ); path = Vision; sourceTree = "<group>"; };
9784420000000000017997 = { isa = PBXGroup; children = ( 3249450000000000017996, 1479350000000000018005, ); path = iOS; sourceTree = "<group>"; };

		
		/* Describes the build configurations */
		1885550000000000018015 = { isa = XCBuildConfiguration; name = debug_v7; buildSettings = { ARCHS = (armv7); SDKROOT = iphoneos; HEADER_SEARCH_PATHS = ( "../../../..", "$(HAVOK_THIRDPARTY_DIR)/redistsdks/Lua/5.1.4/", ); IPHONEOS_DEPLOYMENT_TARGET = 4.3;GCC_PRECOMPILE_PREFIX_HEADER = NO; GCC_PREPROCESSOR_DEFINITIONS_NOT_USED_IN_PRECOMPS = (HK_ANARCHY,PROFILING,_VISION_IOS,_VISION_POSIX,_VR_GLES2,VBASE_LIB,LINK_WITH_VISION,VISIONDLL_LIB,USE_HAVOK);SUPPORTED_PLATFORMS = iphoneos;MACH_O_TYPE = mh_execute; WRAPPER_EXTENSION = app;LIBRARY_SEARCH_PATHS = ( "$(HAVOK_THIRDPARTY_DIR)/redistsdks/Lua/5.1.4/lib/iphoneos/Debug", "../../../../../Lib/ios_xcode_anarchy/$(CONFIGURATION)", ); OTHER_CPLUSPLUSFLAGS = ("-fno-strict-aliasing","-std=c++98","-mfpu=neon","-mfloat-abi=softfp",-DHK_ANARCHY,-DPROFILING,-D_VISION_IOS,-D_VISION_POSIX,-D_VR_GLES2,-DVBASE_LIB,-DLINK_WITH_VISION,-DVISIONDLL_LIB,-DUSE_HAVOK,-D_DEBUG,-DHK_DEBUG,-DHK_DEBUG_SLOW,"-fno-inline");OTHER_LDFLAGS = (-lluaIOS,-lBaseD,-lVisionD,-lhkInternal,-lhkSerialize,-lhkcdCollide,-lhkcdInternal,-lhkpDynamics,-lhkpCollide,-lhkpInternal,-lhkpConstraintSolver,-lhkpConstraint);GCC_INLINES_ARE_PRIVATE_EXTERN = YES;GCC_SYMBOLS_PRIVATE_EXTERN = NO;GCC_ENABLE_SYMBOL_SEPARATION = NO;GCC_USE_GCC3_PFE_SUPPORT = NO;GCC_STRICT_ALIASING = NO;GCC_ENABLE_CPP_RTTI = NO; GCC_ENABLE_CPP_EXCEPTIONS = NO; DEBUG_INFORMATION_FORMAT = dwarf;GCC_GENERATE_DEBUGGING_SYMBOLS = YES;GCC_OPTIMIZATION_LEVEL = 0;GCC_THUMB_SUPPORT = NO; GCC_VERSION = com.apple.compilers.llvm.clang.1_0;SKIP_INSTALL = NO; TARGETED_DEVICE_FAMILY = "1,2"; COMPRESS_PNG_FILES = NO; CODE_SIGN_IDENTITY = "iPhone Developer"; INFOPLIST_FILE = "../../../../../Data/Common/iOS/Samples-Info.plist"; WARNING_CFLAGS = ("-W", "-Wall", "-Wundef", "-Wno-inline", "-Wcast-qual", "-Wno-unused", "-Wno-unknown-pragmas","-Wno-ignored-qualifiers", "-Wno-overflow", "-Wno-type-limits", "-Wno-sign-compare", "-Wno-char-subscripts", "-Wno-switch", "-Wno-dangling-else", "-Wno-comment", "-Wno-shadow", -Wno-unused-parameter);GCC_WARN_ABOUT_INVALID_OFFSETOF_MACRO = NO;}; };
9081240000000000018016 = { isa = XCBuildConfiguration; name = dev_v7; buildSettings = { ARCHS = (armv7); SDKROOT = iphoneos; HEADER_SEARCH_PATHS = ( "../../../..", "$(HAVOK_THIRDPARTY_DIR)/redistsdks/Lua/5.1.4/", ); IPHONEOS_DEPLOYMENT_TARGET = 4.3;GCC_PRECOMPILE_PREFIX_HEADER = NO; GCC_PREPROCESSOR_DEFINITIONS_NOT_USED_IN_PRECOMPS = (HK_ANARCHY,PROFILING,_VISION_IOS,_VISION_POSIX,_VR_GLES2,VBASE_LIB,LINK_WITH_VISION,VISIONDLL_LIB,USE_HAVOK);SUPPORTED_PLATFORMS = iphoneos;MACH_O_TYPE = mh_execute; WRAPPER_EXTENSION = app;LIBRARY_SEARCH_PATHS = ( "$(HAVOK_THIRDPARTY_DIR)/redistsdks/Lua/5.1.4/lib/iphoneos/Release", "../../../../../Lib/ios_xcode_anarchy/$(CONFIGURATION)", ); OTHER_CPLUSPLUSFLAGS = ("-fno-strict-aliasing","-std=c++98","-mfpu=neon","-mfloat-abi=softfp",-DHK_ANARCHY,-DPROFILING,-D_VISION_IOS,-D_VISION_POSIX,-D_VR_GLES2,-DVBASE_LIB,-DLINK_WITH_VISION,-DVISIONDLL_LIB,-DUSE_HAVOK,-DHK_DEBUG);OTHER_LDFLAGS = (-lluaIOS,-lBase,-lVision,-lhkInternal,-lhkSerialize,-lhkcdCollide,-lhkcdInternal,-lhkpDynamics,-lhkpCollide,-lhkpInternal,-lhkpConstraintSolver,-lhkpConstraint);GCC_INLINES_ARE_PRIVATE_EXTERN = YES;GCC_SYMBOLS_PRIVATE_EXTERN = NO;GCC_ENABLE_SYMBOL_SEPARATION = NO;GCC_USE_GCC3_PFE_SUPPORT = NO;GCC_STRICT_ALIASING = NO;GCC_ENABLE_CPP_RTTI = NO; GCC_ENABLE_CPP_EXCEPTIONS = NO; DEBUG_INFORMATION_FORMAT = dwarf;GCC_GENERATE_DEBUGGING_SYMBOLS = YES;GCC_OPTIMIZATION_LEVEL = 3;GCC_THUMB_SUPPORT = NO; GCC_VERSION = com.apple.compilers.llvm.clang.1_0;SKIP_INSTALL = NO; TARGETED_DEVICE_FAMILY = "1,2"; COMPRESS_PNG_FILES = NO; CODE_SIGN_IDENTITY = "iPhone Developer"; INFOPLIST_FILE = "../../../../../Data/Common/iOS/Samples-Info.plist"; WARNING_CFLAGS = ("-W", "-Wall", "-Wundef", "-Wno-inline", "-Wcast-qual", "-Wno-unused", "-Wno-unknown-pragmas","-Wno-ignored-qualifiers", "-Wno-overflow", "-Wno-type-limits", "-Wno-sign-compare", "-Wno-char-subscripts", "-Wno-switch", "-Wno-dangling-else", "-Wno-comment", "-Wno-shadow", -Wno-unused-parameter);GCC_WARN_ABOUT_INVALID_OFFSETOF_MACRO = NO;}; };
4788920000000000018017 = { isa = XCBuildConfiguration; name = release_v7; buildSettings = { ARCHS = (armv7); SDKROOT = iphoneos; HEADER_SEARCH_PATHS = ( "../../../..", "$(HAVOK_THIRDPARTY_DIR)/redistsdks/Lua/5.1.4/", ); IPHONEOS_DEPLOYMENT_TARGET = 4.3;GCC_PRECOMPILE_PREFIX_HEADER = NO; GCC_PREPROCESSOR_DEFINITIONS_NOT_USED_IN_PRECOMPS = (HK_ANARCHY,PROFILING,_VISION_IOS,_VISION_POSIX,_VR_GLES2,VBASE_LIB,LINK_WITH_VISION,VISIONDLL_LIB,USE_HAVOK);SUPPORTED_PLATFORMS = iphoneos;MACH_O_TYPE = mh_execute; WRAPPER_EXTENSION = app;LIBRARY_SEARCH_PATHS = ( "$(HAVOK_THIRDPARTY_DIR)/redistsdks/Lua/5.1.4/lib/iphoneos/Release", "../../../../../Lib/ios_xcode_anarchy/$(CONFIGURATION)", ); OTHER_CPLUSPLUSFLAGS = ("-fno-strict-aliasing","-std=c++98","-mfpu=neon","-mfloat-abi=softfp",-DHK_ANARCHY,-DPROFILING,-D_VISION_IOS,-D_VISION_POSIX,-D_VR_GLES2,-DVBASE_LIB,-DLINK_WITH_VISION,-DVISIONDLL_LIB,-DUSE_HAVOK,"-fomit-frame-pointer","-fno-implement-inlines");OTHER_LDFLAGS = (-lluaIOS,-lBase,-lVision,-lhkInternal,-lhkSerialize,-lhkcdCollide,-lhkcdInternal,-lhkpDynamics,-lhkpCollide,-lhkpInternal,-lhkpConstraintSolver,-lhkpConstraint);GCC_INLINES_ARE_PRIVATE_EXTERN = YES;GCC_SYMBOLS_PRIVATE_EXTERN = NO;GCC_ENABLE_SYMBOL_SEPARATION = NO;GCC_USE_GCC3_PFE_SUPPORT = NO;GCC_STRICT_ALIASING = NO;GCC_ENABLE_CPP_RTTI = NO; GCC_ENABLE_CPP_EXCEPTIONS = NO; DEBUG_INFORMATION_FORMAT = dwarf;GCC_GENERATE_DEBUGGING_SYMBOLS = NO;GCC_OPTIMIZATION_LEVEL = 3;GCC_THUMB_SUPPORT = NO; GCC_VERSION = com.apple.compilers.llvm.clang.1_0;SKIP_INSTALL = NO; TARGETED_DEVICE_FAMILY = "1,2"; COMPRESS_PNG_FILES = NO; CODE_SIGN_IDENTITY = "iPhone Developer"; INFOPLIST_FILE = "../../../../../Data/Common/iOS/Samples-Info.plist"; WARNING_CFLAGS = ("-W", "-Wall", "-Wundef", "-Wno-inline", "-Wcast-qual", "-Wno-unused", "-Wno-unknown-pragmas","-Wno-ignored-qualifiers", "-Wno-overflow", "-Wno-type-limits", "-Wno-sign-compare", "-Wno-char-subscripts", "-Wno-switch", "-Wno-dangling-else", "-Wno-comment", "-Wno-shadow", -Wno-unused-parameter);GCC_WARN_ABOUT_INVALID_OFFSETOF_MACRO = NO;}; };
1083720000000000018018 = { isa = XCBuildConfiguration; name = distrib_v7; buildSettings = { ARCHS = (armv7); SDKROOT = iphoneos; HEADER_SEARCH_PATHS = ( "../../../..", "$(HAVOK_THIRDPARTY_DIR)/redistsdks/Lua/5.1.4/", ); IPHONEOS_DEPLOYMENT_TARGET = 4.3;GCC_PRECOMPILE_PREFIX_HEADER = NO; GCC_PREPROCESSOR_DEFINITIONS_NOT_USED_IN_PRECOMPS = (HK_ANARCHY,PROFILING,_VISION_IOS,_VISION_POSIX,_VR_GLES2,VBASE_LIB,LINK_WITH_VISION,VISIONDLL_LIB,USE_HAVOK);SUPPORTED_PLATFORMS = iphoneos;MACH_O_TYPE = mh_execute; WRAPPER_EXTENSION = app;LIBRARY_SEARCH_PATHS = ( "$(HAVOK_THIRDPARTY_DIR)/redistsdks/Lua/5.1.4/lib/iphoneos/Release", "../../../../../Lib/ios_xcode_anarchy/$(CONFIGURATION)", ); OTHER_CPLUSPLUSFLAGS = ("-fno-strict-aliasing","-std=c++98","-mfpu=neon","-mfloat-abi=softfp",-DHK_ANARCHY,-DPROFILING,-D_VISION_IOS,-D_VISION_POSIX,-D_VR_GLES2,-DVBASE_LIB,-DLINK_WITH_VISION,-DVISIONDLL_LIB,-DUSE_HAVOK,"-fomit-frame-pointer","-fno-implement-inlines");OTHER_LDFLAGS = (-lluaIOS,-lBase,-lVision,-lhkInternal,-lhkSerialize,-lhkcdCollide,-lhkcdInternal,-lhkpDynamics,-lhkpCollide,-lhkpInternal,-lhkpConstraintSolver,-lhkpConstraint);GCC_INLINES_ARE_PRIVATE_EXTERN = YES;GCC_SYMBOLS_PRIVATE_EXTERN = NO;GCC_ENABLE_SYMBOL_SEPARATION = NO;GCC_USE_GCC3_PFE_SUPPORT = NO;GCC_STRICT_ALIASING = NO;GCC_ENABLE_CPP_RTTI = NO; GCC_ENABLE_CPP_EXCEPTIONS = NO; DEBUG_INFORMATION_FORMAT = dwarf;GCC_GENERATE_DEBUGGING_SYMBOLS = NO;GCC_OPTIMIZATION_LEVEL = 3;GCC_THUMB_SUPPORT = NO; GCC_VERSION = com.apple.compilers.llvm.clang.1_0;SKIP_INSTALL = NO; TARGETED_DEVICE_FAMILY = "1,2"; COMPRESS_PNG_FILES = NO; CODE_SIGN_IDENTITY = "iPhone Distribution"; INFOPLIST_FILE = "../../../../../Data/Common/iOS/Samples-Info.plist"; WARNING_CFLAGS = ("-W", "-Wall", "-Wundef", "-Wno-inline", "-Wcast-qual", "-Wno-unused", "-Wno-unknown-pragmas","-Wno-ignored-qualifiers", "-Wno-overflow", "-Wno-type-limits", "-Wno-sign-compare", "-Wno-char-subscripts", "-Wno-switch", "-Wno-dangling-else", "-Wno-comment", "-Wno-shadow", -Wno-unused-parameter);GCC_WARN_ABOUT_INVALID_OFFSETOF_MACRO = NO;}; };

		3638600000000000018019 = { isa = XCBuildConfiguration; name = debug_v7; buildSettings = { CONFIGURATION_BUILD_DIR = "$(BUILD_DIR)"; CONFIGURATION_TEMP_DIR = "$(PROJECT_TEMP_DIR)/$(CONFIGURATION)$"; SYMROOT = "../../../../../Bin/ios_xcode_anarchy/debug_v7"; OBJROOT = "../../../../../Obj/ios_xcode_anarchy/$(CONFIGURATION)/Serialization"; HEADER_SEARCH_PATHS = ( "../../../..", "$(HAVOK_THIRDPARTY_DIR)/redistsdks/Lua/5.1.4/", ); PRODUCT_NAME = "Serialization_ios-xcode_anarchy_debug_v7"; CONFIGURATION_BUILD_DIR = "$(BUILD_DIR)"; }; };
7003060000000000018020 = { isa = XCBuildConfiguration; name = dev_v7; buildSettings = { CONFIGURATION_BUILD_DIR = "$(BUILD_DIR)"; CONFIGURATION_TEMP_DIR = "$(PROJECT_TEMP_DIR)/$(CONFIGURATION)$"; SYMROOT = "../../../../../Bin/ios_xcode_anarchy/dev_v7"; OBJROOT = "../../../../../Obj/ios_xcode_anarchy/$(CONFIGURATION)/Serialization"; HEADER_SEARCH_PATHS = ( "../../../..", "$(HAVOK_THIRDPARTY_DIR)/redistsdks/Lua/5.1.4/", ); PRODUCT_NAME = "Serialization_ios-xcode_anarchy_dev_v7"; CONFIGURATION_BUILD_DIR = "$(BUILD_DIR)"; }; };
7295790000000000018021 = { isa = XCBuildConfiguration; name = release_v7; buildSettings = { CONFIGURATION_BUILD_DIR = "$(BUILD_DIR)"; CONFIGURATION_TEMP_DIR = "$(PROJECT_TEMP_DIR)/$(CONFIGURATION)$"; SYMROOT = "../../../../../Bin/ios_xcode_anarchy/release_v7"; OBJROOT = "../../../../../Obj/ios_xcode_anarchy/$(CONFIGURATION)/Serialization"; HEADER_SEARCH_PATHS = ( "../../../..", "$(HAVOK_THIRDPARTY_DIR)/redistsdks/Lua/5.1.4/", ); PRODUCT_NAME = "Serialization_ios-xcode_anarchy_release_v7"; CONFIGURATION_BUILD_DIR = "$(BUILD_DIR)"; }; };
1735620000000000018022 = { isa = XCBuildConfiguration; name = distrib_v7; buildSettings = { CONFIGURATION_BUILD_DIR = "$(BUILD_DIR)"; CONFIGURATION_TEMP_DIR = "$(PROJECT_TEMP_DIR)/$(CONFIGURATION)$"; SYMROOT = "../../../../../Bin/ios_xcode_anarchy/distrib_v7"; OBJROOT = "../../../../../Obj/ios_xcode_anarchy/$(CONFIGURATION)/Serialization"; HEADER_SEARCH_PATHS = ( "../../../..", "$(HAVOK_THIRDPARTY_DIR)/redistsdks/Lua/5.1.4/", ); PRODUCT_NAME = "Serialization_ios-xcode_anarchy_distrib_v7"; CONFIGURATION_BUILD_DIR = "$(BUILD_DIR)"; }; };

		1701660000000000018023 = { isa = XCConfigurationList; buildConfigurations = ( 9081240000000000018016, 1885550000000000018015, 1083720000000000018018, 4788920000000000018017, ); };
		8930930000000000018024 = { isa = XCConfigurationList; buildConfigurations = ( 7003060000000000018020, 3638600000000000018019, 1735620000000000018022, 7295790000000000018021, ); };
		
		/* Describes the target */
		/* Pre Build Step */
		3051340000000000018025 =  /*  */ { isa = PBXShellScriptBuildPhase; buildActionMask = 2147483647; files = ( ); inputPaths = ( ); name = "Making symlinks to resources...."; outputPaths = ( ); runOnlyForDeploymentPostprocessing = 0; shellPath = "/bin/sh";shellScript = "python ../../../../../Build/StandaloneTools/Deployment/Python/linkiOSResources.py -r ../../../../../Data/Vision/Base/ Data/Vision/Base/ -r ../../../../../Data/Vision/Samples/Engine/Common/ Data/Vision/Samples/Engine/Common/ -r ../../../../../Data/Vision/Samples/Engine/Maps/SciFi/ Data/Vision/Samples/Engine/Maps/SciFi/ -l $CONFIGURATION";};
		5122120000000000018026 = { isa = PBXSourcesBuildPhase; buildActionMask = 2147483647; files = ( 2220160000000000017852, 8731930000000000017907, 4199310000000000017854, 0646630000000000017904, 3218260000000000017862, 3471970000000000017906, 7189690000000000017866, 5085400000000000017909, 6423000000000000017858, 1448350000000000017902, 1468850000000000017899, ); runOnlyForDeploymentPostprocessing = 0; };
		7914120000000000018027 = { isa = PBXResourcesBuildPhase; buildActionMask = 2147483647; files = ( 2130210000000000018014, 2697950000000000018004, 9628530000000000018012, 5886280000000000018010, 9326170000000000018000, 8529250000000000018002, ); runOnlyForDeploymentPostprocessing = 0; };
		1358250000000000018028 = { isa = PBXFrameworksBuildPhase; buildActionMask = 2147483647; files = ( 7752590000000000017986, 4400700000000000017990, 7022850000000000017992, 6605770000000000017994, 7065980000000000017988, 1404600000000000017984, 1518890000000000017916, 0114670000000000017924, 8395800000000000017932, 2691530000000000017940, 3203780000000000017948, 5407410000000000017956, 2514630000000000017964, 5557820000000000017972, 6992820000000000017980, ); runOnlyForDeploymentPostprocessing = 0; };
		1663170000000000018029 =  /* Copy resources to bundle.... */ { isa = PBXShellScriptBuildPhase; buildActionMask = 2147483647; files = ( ); inputPaths = ( ); name = "Copy resources to bundle...."; outputPaths = ( ); runOnlyForDeploymentPostprocessing = 0;shellPath = "/bin/sh";shellScript = "python ../../../../../Build/StandaloneTools/Deployment/Python/copyiOSResources.py -d $BUILT_PRODUCTS_DIR/$CONTENTS_FOLDER_PATH --excludeDir SciFi/SpeedTree -r Data";};
		377741137538124200000105 = { isa = PBXNativeTarget; buildConfigurationList = 1701660000000000018023; buildPhases = ( 6187200000000000014597, 0311250000000000014830, 8649720000000000014894, 3432340000000000015585, 4128060000000000015763, 2984150000000000015888, 1810060000000000016010, 8728020000000000016115, 7209350000000000016327, 5252670000000000016504, 5303930000000000016681, 6474410000000000016868, 6185910000000000017168, 0733350000000000017379, 8208690000000000017844, 3051340000000000018025, 5122120000000000018026, 1358250000000000018028, 7914120000000000018027, 1663170000000000018029,  ); dependencies = ( 4203660000000000017918,9290420000000000017926,8795850000000000017934,0900550000000000017942,9684370000000000017950,6205050000000000017958,3849900000000000017966,3917740000000000017974,3743350000000000017982, ); name = Serialization; productName = Serialization; productReference = 962251137538124200000104 /* Serialization */ ;productType = "com.apple.product-type.application";}; 
		
		/* Describes the project */
		7616820000000000018030 = { isa = PBXProject; projectDirPath = ""; projectRoot = ""; compatibilityVersion = "Xcode 3.2"; mainGroup = 3995710000000000017851; buildConfigurationList = 8930930000000000018024; projectReferences = ( { ProductGroup = 9885440000000000017917 /* Products */; ProjectRef = 6683020000000000017911; /* xcodeproj */ },
 { ProductGroup = 3003350000000000017925 /* Products */; ProjectRef = 8325300000000000017919; /* xcodeproj */ },
 { ProductGroup = 3232180000000000017933 /* Products */; ProjectRef = 3290200000000000017927; /* xcodeproj */ },
 { ProductGroup = 5871260000000000017941 /* Products */; ProjectRef = 6041770000000000017935; /* xcodeproj */ },
 { ProductGroup = 7303680000000000017949 /* Products */; ProjectRef = 0862200000000000017943; /* xcodeproj */ },
 { ProductGroup = 5200080000000000017957 /* Products */; ProjectRef = 0169930000000000017951; /* xcodeproj */ },
 { ProductGroup = 6384100000000000017965 /* Products */; ProjectRef = 6173600000000000017959; /* xcodeproj */ },
 { ProductGroup = 3746940000000000017973 /* Products */; ProjectRef = 7002330000000000017967; /* xcodeproj */ },
 { ProductGroup = 1616110000000000017981 /* Products */; ProjectRef = 3556450000000000017975; /* xcodeproj */ },
 );
 targets = ( 377741137538124200000105 ); };
	};
	
	rootObject = 7616820000000000018030 /* Project object */;
}
