// !$*UTF8*$!
{
	archiveVersion = 1;
	classes = {
	};
	objectVersion = 46;
	objects = {
		
		/* Describes the files */
		103944138233871000000104 = {isa = PBXFileReference; explicitFileType = archive.ar; includeInIndex = 0; path = RPG.app;sourceTree = BUILT_PRODUCTS_DIR; };
8401870000000000017920 = { isa = PBXFileReference; path = main.cpp; sourceTree = "<group>"; };
4951590000000000017922 = { isa = PBXBuildFile; fileRef = 8401870000000000017920; };
3193800000000000017923 = { isa = PBXFileReference; path = RPGPCH.cpp; sourceTree = "<group>"; };
1684100000000000017924 = { isa = PBXBuildFile; fileRef = 3193800000000000017923; };
0162320000000000017925 = { isa = PBXFileReference; path = RPGPCH.h; sourceTree = "<group>"; };
4374900000000000017926 = { isa = PBXBuildFile; fileRef = 0162320000000000017925; };
7234270000000000017927 = { isa = PBXFileReference; path = VisSampleApp.cpp; sourceTree = "<group>"; };
6497660000000000017932 = { isa = PBXBuildFile; fileRef = 7234270000000000017927; };
0071020000000000017933 = { isa = PBXFileReference; path = VisSampleApp.hpp; sourceTree = "<group>"; };
0115460000000000017934 = { isa = PBXBuildFile; fileRef = 0071020000000000017933; };
8881150000000000017935 = { isa = PBXFileReference; path = EnginePluginsImport.hpp; sourceTree = "<group>"; };
9980560000000000017937 = { isa = PBXBuildFile; fileRef = 8881150000000000017935; };
5467940000000000017938 = { isa = PBXFileReference; path = VisSampleAppCallbacks.cpp; sourceTree = "<group>"; };
6522840000000000017939 = { isa = PBXBuildFile; fileRef = 5467940000000000017938; };
2720800000000000017940 = { isa = PBXFileReference; path = VisAppDelegateIOS.h; sourceTree = "<group>"; };
6953750000000000017942 = { isa = PBXBuildFile; fileRef = 2720800000000000017940; };
1690010000000000017943 = { isa = PBXFileReference; path = VisAppDelegateIOS.m; sourceTree = "<group>"; };
1190550000000000017944 = { isa = PBXBuildFile; fileRef = 1690010000000000017943; };
0431040000000000017945 = { isa = PBXFileReference; path = VisEAGLViewIOS.h; sourceTree = "<group>"; };
3556360000000000017946 = { isa = PBXBuildFile; fileRef = 0431040000000000017945; };
4264300000000000017947 = { isa = PBXFileReference; path = VisEAGLViewIOS.m; sourceTree = "<group>"; };
4455500000000000017948 = { isa = PBXBuildFile; fileRef = 4264300000000000017947; };
1764490000000000017949 = { isa = PBXFileReference; path = VisMainIOS.m; sourceTree = "<group>"; };
8751470000000000017950 = { isa = PBXBuildFile; fileRef = 1764490000000000017949; };
4500450000000000017951 = { isa = PBXFileReference; path = VisViewControllerIOS.h; sourceTree = "<group>"; };
1980490000000000017952 = { isa = PBXBuildFile; fileRef = 4500450000000000017951; };
7108590000000000017953 = { isa = PBXFileReference; path = VisViewControllerIOS.m; sourceTree = "<group>"; };
9977070000000000017954 = { isa = PBXBuildFile; fileRef = 7108590000000000017953; };
7926640000000000017955 = { isa = PBXFileReference; path = VisAppSettings.h; sourceTree = "<group>"; };
1629980000000000017956 = { isa = PBXBuildFile; fileRef = 7926640000000000017955; };
7234270000000000017927 = { isa = PBXFileReference; path = VisSampleApp.cpp; sourceTree = "<group>"; };
1948800000000000017957 = { isa = PBXBuildFile; fileRef = 7234270000000000017927; };
0071020000000000017933 = { isa = PBXFileReference; path = VisSampleApp.hpp; sourceTree = "<group>"; };
4273050000000000017958 = { isa = PBXBuildFile; fileRef = 0071020000000000017933; };
8881150000000000017935 = { isa = PBXFileReference; path = EnginePluginsImport.hpp; sourceTree = "<group>"; };
5562400000000000017959 = { isa = PBXBuildFile; fileRef = 8881150000000000017935; };
5467940000000000017938 = { isa = PBXFileReference; path = VisSampleAppCallbacks.cpp; sourceTree = "<group>"; };
8795350000000000017960 = { isa = PBXBuildFile; fileRef = 5467940000000000017938; };
2720800000000000017940 = { isa = PBXFileReference; path = VisAppDelegateIOS.h; sourceTree = "<group>"; };
2524720000000000017961 = { isa = PBXBuildFile; fileRef = 2720800000000000017940; };
1690010000000000017943 = { isa = PBXFileReference; path = VisAppDelegateIOS.m; sourceTree = "<group>"; };
8379910000000000017962 = { isa = PBXBuildFile; fileRef = 1690010000000000017943; };
0431040000000000017945 = { isa = PBXFileReference; path = VisEAGLViewIOS.h; sourceTree = "<group>"; };
8507270000000000017963 = { isa = PBXBuildFile; fileRef = 0431040000000000017945; };
4264300000000000017947 = { isa = PBXFileReference; path = VisEAGLViewIOS.m; sourceTree = "<group>"; };
1937830000000000017964 = { isa = PBXBuildFile; fileRef = 4264300000000000017947; };
1764490000000000017949 = { isa = PBXFileReference; path = VisMainIOS.m; sourceTree = "<group>"; };
6671700000000000017965 = { isa = PBXBuildFile; fileRef = 1764490000000000017949; };
4500450000000000017951 = { isa = PBXFileReference; path = VisViewControllerIOS.h; sourceTree = "<group>"; };
1365130000000000017966 = { isa = PBXBuildFile; fileRef = 4500450000000000017951; };
7108590000000000017953 = { isa = PBXFileReference; path = VisViewControllerIOS.m; sourceTree = "<group>"; };
0616650000000000017967 = { isa = PBXBuildFile; fileRef = 7108590000000000017953; };
7926640000000000017955 = { isa = PBXFileReference; path = VisAppSettings.h; sourceTree = "<group>"; };
2112720000000000017968 = { isa = PBXBuildFile; fileRef = 7926640000000000017955; };
9548030000000000017969 = { isa = PBXFileReference; lastKnownFileType = "wrapper.pb-project"; name = VisionEnginePlugin_ios_anarchy.xcodeproj; path = ../../../Runtime/EnginePlugins/VisionEnginePlugin/VisionEnginePlugin_ios_anarchy.xcodeproj; sourceTree = SOURCE_ROOT ; };
0293220000000000017970 = { isa = PBXContainerItemProxy; containerPortal = 9548030000000000017969; proxyType = 1; remoteGlobalIDString = 242618138233870500000081; remoteInfo = libVisionEnginePlugin; };
1786440000000000017971 = { isa = PBXContainerItemProxy; containerPortal = 9548030000000000017969; proxyType = 2; remoteGlobalIDString = 3253490000000000017972; remoteInfo = libVisionEnginePlugin; };
3829740000000000017973 = { isa = PBXReferenceProxy; fileType = archive.ar; path = libVisionEnginePlugin.a; remoteRef = 1786440000000000017971 /* PBXContainerItemProxy */; sourceTree = BUILT_PRODUCTS_DIR; };
0178760000000000017974 = { isa = PBXBuildFile; fileRef = 3829740000000000017973; };
3909090000000000017976 = { isa = PBXTargetDependency; name = VisionEnginePlugin; targetProxy = 0293220000000000017970; /* PBXContainerItemProxy */ };
2074010000000000017977 = { isa = PBXFileReference; lastKnownFileType = "wrapper.pb-project"; name = RPGPlugin_ios_anarchy.xcodeproj; path = ../RPGPlugin/RPGPlugin_ios_anarchy.xcodeproj; sourceTree = SOURCE_ROOT ; };
8381330000000000017978 = { isa = PBXContainerItemProxy; containerPortal = 2074010000000000017977; proxyType = 1; remoteGlobalIDString = 287478138233871000000105; remoteInfo = libRPGPlugin; };
5409550000000000017979 = { isa = PBXContainerItemProxy; containerPortal = 2074010000000000017977; proxyType = 2; remoteGlobalIDString = 4378720000000000017980; remoteInfo = libRPGPlugin; };
7037980000000000017981 = { isa = PBXReferenceProxy; fileType = archive.ar; path = libRPGPlugin.a; remoteRef = 5409550000000000017979 /* PBXContainerItemProxy */; sourceTree = BUILT_PRODUCTS_DIR; };
8959140000000000017982 = { isa = PBXBuildFile; fileRef = 7037980000000000017981; };
4996350000000000017984 = { isa = PBXTargetDependency; name = RPGPlugin; targetProxy = 8381330000000000017978; /* PBXContainerItemProxy */ };
2281120000000000017985 = { isa = PBXFileReference; lastKnownFileType = "wrapper.pb-project"; name = HavokBehaviorEnginePlugin_ios_anarchy.xcodeproj; path = ../../../Runtime/EnginePlugins/Havok/HavokBehaviorEnginePlugin/HavokBehaviorEnginePlugin_ios_anarchy.xcodeproj; sourceTree = SOURCE_ROOT ; };
9738900000000000017986 = { isa = PBXContainerItemProxy; containerPortal = 2281120000000000017985; proxyType = 1; remoteGlobalIDString = 806831138233869300000071; remoteInfo = libvHavokBehavior; };
1818770000000000017987 = { isa = PBXContainerItemProxy; containerPortal = 2281120000000000017985; proxyType = 2; remoteGlobalIDString = 1699440000000000017988; remoteInfo = libvHavokBehavior; };
1816710000000000017989 = { isa = PBXReferenceProxy; fileType = archive.ar; path = libvHavokBehavior.a; remoteRef = 1818770000000000017987 /* PBXContainerItemProxy */; sourceTree = BUILT_PRODUCTS_DIR; };
2035500000000000017990 = { isa = PBXBuildFile; fileRef = 1816710000000000017989; };
3681430000000000017992 = { isa = PBXTargetDependency; name = vHavokBehavior; targetProxy = 9738900000000000017986; /* PBXContainerItemProxy */ };
4830690000000000017993 = { isa = PBXFileReference; lastKnownFileType = "wrapper.pb-project"; name = HavokPhysicsEnginePlugin_ios_anarchy.xcodeproj; path = ../../../Runtime/EnginePlugins/Havok/HavokPhysicsEnginePlugin/HavokPhysicsEnginePlugin_ios_anarchy.xcodeproj; sourceTree = SOURCE_ROOT ; };
6588540000000000017994 = { isa = PBXContainerItemProxy; containerPortal = 4830690000000000017993; proxyType = 1; remoteGlobalIDString = 601201138233869500000073; remoteInfo = libvHavok; };
3252630000000000017995 = { isa = PBXContainerItemProxy; containerPortal = 4830690000000000017993; proxyType = 2; remoteGlobalIDString = 9708620000000000017996; remoteInfo = libvHavok; };
5579350000000000017997 = { isa = PBXReferenceProxy; fileType = archive.ar; path = libvHavok.a; remoteRef = 3252630000000000017995 /* PBXContainerItemProxy */; sourceTree = BUILT_PRODUCTS_DIR; };
3074040000000000017998 = { isa = PBXBuildFile; fileRef = 5579350000000000017997; };
1126950000000000018000 = { isa = PBXTargetDependency; name = vHavok; targetProxy = 6588540000000000017994; /* PBXContainerItemProxy */ };
9244300000000000018001 = { isa = PBXFileReference; lastKnownFileType = "wrapper.pb-project"; name = hkBase_ios_anarchy.xcodeproj; path = ../../../../Common/Base/hkBase_ios_anarchy.xcodeproj; sourceTree = SOURCE_ROOT ; };
9663580000000000018002 = { isa = PBXContainerItemProxy; containerPortal = 9244300000000000018001; proxyType = 1; remoteGlobalIDString = 329770138233863600000033; remoteInfo = libhkBase; };
7517600000000000018003 = { isa = PBXContainerItemProxy; containerPortal = 9244300000000000018001; proxyType = 2; remoteGlobalIDString = 3936840000000000018004; remoteInfo = libhkBase; };
2756570000000000018005 = { isa = PBXReferenceProxy; fileType = archive.ar; path = libhkBase.a; remoteRef = 7517600000000000018003 /* PBXContainerItemProxy */; sourceTree = BUILT_PRODUCTS_DIR; };
5748550000000000018006 = { isa = PBXBuildFile; fileRef = 2756570000000000018005; };
0122960000000000018008 = { isa = PBXTargetDependency; name = hkBase; targetProxy = 9663580000000000018002; /* PBXContainerItemProxy */ };
0109630000000000018009 = { isa = PBXFileReference; lastKnownFileType = "wrapper.pb-project"; name = hkCompat_ios_anarchy.xcodeproj; path = ../../../../Common/Compat/hkCompat_ios_anarchy.xcodeproj; sourceTree = SOURCE_ROOT ; };
2649840000000000018010 = { isa = PBXContainerItemProxy; containerPortal = 0109630000000000018009; proxyType = 1; remoteGlobalIDString = 852752138233864200000035; remoteInfo = libhkCompat; };
0211260000000000018011 = { isa = PBXContainerItemProxy; containerPortal = 0109630000000000018009; proxyType = 2; remoteGlobalIDString = 0496970000000000018012; remoteInfo = libhkCompat; };
9680410000000000018013 = { isa = PBXReferenceProxy; fileType = archive.ar; path = libhkCompat.a; remoteRef = 0211260000000000018011 /* PBXContainerItemProxy */; sourceTree = BUILT_PRODUCTS_DIR; };
0676620000000000018014 = { isa = PBXBuildFile; fileRef = 9680410000000000018013; };
2473970000000000018016 = { isa = PBXTargetDependency; name = hkCompat; targetProxy = 2649840000000000018010; /* PBXContainerItemProxy */ };
7451400000000000018017 = { isa = PBXFileReference; lastKnownFileType = "wrapper.pb-project"; name = hkSceneData_ios_anarchy.xcodeproj; path = ../../../../Common/SceneData/hkSceneData_ios_anarchy.xcodeproj; sourceTree = SOURCE_ROOT ; };
8109160000000000018018 = { isa = PBXContainerItemProxy; containerPortal = 7451400000000000018017; proxyType = 1; remoteGlobalIDString = 343103138233864500000041; remoteInfo = libhkSceneData; };
1426620000000000018019 = { isa = PBXContainerItemProxy; containerPortal = 7451400000000000018017; proxyType = 2; remoteGlobalIDString = 5378640000000000018020; remoteInfo = libhkSceneData; };
7470990000000000018021 = { isa = PBXReferenceProxy; fileType = archive.ar; path = libhkSceneData.a; remoteRef = 1426620000000000018019 /* PBXContainerItemProxy */; sourceTree = BUILT_PRODUCTS_DIR; };
0645730000000000018022 = { isa = PBXBuildFile; fileRef = 7470990000000000018021; };
0451990000000000018024 = { isa = PBXTargetDependency; name = hkSceneData; targetProxy = 8109160000000000018018; /* PBXContainerItemProxy */ };
6731610000000000018025 = { isa = PBXFileReference; lastKnownFileType = "wrapper.pb-project"; name = hkVisualize_ios_anarchy.xcodeproj; path = ../../../../Common/Visualize/hkVisualize_ios_anarchy.xcodeproj; sourceTree = SOURCE_ROOT ; };
7056620000000000018026 = { isa = PBXContainerItemProxy; containerPortal = 6731610000000000018025; proxyType = 1; remoteGlobalIDString = 659868138233864600000045; remoteInfo = libhkVisualize; };
2312100000000000018027 = { isa = PBXContainerItemProxy; containerPortal = 6731610000000000018025; proxyType = 2; remoteGlobalIDString = 0391160000000000018028; remoteInfo = libhkVisualize; };
2814230000000000018029 = { isa = PBXReferenceProxy; fileType = archive.ar; path = libhkVisualize.a; remoteRef = 2312100000000000018027 /* PBXContainerItemProxy */; sourceTree = BUILT_PRODUCTS_DIR; };
0088980000000000018030 = { isa = PBXBuildFile; fileRef = 2814230000000000018029; };
9669250000000000018032 = { isa = PBXTargetDependency; name = hkVisualize; targetProxy = 7056620000000000018026; /* PBXContainerItemProxy */ };
0329040000000000018033 = { isa = PBXFileReference; lastKnownFileType = "wrapper.pb-project"; name = hkGeometryUtilities_ios_anarchy.xcodeproj; path = ../../../../Common/GeometryUtilities/hkGeometryUtilities_ios_anarchy.xcodeproj; sourceTree = SOURCE_ROOT ; };
5137780000000000018034 = { isa = PBXContainerItemProxy; containerPortal = 0329040000000000018033; proxyType = 1; remoteGlobalIDString = 277903138233864300000037; remoteInfo = libhkGeometryUtilities; };
8394240000000000018035 = { isa = PBXContainerItemProxy; containerPortal = 0329040000000000018033; proxyType = 2; remoteGlobalIDString = 0180610000000000018036; remoteInfo = libhkGeometryUtilities; };
5654600000000000018037 = { isa = PBXReferenceProxy; fileType = archive.ar; path = libhkGeometryUtilities.a; remoteRef = 8394240000000000018035 /* PBXContainerItemProxy */; sourceTree = BUILT_PRODUCTS_DIR; };
1235090000000000018038 = { isa = PBXBuildFile; fileRef = 5654600000000000018037; };
7632310000000000018040 = { isa = PBXTargetDependency; name = hkGeometryUtilities; targetProxy = 5137780000000000018034; /* PBXContainerItemProxy */ };
0349330000000000018041 = { isa = PBXFileReference; lastKnownFileType = "wrapper.pb-project"; name = hkpUtilities_ios_anarchy.xcodeproj; path = ../../../../Physics2012/Utilities/hkpUtilities_ios_anarchy.xcodeproj; sourceTree = SOURCE_ROOT ; };
2309150000000000018042 = { isa = PBXContainerItemProxy; containerPortal = 0349330000000000018041; proxyType = 1; remoteGlobalIDString = 711944138233866000000061; remoteInfo = libhkpUtilities; };
6296170000000000018043 = { isa = PBXContainerItemProxy; containerPortal = 0349330000000000018041; proxyType = 2; remoteGlobalIDString = 9323710000000000018044; remoteInfo = libhkpUtilities; };
9572110000000000018045 = { isa = PBXReferenceProxy; fileType = archive.ar; path = libhkpUtilities.a; remoteRef = 6296170000000000018043 /* PBXContainerItemProxy */; sourceTree = BUILT_PRODUCTS_DIR; };
6733810000000000018046 = { isa = PBXBuildFile; fileRef = 9572110000000000018045; };
0758010000000000018048 = { isa = PBXTargetDependency; name = hkpUtilities; targetProxy = 2309150000000000018042; /* PBXContainerItemProxy */ };
4907620000000000018049 = { isa = PBXFileReference; lastKnownFileType = "wrapper.pb-project"; name = hkpVehicle_ios_anarchy.xcodeproj; path = ../../../../Physics2012/Vehicle/hkpVehicle_ios_anarchy.xcodeproj; sourceTree = SOURCE_ROOT ; };
9359620000000000018050 = { isa = PBXContainerItemProxy; containerPortal = 4907620000000000018049; proxyType = 1; remoteGlobalIDString = 902355138233866000000063; remoteInfo = libhkpVehicle; };
0064360000000000018051 = { isa = PBXContainerItemProxy; containerPortal = 4907620000000000018049; proxyType = 2; remoteGlobalIDString = 1213700000000000018052; remoteInfo = libhkpVehicle; };
2210290000000000018053 = { isa = PBXReferenceProxy; fileType = archive.ar; path = libhkpVehicle.a; remoteRef = 0064360000000000018051 /* PBXContainerItemProxy */; sourceTree = BUILT_PRODUCTS_DIR; };
9565440000000000018054 = { isa = PBXBuildFile; fileRef = 2210290000000000018053; };
9998980000000000018056 = { isa = PBXTargetDependency; name = hkpVehicle; targetProxy = 9359620000000000018050; /* PBXContainerItemProxy */ };
0828370000000000018057 = { isa = PBXFileReference; lastKnownFileType = "wrapper.pb-project"; name = hkbUtilities_ios_anarchy.xcodeproj; path = ../../../../Behavior/Utilities/hkbUtilities_ios_anarchy.xcodeproj; sourceTree = SOURCE_ROOT ; };
8493740000000000018058 = { isa = PBXContainerItemProxy; containerPortal = 0828370000000000018057; proxyType = 1; remoteGlobalIDString = 173780138233862500000031; remoteInfo = libhkbUtilities; };
5861710000000000018059 = { isa = PBXContainerItemProxy; containerPortal = 0828370000000000018057; proxyType = 2; remoteGlobalIDString = 6139380000000000018060; remoteInfo = libhkbUtilities; };
9374840000000000018061 = { isa = PBXReferenceProxy; fileType = archive.ar; path = libhkbUtilities.a; remoteRef = 5861710000000000018059 /* PBXContainerItemProxy */; sourceTree = BUILT_PRODUCTS_DIR; };
1263610000000000018062 = { isa = PBXBuildFile; fileRef = 9374840000000000018061; };
5104530000000000018064 = { isa = PBXTargetDependency; name = hkbUtilities; targetProxy = 8493740000000000018058; /* PBXContainerItemProxy */ };
2129060000000000018065 = { isa = PBXFileReference; lastKnownFileType = "wrapper.pb-project"; name = hkaiVisualize_ios_anarchy.xcodeproj; path = ../../../../Ai/Visualize/hkaiVisualize_ios_anarchy.xcodeproj; sourceTree = SOURCE_ROOT ; };
3105950000000000018066 = { isa = PBXContainerItemProxy; containerPortal = 2129060000000000018065; proxyType = 1; remoteGlobalIDString = 891004138233862000000011; remoteInfo = libhkaiVisualize; };
2898460000000000018067 = { isa = PBXContainerItemProxy; containerPortal = 2129060000000000018065; proxyType = 2; remoteGlobalIDString = 9677840000000000018068; remoteInfo = libhkaiVisualize; };
4195180000000000018069 = { isa = PBXReferenceProxy; fileType = archive.ar; path = libhkaiVisualize.a; remoteRef = 2898460000000000018067 /* PBXContainerItemProxy */; sourceTree = BUILT_PRODUCTS_DIR; };
7560910000000000018070 = { isa = PBXBuildFile; fileRef = 4195180000000000018069; };
2950390000000000018072 = { isa = PBXTargetDependency; name = hkaiVisualize; targetProxy = 3105950000000000018066; /* PBXContainerItemProxy */ };
7538280000000000018073 = { isa = PBXFileReference; lastKnownFileType = "wrapper.pb-project"; name = hkaiSpatialAnalysis_ios_anarchy.xcodeproj; path = ../../../../Ai/SpatialAnalysis/hkaiSpatialAnalysis_ios_anarchy.xcodeproj; sourceTree = SOURCE_ROOT ; };
8642940000000000018074 = { isa = PBXContainerItemProxy; containerPortal = 7538280000000000018073; proxyType = 1; remoteGlobalIDString = 124791138233862000000009; remoteInfo = libhkaiSpatialAnalysis; };
9446700000000000018075 = { isa = PBXContainerItemProxy; containerPortal = 7538280000000000018073; proxyType = 2; remoteGlobalIDString = 5410440000000000018076; remoteInfo = libhkaiSpatialAnalysis; };
0953290000000000018077 = { isa = PBXReferenceProxy; fileType = archive.ar; path = libhkaiSpatialAnalysis.a; remoteRef = 9446700000000000018075 /* PBXContainerItemProxy */; sourceTree = BUILT_PRODUCTS_DIR; };
0421390000000000018078 = { isa = PBXBuildFile; fileRef = 0953290000000000018077; };
7630620000000000018080 = { isa = PBXTargetDependency; name = hkaiSpatialAnalysis; targetProxy = 8642940000000000018074; /* PBXContainerItemProxy */ };
0056900000000000018081 = { isa = PBXFileReference; lastKnownFileType = "wrapper.pb-project"; name = FmodEnginePlugin_ios_anarchy.xcodeproj; path = ../../../Runtime/EnginePlugins/ThirdParty/FmodEnginePlugin/FmodEnginePlugin_ios_anarchy.xcodeproj; sourceTree = SOURCE_ROOT ; };
9235130000000000018082 = { isa = PBXContainerItemProxy; containerPortal = 0056900000000000018081; proxyType = 1; remoteGlobalIDString = 948644138233869600000075; remoteInfo = libvFmodEnginePlugin; };
2533450000000000018083 = { isa = PBXContainerItemProxy; containerPortal = 0056900000000000018081; proxyType = 2; remoteGlobalIDString = 0966490000000000018084; remoteInfo = libvFmodEnginePlugin; };
0383060000000000018085 = { isa = PBXReferenceProxy; fileType = archive.ar; path = libvFmodEnginePlugin.a; remoteRef = 2533450000000000018083 /* PBXContainerItemProxy */; sourceTree = BUILT_PRODUCTS_DIR; };
2004780000000000018086 = { isa = PBXBuildFile; fileRef = 0383060000000000018085; };
5834990000000000018088 = { isa = PBXTargetDependency; name = vFmodEnginePlugin; targetProxy = 9235130000000000018082; /* PBXContainerItemProxy */ };
4432220000000000018089 = { isa = PBXFileReference; name = OpenGLES.framework; path = System/Library/Frameworks/OpenGLES.framework; sourceTree = SDKROOT; };
3956350000000000018090 = { isa = PBXBuildFile; fileRef = 4432220000000000018089; };
8316960000000000018091 = { isa = PBXFileReference; name = UIKit.framework; path = System/Library/Frameworks/UIKit.framework; sourceTree = SDKROOT; };
6198320000000000018092 = { isa = PBXBuildFile; fileRef = 8316960000000000018091; };
3463380000000000018093 = { isa = PBXFileReference; name = Foundation.framework; path = System/Library/Frameworks/Foundation.framework; sourceTree = SDKROOT; };
2433250000000000018094 = { isa = PBXBuildFile; fileRef = 3463380000000000018093; };
4402720000000000018095 = { isa = PBXFileReference; name = QuartzCore.framework; path = System/Library/Frameworks/QuartzCore.framework; sourceTree = SDKROOT; };
7106800000000000018096 = { isa = PBXBuildFile; fileRef = 4402720000000000018095; };
6634150000000000018097 = { isa = PBXFileReference; name = CoreData.framework; path = System/Library/Frameworks/CoreData.framework; sourceTree = SDKROOT; };
7860550000000000018098 = { isa = PBXBuildFile; fileRef = 6634150000000000018097; };
9047220000000000018099 = { isa = PBXFileReference; name = SystemConfiguration.framework; path = System/Library/Frameworks/SystemConfiguration.framework; sourceTree = SDKROOT; };
7652620000000000018100 = { isa = PBXBuildFile; fileRef = 9047220000000000018099; };
8438660000000000018101 = { isa = PBXFileReference; name = AudioToolbox.framework; path = System/Library/Frameworks/AudioToolbox.framework; sourceTree = SDKROOT; };
8249000000000000018102 = { isa = PBXBuildFile; fileRef = 8438660000000000018101; };
8838890000000000018103 = { isa = PBXFileReference; lastKnownFileType = image.png; path = "Rpg.png"; sourceTree = "<group>"; };
8010170000000000018111 = { isa = PBXBuildFile; fileRef = 8838890000000000018103; };
8109970000000000018112 = { isa = PBXFileReference; lastKnownFileType = image.png; path = "Rpg@2x.png"; sourceTree = "<group>"; };
7750810000000000018113 = { isa = PBXBuildFile; fileRef = 8109970000000000018112; };
8565220000000000018114 = { isa = PBXFileReference; lastKnownFileType = image.png; path = "Rpg-72.png"; sourceTree = "<group>"; };
8906520000000000018115 = { isa = PBXBuildFile; fileRef = 8565220000000000018114; };
5456580000000000018116 = { isa = PBXFileReference; lastKnownFileType = image.png; path = "Rpg-72@2x.png"; sourceTree = "<group>"; };
8654060000000000018117 = { isa = PBXBuildFile; fileRef = 5456580000000000018116; };
0036750000000000018118 = { isa = PBXFileReference; lastKnownFileType = image.png; path = "RpgLaunch~iphone.png"; sourceTree = "<group>"; };
2565430000000000018119 = { isa = PBXBuildFile; fileRef = 0036750000000000018118; };
7815100000000000018120 = { isa = PBXFileReference; lastKnownFileType = image.png; path = "RpgLaunch@2x~iphone.png"; sourceTree = "<group>"; };
0528000000000000018121 = { isa = PBXBuildFile; fileRef = 7815100000000000018120; };
0419550000000000018122 = { isa = PBXFileReference; lastKnownFileType = image.png; path = "RpgLaunch-568h@2x~iphone.png"; sourceTree = "<group>"; };
4114200000000000018123 = { isa = PBXBuildFile; fileRef = 0419550000000000018122; };
1422300000000000018124 = { isa = PBXFileReference; lastKnownFileType = image.png; path = "RpgLaunch-Landscape@2x~ipad.png"; sourceTree = "<group>"; };
7876710000000000018125 = { isa = PBXBuildFile; fileRef = 1422300000000000018124; };
1470950000000000018126 = { isa = PBXFileReference; lastKnownFileType = image.png; path = "RpgLaunch-Landscape~ipad.png"; sourceTree = "<group>"; };
2812620000000000018127 = { isa = PBXBuildFile; fileRef = 1470950000000000018126; };
9034420000000000018128 = { isa = PBXFileReference; lastKnownFileType = image.png; path = "RpgLaunch-Portrait@2x~ipad.png"; sourceTree = "<group>"; };
3125170000000000018129 = { isa = PBXBuildFile; fileRef = 9034420000000000018128; };
0583330000000000018130 = { isa = PBXFileReference; lastKnownFileType = image.png; path = "RpgLaunch-Portrait~ipad.png"; sourceTree = "<group>"; };
7542440000000000018131 = { isa = PBXBuildFile; fileRef = 0583330000000000018130; };
4952170000000000018132 = { isa = PBXFileReference; lastKnownFileType = text.plist.xml; path = "Samples-Info.plist"; sourceTree = "<group>"; };
2582910000000000018133 = { isa = PBXBuildFile; fileRef = 4952170000000000018132; };
4165330000000000018134 = { isa = PBXFileReference; lastKnownFileType = folder; path = "Data"; sourceTree = "<group>"; };
6339480000000000018135 = { isa = PBXBuildFile; fileRef = 4165330000000000018134; };
4165330000000000018134 = { isa = PBXFileReference; lastKnownFileType = folder; path = "Data"; sourceTree = "<group>"; };
2467470000000000018136 = { isa = PBXBuildFile; fileRef = 4165330000000000018134; };
4165330000000000018134 = { isa = PBXFileReference; lastKnownFileType = folder; path = "Data"; sourceTree = "<group>"; };
9347360000000000018137 = { isa = PBXBuildFile; fileRef = 4165330000000000018134; };
3609820000000000018138 = { isa = PBXFileReference; lastKnownFileType = file.xib; path = "VisMainWindowIOS.xib"; sourceTree = "<group>"; };
8988890000000000018139 = { isa = PBXBuildFile; fileRef = 3609820000000000018138; };
2913420000000000018140 = { isa = PBXFileReference; lastKnownFileType = file.xib; path = "VisViewControllerIOS.xib"; sourceTree = "<group>"; };
5242200000000000018141 = { isa = PBXBuildFile; fileRef = 2913420000000000018140; };
9585390000000000017921 = { isa = PBXGroup; children = ( 8401870000000000017920, 3193800000000000017923, 0162320000000000017925, 3639640000000000017931, 9548030000000000017969, 2074010000000000017977, 2281120000000000017985, 4830690000000000017993, 9244300000000000018001, 0109630000000000018009, 7451400000000000018017, 6731610000000000018025, 0329040000000000018033, 0349330000000000018041, 4907620000000000018049, 0828370000000000018057, 2129060000000000018065, 7538280000000000018073, 0056900000000000018081, 4432220000000000018089, 8316960000000000018091, 3463380000000000018093, 4402720000000000018095, 6634150000000000018097, 9047220000000000018099, 8438660000000000018101, 5536100000000000018110, 4165330000000000018134, ); name = Products; sourceTree = "<group>"; };
8540540000000000017975 = { isa = PBXGroup; children = ( 3829740000000000017973, ); name = Products; sourceTree = "<group>"; };
0465420000000000018031 = { isa = PBXGroup; children = ( 2814230000000000018029, ); name = Products; sourceTree = "<group>"; };
1771150000000000018104 = { isa = PBXGroup; children = ( 8838890000000000018103, 8109970000000000018112, 8565220000000000018114, 5456580000000000018116, 0036750000000000018118, 7815100000000000018120, 0419550000000000018122, 1422300000000000018124, 1470950000000000018126, 9034420000000000018128, 0583330000000000018130, 4952170000000000018132, ); path = iOS; sourceTree = "<group>"; };
7540020000000000017983 = { isa = PBXGroup; children = ( 7037980000000000017981, ); name = Products; sourceTree = "<group>"; };
2189910000000000018039 = { isa = PBXGroup; children = ( 5654600000000000018037, ); name = Products; sourceTree = "<group>"; };
9812650000000000018023 = { isa = PBXGroup; children = ( 7470990000000000018021, ); name = Products; sourceTree = "<group>"; };
7905580000000000018108 = { isa = PBXGroup; children = ( 9672780000000000018107, ); path = Samples; sourceTree = "<group>"; };
1807340000000000018106 = { isa = PBXGroup; children = ( 8179830000000000018105, ); path = RPG; sourceTree = "<group>"; };
4233790000000000018055 = { isa = PBXGroup; children = ( 2210290000000000018053, ); name = Products; sourceTree = "<group>"; };
8140760000000000017936 = { isa = PBXGroup; children = ( 8881150000000000017935, ); path = EnginePlugins; sourceTree = "<group>"; };
9672780000000000018107 = { isa = PBXGroup; children = ( 1807340000000000018106, ); path = Engine; sourceTree = "<group>"; };
8179830000000000018105 = { isa = PBXGroup; children = ( 1771150000000000018104, ); path = Icons; sourceTree = "<group>"; };
4044390000000000018047 = { isa = PBXGroup; children = ( 9572110000000000018045, ); name = Products; sourceTree = "<group>"; };
3576930000000000018071 = { isa = PBXGroup; children = ( 4195180000000000018069, ); name = Products; sourceTree = "<group>"; };
0809780000000000018007 = { isa = PBXGroup; children = ( 2756570000000000018005, ); name = Products; sourceTree = "<group>"; };
6592010000000000018063 = { isa = PBXGroup; children = ( 9374840000000000018061, ); name = Products; sourceTree = "<group>"; };
1868550000000000017929 = { isa = PBXGroup; children = ( 5835860000000000017928, 8140760000000000017936, ); path = Runtime; sourceTree = "<group>"; };
2299460000000000018087 = { isa = PBXGroup; children = ( 0383060000000000018085, ); name = Products; sourceTree = "<group>"; };
9484560000000000018109 = { isa = PBXGroup; children = ( 7905580000000000018108, ); path = Vision; sourceTree = "<group>"; };
1032650000000000017930 = { isa = PBXGroup; children = ( 1868550000000000017929, ); path = Vision; sourceTree = "<group>"; };
7955360000000000018079 = { isa = PBXGroup; children = ( 0953290000000000018077, ); name = Products; sourceTree = "<group>"; };
5833420000000000017991 = { isa = PBXGroup; children = ( 1816710000000000017989, ); name = Products; sourceTree = "<group>"; };
5536100000000000018110 = { isa = PBXGroup; children = ( 9484560000000000018109, ); path = ../../../../../Data; sourceTree = "<group>"; };
1844870000000000017941 = { isa = PBXGroup; children = ( 2720800000000000017940, 1690010000000000017943, 0431040000000000017945, 4264300000000000017947, 1764490000000000017949, 4500450000000000017951, 7108590000000000017953, 7926640000000000017955, 3609820000000000018138, 2913420000000000018140, ); path = iOS; sourceTree = "<group>"; };
4649270000000000017999 = { isa = PBXGroup; children = ( 5579350000000000017997, ); name = Products; sourceTree = "<group>"; };
3639640000000000017931 = { isa = PBXGroup; children = ( 1032650000000000017930, ); path = ../../../../../Source; sourceTree = "<group>"; };
6844270000000000018015 = { isa = PBXGroup; children = ( 9680410000000000018013, ); name = Products; sourceTree = "<group>"; };
5835860000000000017928 = { isa = PBXGroup; children = ( 7234270000000000017927, 0071020000000000017933, 5467940000000000017938, 1844870000000000017941, ); path = Common; sourceTree = "<group>"; };

		
		/* Describes the build configurations */
		5851300000000000018142 = { isa = XCBuildConfiguration; name = debug_v7; buildSettings = { ARCHS = (armv7); SDKROOT = iphoneos; HEADER_SEARCH_PATHS = ( "../../../..", "$(HAVOK_THIRDPARTY_DIR)/redistsdks/Lua/5.1.4/", "$(HAVOK_THIRDPARTY_DIR)/redistsdks/fmod/4.44.16/inc", ); IPHONEOS_DEPLOYMENT_TARGET = 4.3;GCC_PRECOMPILE_PREFIX_HEADER = NO; GCC_PREPROCESSOR_DEFINITIONS_NOT_USED_IN_PRECOMPS = (HK_ANARCHY,PROFILING,_VISION_IOS,_VISION_POSIX,_VR_GLES2,VBASE_LIB,LINK_WITH_VISION,VISIONDLL_LIB,USE_HAVOK);SUPPORTED_PLATFORMS = iphoneos;MACH_O_TYPE = mh_execute; WRAPPER_EXTENSION = app;LIBRARY_SEARCH_PATHS = ( "$(HAVOK_THIRDPARTY_DIR)/redistsdks/Lua/5.1.4/lib/iphoneos/Debug", "$(HAVOK_THIRDPARTY_DIR)/redistsdks/fmod/4.44.16/lib/ios", "../../../../../Lib/ios_xcode_anarchy/$(CONFIGURATION)", ); OTHER_CPLUSPLUSFLAGS = ("-fno-strict-aliasing","-std=c++98","-mfpu=neon","-mfloat-abi=softfp",-DHK_ANARCHY,-DPROFILING,-D_VISION_IOS,-D_VISION_POSIX,-D_VR_GLES2,-DVBASE_LIB,-DLINK_WITH_VISION,-DVISIONDLL_LIB,-DUSE_HAVOK,-D_DEBUG,-DHK_DEBUG,-DHK_DEBUG_SLOW,"-fno-inline");OTHER_LDFLAGS = (-lluaIOS,-lfmodexL_iphoneos,-lfmodeventL_iphoneos,-lfmodeventnetL_iphoneos,-lBaseD,-lVisionD,-lvHavokAi,-lhkSerialize,-lhkInternal,-lhkcdInternal,-lhkcdCollide,-lhkpDynamics,-lhkpCollide,-lhkpInternal,-lhkpConstraintSolver,-lhkpConstraint,-lhkaPhysics2012Bridge,-lhkaInternal,-lhkaAnimation,-lhkbBehavior,-lhkbInternal,-lhkbPhysics2012Bridge,-lhkbAiBridge,-lhkbScript,-lhkaiPathfinding,-lhkaiInternal,-lhkaiPhysics2012Bridge);GCC_INLINES_ARE_PRIVATE_EXTERN = YES;GCC_SYMBOLS_PRIVATE_EXTERN = NO;GCC_ENABLE_SYMBOL_SEPARATION = NO;GCC_USE_GCC3_PFE_SUPPORT = NO;GCC_STRICT_ALIASING = NO;GCC_ENABLE_CPP_RTTI = NO; GCC_ENABLE_CPP_EXCEPTIONS = NO; DEBUG_INFORMATION_FORMAT = dwarf;GCC_GENERATE_DEBUGGING_SYMBOLS = YES;GCC_OPTIMIZATION_LEVEL = 0;GCC_THUMB_SUPPORT = NO; GCC_VERSION = com.apple.compilers.llvm.clang.1_0;SKIP_INSTALL = NO; TARGETED_DEVICE_FAMILY = "1,2"; COMPRESS_PNG_FILES = NO; CODE_SIGN_IDENTITY = "iPhone Developer"; INFOPLIST_FILE = "../../../../../Data/Vision/Samples/Engine/RPG/Icons/iOS/Samples-Info.plist"; WARNING_CFLAGS = ("-W", "-Wall", "-Wundef", "-Wno-inline", "-Wcast-qual", "-Wno-unused", "-Wno-unknown-pragmas","-Wno-ignored-qualifiers", "-Wno-overflow", "-Wno-type-limits", "-Wno-sign-compare", "-Wno-char-subscripts", "-Wno-switch", "-Wno-dangling-else", "-Wno-comment", "-Wno-shadow", -Wno-unused-parameter);GCC_WARN_ABOUT_INVALID_OFFSETOF_MACRO = NO;}; };
7311440000000000018143 = { isa = XCBuildConfiguration; name = dev_v7; buildSettings = { ARCHS = (armv7); SDKROOT = iphoneos; HEADER_SEARCH_PATHS = ( "../../../..", "$(HAVOK_THIRDPARTY_DIR)/redistsdks/Lua/5.1.4/", "$(HAVOK_THIRDPARTY_DIR)/redistsdks/fmod/4.44.16/inc", ); IPHONEOS_DEPLOYMENT_TARGET = 4.3;GCC_PRECOMPILE_PREFIX_HEADER = NO; GCC_PREPROCESSOR_DEFINITIONS_NOT_USED_IN_PRECOMPS = (HK_ANARCHY,PROFILING,_VISION_IOS,_VISION_POSIX,_VR_GLES2,VBASE_LIB,LINK_WITH_VISION,VISIONDLL_LIB,USE_HAVOK);SUPPORTED_PLATFORMS = iphoneos;MACH_O_TYPE = mh_execute; WRAPPER_EXTENSION = app;LIBRARY_SEARCH_PATHS = ( "$(HAVOK_THIRDPARTY_DIR)/redistsdks/Lua/5.1.4/lib/iphoneos/Release", "$(HAVOK_THIRDPARTY_DIR)/redistsdks/fmod/4.44.16/lib/ios", "../../../../../Lib/ios_xcode_anarchy/$(CONFIGURATION)", ); OTHER_CPLUSPLUSFLAGS = ("-fno-strict-aliasing","-std=c++98","-mfpu=neon","-mfloat-abi=softfp",-DHK_ANARCHY,-DPROFILING,-D_VISION_IOS,-D_VISION_POSIX,-D_VR_GLES2,-DVBASE_LIB,-DLINK_WITH_VISION,-DVISIONDLL_LIB,-DUSE_HAVOK,-DHK_DEBUG);OTHER_LDFLAGS = (-lluaIOS,-lfmodex_iphoneos,-lfmodevent_iphoneos,-lfmodeventnet_iphoneos,-lBase,-lVision,-lvHavokAi,-lhkSerialize,-lhkInternal,-lhkcdInternal,-lhkcdCollide,-lhkpDynamics,-lhkpCollide,-lhkpInternal,-lhkpConstraintSolver,-lhkpConstraint,-lhkaPhysics2012Bridge,-lhkaInternal,-lhkaAnimation,-lhkbBehavior,-lhkbInternal,-lhkbPhysics2012Bridge,-lhkbAiBridge,-lhkbScript,-lhkaiPathfinding,-lhkaiInternal,-lhkaiPhysics2012Bridge);GCC_INLINES_ARE_PRIVATE_EXTERN = YES;GCC_SYMBOLS_PRIVATE_EXTERN = NO;GCC_ENABLE_SYMBOL_SEPARATION = NO;GCC_USE_GCC3_PFE_SUPPORT = NO;GCC_STRICT_ALIASING = NO;GCC_ENABLE_CPP_RTTI = NO; GCC_ENABLE_CPP_EXCEPTIONS = NO; DEBUG_INFORMATION_FORMAT = dwarf;GCC_GENERATE_DEBUGGING_SYMBOLS = YES;GCC_OPTIMIZATION_LEVEL = 3;GCC_THUMB_SUPPORT = NO; GCC_VERSION = com.apple.compilers.llvm.clang.1_0;SKIP_INSTALL = NO; TARGETED_DEVICE_FAMILY = "1,2"; COMPRESS_PNG_FILES = NO; CODE_SIGN_IDENTITY = "iPhone Developer"; INFOPLIST_FILE = "../../../../../Data/Vision/Samples/Engine/RPG/Icons/iOS/Samples-Info.plist"; WARNING_CFLAGS = ("-W", "-Wall", "-Wundef", "-Wno-inline", "-Wcast-qual", "-Wno-unused", "-Wno-unknown-pragmas","-Wno-ignored-qualifiers", "-Wno-overflow", "-Wno-type-limits", "-Wno-sign-compare", "-Wno-char-subscripts", "-Wno-switch", "-Wno-dangling-else", "-Wno-comment", "-Wno-shadow", -Wno-unused-parameter);GCC_WARN_ABOUT_INVALID_OFFSETOF_MACRO = NO;}; };
1085550000000000018144 = { isa = XCBuildConfiguration; name = release_v7; buildSettings = { ARCHS = (armv7); SDKROOT = iphoneos; HEADER_SEARCH_PATHS = ( "../../../..", "$(HAVOK_THIRDPARTY_DIR)/redistsdks/Lua/5.1.4/", "$(HAVOK_THIRDPARTY_DIR)/redistsdks/fmod/4.44.16/inc", ); IPHONEOS_DEPLOYMENT_TARGET = 4.3;GCC_PRECOMPILE_PREFIX_HEADER = NO; GCC_PREPROCESSOR_DEFINITIONS_NOT_USED_IN_PRECOMPS = (HK_ANARCHY,PROFILING,_VISION_IOS,_VISION_POSIX,_VR_GLES2,VBASE_LIB,LINK_WITH_VISION,VISIONDLL_LIB,USE_HAVOK);SUPPORTED_PLATFORMS = iphoneos;MACH_O_TYPE = mh_execute; WRAPPER_EXTENSION = app;LIBRARY_SEARCH_PATHS = ( "$(HAVOK_THIRDPARTY_DIR)/redistsdks/Lua/5.1.4/lib/iphoneos/Release", "$(HAVOK_THIRDPARTY_DIR)/redistsdks/fmod/4.44.16/lib/ios", "../../../../../Lib/ios_xcode_anarchy/$(CONFIGURATION)", ); OTHER_CPLUSPLUSFLAGS = ("-fno-strict-aliasing","-std=c++98","-mfpu=neon","-mfloat-abi=softfp",-DHK_ANARCHY,-DPROFILING,-D_VISION_IOS,-D_VISION_POSIX,-D_VR_GLES2,-DVBASE_LIB,-DLINK_WITH_VISION,-DVISIONDLL_LIB,-DUSE_HAVOK,"-fomit-frame-pointer","-fno-implement-inlines");OTHER_LDFLAGS = (-lluaIOS,-lfmodex_iphoneos,-lfmodevent_iphoneos,-lfmodeventnet_iphoneos,-lBase,-lVision,-lvHavokAi,-lhkSerialize,-lhkInternal,-lhkcdInternal,-lhkcdCollide,-lhkpDynamics,-lhkpCollide,-lhkpInternal,-lhkpConstraintSolver,-lhkpConstraint,-lhkaPhysics2012Bridge,-lhkaInternal,-lhkaAnimation,-lhkbBehavior,-lhkbInternal,-lhkbPhysics2012Bridge,-lhkbAiBridge,-lhkbScriptRelease,-lhkaiPathfinding,-lhkaiInternal,-lhkaiPhysics2012Bridge);GCC_INLINES_ARE_PRIVATE_EXTERN = YES;GCC_SYMBOLS_PRIVATE_EXTERN = NO;GCC_ENABLE_SYMBOL_SEPARATION = NO;GCC_USE_GCC3_PFE_SUPPORT = NO;GCC_STRICT_ALIASING = NO;GCC_ENABLE_CPP_RTTI = NO; GCC_ENABLE_CPP_EXCEPTIONS = NO; DEBUG_INFORMATION_FORMAT = dwarf;GCC_GENERATE_DEBUGGING_SYMBOLS = NO;GCC_OPTIMIZATION_LEVEL = 3;GCC_THUMB_SUPPORT = NO; GCC_VERSION = com.apple.compilers.llvm.clang.1_0;SKIP_INSTALL = NO; TARGETED_DEVICE_FAMILY = "1,2"; COMPRESS_PNG_FILES = NO; CODE_SIGN_IDENTITY = "iPhone Developer"; INFOPLIST_FILE = "../../../../../Data/Vision/Samples/Engine/RPG/Icons/iOS/Samples-Info.plist"; WARNING_CFLAGS = ("-W", "-Wall", "-Wundef", "-Wno-inline", "-Wcast-qual", "-Wno-unused", "-Wno-unknown-pragmas","-Wno-ignored-qualifiers", "-Wno-overflow", "-Wno-type-limits", "-Wno-sign-compare", "-Wno-char-subscripts", "-Wno-switch", "-Wno-dangling-else", "-Wno-comment", "-Wno-shadow", -Wno-unused-parameter);GCC_WARN_ABOUT_INVALID_OFFSETOF_MACRO = NO;}; };
4534850000000000018145 = { isa = XCBuildConfiguration; name = distrib_v7; buildSettings = { ARCHS = (armv7); SDKROOT = iphoneos; HEADER_SEARCH_PATHS = ( "../../../..", "$(HAVOK_THIRDPARTY_DIR)/redistsdks/Lua/5.1.4/", "$(HAVOK_THIRDPARTY_DIR)/redistsdks/fmod/4.44.16/inc", ); IPHONEOS_DEPLOYMENT_TARGET = 4.3;GCC_PRECOMPILE_PREFIX_HEADER = NO; GCC_PREPROCESSOR_DEFINITIONS_NOT_USED_IN_PRECOMPS = (HK_ANARCHY,PROFILING,_VISION_IOS,_VISION_POSIX,_VR_GLES2,VBASE_LIB,LINK_WITH_VISION,VISIONDLL_LIB,USE_HAVOK);SUPPORTED_PLATFORMS = iphoneos;MACH_O_TYPE = mh_execute; WRAPPER_EXTENSION = app;LIBRARY_SEARCH_PATHS = ( "$(HAVOK_THIRDPARTY_DIR)/redistsdks/Lua/5.1.4/lib/iphoneos/Release", "$(HAVOK_THIRDPARTY_DIR)/redistsdks/fmod/4.44.16/lib/ios", "../../../../../Lib/ios_xcode_anarchy/$(CONFIGURATION)", ); OTHER_CPLUSPLUSFLAGS = ("-fno-strict-aliasing","-std=c++98","-mfpu=neon","-mfloat-abi=softfp",-DHK_ANARCHY,-DPROFILING,-D_VISION_IOS,-D_VISION_POSIX,-D_VR_GLES2,-DVBASE_LIB,-DLINK_WITH_VISION,-DVISIONDLL_LIB,-DUSE_HAVOK,"-fomit-frame-pointer","-fno-implement-inlines");OTHER_LDFLAGS = (-lluaIOS,-lfmodex_iphoneos,-lfmodevent_iphoneos,-lfmodeventnet_iphoneos,-lBase,-lVision,-lvHavokAi,-lhkSerialize,-lhkInternal,-lhkcdInternal,-lhkcdCollide,-lhkpDynamics,-lhkpCollide,-lhkpInternal,-lhkpConstraintSolver,-lhkpConstraint,-lhkaPhysics2012Bridge,-lhkaInternal,-lhkaAnimation,-lhkbBehavior,-lhkbInternal,-lhkbPhysics2012Bridge,-lhkbAiBridge,-lhkbScript,-lhkaiPathfinding,-lhkaiInternal,-lhkaiPhysics2012Bridge);GCC_INLINES_ARE_PRIVATE_EXTERN = YES;GCC_SYMBOLS_PRIVATE_EXTERN = NO;GCC_ENABLE_SYMBOL_SEPARATION = NO;GCC_USE_GCC3_PFE_SUPPORT = NO;GCC_STRICT_ALIASING = NO;GCC_ENABLE_CPP_RTTI = NO; GCC_ENABLE_CPP_EXCEPTIONS = NO; DEBUG_INFORMATION_FORMAT = dwarf;GCC_GENERATE_DEBUGGING_SYMBOLS = NO;GCC_OPTIMIZATION_LEVEL = 3;GCC_THUMB_SUPPORT = NO; GCC_VERSION = com.apple.compilers.llvm.clang.1_0;SKIP_INSTALL = NO; TARGETED_DEVICE_FAMILY = "1,2"; COMPRESS_PNG_FILES = NO; CODE_SIGN_IDENTITY = "iPhone Distribution"; INFOPLIST_FILE = "../../../../../Data/Vision/Samples/Engine/RPG/Icons/iOS/Samples-Info.plist"; WARNING_CFLAGS = ("-W", "-Wall", "-Wundef", "-Wno-inline", "-Wcast-qual", "-Wno-unused", "-Wno-unknown-pragmas","-Wno-ignored-qualifiers", "-Wno-overflow", "-Wno-type-limits", "-Wno-sign-compare", "-Wno-char-subscripts", "-Wno-switch", "-Wno-dangling-else", "-Wno-comment", "-Wno-shadow", -Wno-unused-parameter);GCC_WARN_ABOUT_INVALID_OFFSETOF_MACRO = NO;}; };

		5152500000000000018146 = { isa = XCBuildConfiguration; name = debug_v7; buildSettings = { CONFIGURATION_BUILD_DIR = "$(BUILD_DIR)"; CONFIGURATION_TEMP_DIR = "$(PROJECT_TEMP_DIR)/$(CONFIGURATION)$"; SYMROOT = "../../../../../Bin/ios_xcode_anarchy/debug_v7"; OBJROOT = "../../../../../Obj/ios_xcode_anarchy/$(CONFIGURATION)/RPG"; HEADER_SEARCH_PATHS = ( "../../../..", "$(HAVOK_THIRDPARTY_DIR)/redistsdks/Lua/5.1.4/", "$(HAVOK_THIRDPARTY_DIR)/redistsdks/fmod/4.44.16/inc", ); PRODUCT_NAME = "RPG_ios-xcode_anarchy_debug_v7"; CONFIGURATION_BUILD_DIR = "$(BUILD_DIR)"; }; };
0235970000000000018147 = { isa = XCBuildConfiguration; name = dev_v7; buildSettings = { CONFIGURATION_BUILD_DIR = "$(BUILD_DIR)"; CONFIGURATION_TEMP_DIR = "$(PROJECT_TEMP_DIR)/$(CONFIGURATION)$"; SYMROOT = "../../../../../Bin/ios_xcode_anarchy/dev_v7"; OBJROOT = "../../../../../Obj/ios_xcode_anarchy/$(CONFIGURATION)/RPG"; HEADER_SEARCH_PATHS = ( "../../../..", "$(HAVOK_THIRDPARTY_DIR)/redistsdks/Lua/5.1.4/", "$(HAVOK_THIRDPARTY_DIR)/redistsdks/fmod/4.44.16/inc", ); PRODUCT_NAME = "RPG_ios-xcode_anarchy_dev_v7"; CONFIGURATION_BUILD_DIR = "$(BUILD_DIR)"; }; };
2358210000000000018148 = { isa = XCBuildConfiguration; name = release_v7; buildSettings = { CONFIGURATION_BUILD_DIR = "$(BUILD_DIR)"; CONFIGURATION_TEMP_DIR = "$(PROJECT_TEMP_DIR)/$(CONFIGURATION)$"; SYMROOT = "../../../../../Bin/ios_xcode_anarchy/release_v7"; OBJROOT = "../../../../../Obj/ios_xcode_anarchy/$(CONFIGURATION)/RPG"; HEADER_SEARCH_PATHS = ( "../../../..", "$(HAVOK_THIRDPARTY_DIR)/redistsdks/Lua/5.1.4/", "$(HAVOK_THIRDPARTY_DIR)/redistsdks/fmod/4.44.16/inc", ); PRODUCT_NAME = "RPG_ios-xcode_anarchy_release_v7"; CONFIGURATION_BUILD_DIR = "$(BUILD_DIR)"; }; };
0889470000000000018149 = { isa = XCBuildConfiguration; name = distrib_v7; buildSettings = { CONFIGURATION_BUILD_DIR = "$(BUILD_DIR)"; CONFIGURATION_TEMP_DIR = "$(PROJECT_TEMP_DIR)/$(CONFIGURATION)$"; SYMROOT = "../../../../../Bin/ios_xcode_anarchy/distrib_v7"; OBJROOT = "../../../../../Obj/ios_xcode_anarchy/$(CONFIGURATION)/RPG"; HEADER_SEARCH_PATHS = ( "../../../..", "$(HAVOK_THIRDPARTY_DIR)/redistsdks/Lua/5.1.4/", "$(HAVOK_THIRDPARTY_DIR)/redistsdks/fmod/4.44.16/inc", ); PRODUCT_NAME = "RPG_ios-xcode_anarchy_distrib_v7"; CONFIGURATION_BUILD_DIR = "$(BUILD_DIR)"; }; };

		4030690000000000018150 = { isa = XCConfigurationList; buildConfigurations = ( 7311440000000000018143, 5851300000000000018142, 4534850000000000018145, 1085550000000000018144, ); };
		1903690000000000018151 = { isa = XCConfigurationList; buildConfigurations = ( 0235970000000000018147, 5152500000000000018146, 0889470000000000018149, 2358210000000000018148, ); };
		
		/* Describes the target */
		/* Pre Build Step */
		0089450000000000018152 =  /*  */ { isa = PBXShellScriptBuildPhase; buildActionMask = 2147483647; files = ( ); inputPaths = ( ); name = "Making symlinks to resources...."; outputPaths = ( ); runOnlyForDeploymentPostprocessing = 0; shellPath = "/bin/sh";shellScript = "python ../../../../../Build/StandaloneTools/Deployment/Python/linkiOSResources.py -r ../../../../../Data/Vision/Base/ Data/Vision/Base/ -r ../../../../../Data/Vision/Samples/Engine/Textures/ Data/Vision/Samples/Engine/Textures/ -r ../../../../../Data/Vision/Samples/Engine/RPG/ Data/Vision/Samples/Engine/RPG/ -l $CONFIGURATION";};
		2556120000000000018153 = { isa = PBXSourcesBuildPhase; buildActionMask = 2147483647; files = ( 8795350000000000017960, 4951590000000000017922, 8379910000000000017962, 6671700000000000017965, 0616650000000000017967, 1937830000000000017964, 1684100000000000017924, 1948800000000000017957, ); runOnlyForDeploymentPostprocessing = 0; };
		0319290000000000018154 = { isa = PBXResourcesBuildPhase; buildActionMask = 2147483647; files = ( 8654060000000000018117, 0528000000000000018121, 4114200000000000018123, 7750810000000000018113, 2812620000000000018127, 5242200000000000018141, 8010170000000000018111, 2565430000000000018119, 9347360000000000018137, 8988890000000000018139, 7542440000000000018131, 8906520000000000018115, 3125170000000000018129, 7876710000000000018125, ); runOnlyForDeploymentPostprocessing = 0; };
		0797530000000000018155 = { isa = PBXFrameworksBuildPhase; buildActionMask = 2147483647; files = ( 3956350000000000018090, 7652620000000000018100, 7860550000000000018098, 2433250000000000018094, 7106800000000000018096, 8249000000000000018102, 6198320000000000018092, 0178760000000000017974, 8959140000000000017982, 2035500000000000017990, 3074040000000000017998, 5748550000000000018006, 0676620000000000018014, 0645730000000000018022, 0088980000000000018030, 1235090000000000018038, 6733810000000000018046, 9565440000000000018054, 1263610000000000018062, 7560910000000000018070, 0421390000000000018078, 2004780000000000018086, ); runOnlyForDeploymentPostprocessing = 0; };
		4773060000000000018156 =  /* Copy resources to bundle.... */ { isa = PBXShellScriptBuildPhase; buildActionMask = 2147483647; files = ( ); inputPaths = ( ); name = "Copy resources to bundle...."; outputPaths = ( ); runOnlyForDeploymentPostprocessing = 0;shellPath = "/bin/sh";shellScript = "python ../../../../../Build/StandaloneTools/Deployment/Python/copyiOSResources.py -d $BUILT_PRODUCTS_DIR/$CONTENTS_FOLDER_PATH -r Data";};
		248002138233871000000106 = { isa = PBXNativeTarget; buildConfigurationList = 4030690000000000018150; buildPhases = ( 9771110000000000015038, 7284230000000000015277, 3087920000000000015344, 1951970000000000015404, 5921920000000000016133, 5493270000000000016330, 3174410000000000016474, 3196440000000000016607, 3634360000000000016731, 7337580000000000016981, 3148430000000000017185, 8734300000000000017389, 0563960000000000017595, 7872390000000000017914, 0089450000000000018152, 2556120000000000018153, 0797530000000000018155, 0319290000000000018154, 4773060000000000018156,  ); dependencies = ( 3909090000000000017976,4996350000000000017984,3681430000000000017992,1126950000000000018000,0122960000000000018008,2473970000000000018016,0451990000000000018024,9669250000000000018032,7632310000000000018040,0758010000000000018048,9998980000000000018056,5104530000000000018064,2950390000000000018072,7630620000000000018080,5834990000000000018088, ); name = RPG; productName = RPG; productReference = 103944138233871000000104 /* RPG */ ;productType = "com.apple.product-type.application";}; 
		
		/* Describes the project */
		4521510000000000018157 = { isa = PBXProject; projectDirPath = ""; projectRoot = ""; compatibilityVersion = "Xcode 3.2"; mainGroup = 9585390000000000017921; buildConfigurationList = 1903690000000000018151; projectReferences = ( { ProductGroup = 8540540000000000017975 /* Products */; ProjectRef = 9548030000000000017969; /* xcodeproj */ },
 { ProductGroup = 7540020000000000017983 /* Products */; ProjectRef = 2074010000000000017977; /* xcodeproj */ },
 { ProductGroup = 5833420000000000017991 /* Products */; ProjectRef = 2281120000000000017985; /* xcodeproj */ },
 { ProductGroup = 4649270000000000017999 /* Products */; ProjectRef = 4830690000000000017993; /* xcodeproj */ },
 { ProductGroup = 0809780000000000018007 /* Products */; ProjectRef = 9244300000000000018001; /* xcodeproj */ },
 { ProductGroup = 6844270000000000018015 /* Products */; ProjectRef = 0109630000000000018009; /* xcodeproj */ },
 { ProductGroup = 9812650000000000018023 /* Products */; ProjectRef = 7451400000000000018017; /* xcodeproj */ },
 { ProductGroup = 0465420000000000018031 /* Products */; ProjectRef = 6731610000000000018025; /* xcodeproj */ },
 { ProductGroup = 2189910000000000018039 /* Products */; ProjectRef = 0329040000000000018033; /* xcodeproj */ },
 { ProductGroup = 4044390000000000018047 /* Products */; ProjectRef = 0349330000000000018041; /* xcodeproj */ },
 { ProductGroup = 4233790000000000018055 /* Products */; ProjectRef = 4907620000000000018049; /* xcodeproj */ },
 { ProductGroup = 6592010000000000018063 /* Products */; ProjectRef = 0828370000000000018057; /* xcodeproj */ },
 { ProductGroup = 3576930000000000018071 /* Products */; ProjectRef = 2129060000000000018065; /* xcodeproj */ },
 { ProductGroup = 7955360000000000018079 /* Products */; ProjectRef = 7538280000000000018073; /* xcodeproj */ },
 { ProductGroup = 2299460000000000018087 /* Products */; ProjectRef = 0056900000000000018081; /* xcodeproj */ },
 );
 targets = ( 248002138233871000000106 ); };
	};
	
	rootObject = 4521510000000000018157 /* Project object */;
}
