// !$*UTF8*$!
{
	archiveVersion = 1;
	classes = {
	};
	objectVersion = 46;
	objects = {
		
		/* Describes the files */
		122648137538124100000095 = {isa = PBXFileReference; explicitFileType = archive.ar; includeInIndex = 0; path = libMobileOffroadPlugin.a;sourceTree = BUILT_PRODUCTS_DIR; };
0160720000000000016874 = { isa = PBXFileReference; path = MobileOffroadGame.cpp; sourceTree = "<group>"; };
3687880000000000016876 = { isa = PBXBuildFile; fileRef = 0160720000000000016874; };
4374740000000000016877 = { isa = PBXFileReference; path = MobileOffroadGame.h; sourceTree = "<group>"; };
0450080000000000016878 = { isa = PBXBuildFile; fileRef = 4374740000000000016877; };
0059010000000000016879 = { isa = PBXFileReference; path = MobileOffroadPCH.cpp; sourceTree = "<group>"; };
3182090000000000016880 = { isa = PBXBuildFile; fileRef = 0059010000000000016879; };
6465220000000000016881 = { isa = PBXFileReference; path = MobileOffroadPCH.h; sourceTree = "<group>"; };
0807410000000000016882 = { isa = PBXBuildFile; fileRef = 6465220000000000016881; };
1829190000000000016883 = { isa = PBXFileReference; path = Plugin.cpp; sourceTree = "<group>"; };
2403850000000000016884 = { isa = PBXBuildFile; fileRef = 1829190000000000016883; };
6484030000000000016885 = { isa = PBXFileReference; path = Plugin.h; sourceTree = "<group>"; };
8285710000000000016886 = { isa = PBXBuildFile; fileRef = 6484030000000000016885; };
0154590000000000016887 = { isa = PBXFileReference; path = Vehicle.cpp; sourceTree = "<group>"; };
5997610000000000016888 = { isa = PBXBuildFile; fileRef = 0154590000000000016887; };
5835050000000000016889 = { isa = PBXFileReference; path = Vehicle.h; sourceTree = "<group>"; };
4558610000000000016890 = { isa = PBXBuildFile; fileRef = 5835050000000000016889; };
3928130000000000016891 = { isa = PBXFileReference; path = VehicleSetup.cpp; sourceTree = "<group>"; };
1630050000000000016892 = { isa = PBXBuildFile; fileRef = 3928130000000000016891; };
7043400000000000016893 = { isa = PBXFileReference; path = VehicleSetup.h; sourceTree = "<group>"; };
2644910000000000016894 = { isa = PBXBuildFile; fileRef = 7043400000000000016893; };
9203440000000000016895 = { isa = PBXFileReference; lastKnownFileType = "wrapper.pb-project"; name = VisionEnginePlugin_ios_anarchy.xcodeproj; path = ../../../Runtime/EnginePlugins/VisionEnginePlugin/VisionEnginePlugin_ios_anarchy.xcodeproj; sourceTree = SOURCE_ROOT ; };
3634310000000000016896 = { isa = PBXContainerItemProxy; containerPortal = 9203440000000000016895; proxyType = 1; remoteGlobalIDString = 607066137538123900000075; remoteInfo = libVisionEnginePlugin; };
4689540000000000016897 = { isa = PBXContainerItemProxy; containerPortal = 9203440000000000016895; proxyType = 2; remoteGlobalIDString = 6417460000000000016898; remoteInfo = libVisionEnginePlugin; };
1774460000000000016899 = { isa = PBXReferenceProxy; fileType = archive.ar; path = libVisionEnginePlugin.a; remoteRef = 4689540000000000016897 /* PBXContainerItemProxy */; sourceTree = BUILT_PRODUCTS_DIR; };
4983230000000000016900 = { isa = PBXBuildFile; fileRef = 1774460000000000016899; };
3300580000000000016902 = { isa = PBXTargetDependency; name = VisionEnginePlugin; targetProxy = 3634310000000000016896; /* PBXContainerItemProxy */ };
5564240000000000016903 = { isa = PBXFileReference; lastKnownFileType = "wrapper.pb-project"; name = HavokPhysicsEnginePlugin_ios_anarchy.xcodeproj; path = ../../../Runtime/EnginePlugins/Havok/HavokPhysicsEnginePlugin/HavokPhysicsEnginePlugin_ios_anarchy.xcodeproj; sourceTree = SOURCE_ROOT ; };
2119680000000000016904 = { isa = PBXContainerItemProxy; containerPortal = 5564240000000000016903; proxyType = 1; remoteGlobalIDString = 296557137538123900000071; remoteInfo = libvHavok; };
5498490000000000016905 = { isa = PBXContainerItemProxy; containerPortal = 5564240000000000016903; proxyType = 2; remoteGlobalIDString = 0453350000000000016906; remoteInfo = libvHavok; };
9025460000000000016907 = { isa = PBXReferenceProxy; fileType = archive.ar; path = libvHavok.a; remoteRef = 5498490000000000016905 /* PBXContainerItemProxy */; sourceTree = BUILT_PRODUCTS_DIR; };
3969440000000000016908 = { isa = PBXBuildFile; fileRef = 9025460000000000016907; };
3250430000000000016910 = { isa = PBXTargetDependency; name = vHavok; targetProxy = 2119680000000000016904; /* PBXContainerItemProxy */ };
5213060000000000016911 = { isa = PBXFileReference; lastKnownFileType = "wrapper.pb-project"; name = FmodEnginePlugin_ios_anarchy.xcodeproj; path = ../../../Runtime/EnginePlugins/ThirdParty/FmodEnginePlugin/FmodEnginePlugin_ios_anarchy.xcodeproj; sourceTree = SOURCE_ROOT ; };
3350990000000000016912 = { isa = PBXContainerItemProxy; containerPortal = 5213060000000000016911; proxyType = 1; remoteGlobalIDString = 950427137538123900000073; remoteInfo = libvFmodEnginePlugin; };
0628340000000000016913 = { isa = PBXContainerItemProxy; containerPortal = 5213060000000000016911; proxyType = 2; remoteGlobalIDString = 1813840000000000016914; remoteInfo = libvFmodEnginePlugin; };
2765280000000000016915 = { isa = PBXReferenceProxy; fileType = archive.ar; path = libvFmodEnginePlugin.a; remoteRef = 0628340000000000016913 /* PBXContainerItemProxy */; sourceTree = BUILT_PRODUCTS_DIR; };
4976880000000000016916 = { isa = PBXBuildFile; fileRef = 2765280000000000016915; };
3846920000000000016918 = { isa = PBXTargetDependency; name = vFmodEnginePlugin; targetProxy = 3350990000000000016912; /* PBXContainerItemProxy */ };
0478910000000000016919 = { isa = PBXFileReference; lastKnownFileType = "wrapper.pb-project"; name = hkGeometryUtilities_ios_anarchy.xcodeproj; path = ../../../../Common/GeometryUtilities/hkGeometryUtilities_ios_anarchy.xcodeproj; sourceTree = SOURCE_ROOT ; };
6764580000000000016920 = { isa = PBXContainerItemProxy; containerPortal = 0478910000000000016919; proxyType = 1; remoteGlobalIDString = 917128137538123500000035; remoteInfo = libhkGeometryUtilities; };
6528250000000000016921 = { isa = PBXContainerItemProxy; containerPortal = 0478910000000000016919; proxyType = 2; remoteGlobalIDString = 6706890000000000016922; remoteInfo = libhkGeometryUtilities; };
1412550000000000016923 = { isa = PBXReferenceProxy; fileType = archive.ar; path = libhkGeometryUtilities.a; remoteRef = 6528250000000000016921 /* PBXContainerItemProxy */; sourceTree = BUILT_PRODUCTS_DIR; };
4899370000000000016924 = { isa = PBXBuildFile; fileRef = 1412550000000000016923; };
9373890000000000016926 = { isa = PBXTargetDependency; name = hkGeometryUtilities; targetProxy = 6764580000000000016920; /* PBXContainerItemProxy */ };
3788580000000000016927 = { isa = PBXFileReference; lastKnownFileType = "wrapper.pb-project"; name = hkVisualize_ios_anarchy.xcodeproj; path = ../../../../Common/Visualize/hkVisualize_ios_anarchy.xcodeproj; sourceTree = SOURCE_ROOT ; };
5536030000000000016928 = { isa = PBXContainerItemProxy; containerPortal = 3788580000000000016927; proxyType = 1; remoteGlobalIDString = 757587137538123600000043; remoteInfo = libhkVisualize; };
6356710000000000016929 = { isa = PBXContainerItemProxy; containerPortal = 3788580000000000016927; proxyType = 2; remoteGlobalIDString = 7935740000000000016930; remoteInfo = libhkVisualize; };
1086750000000000016931 = { isa = PBXReferenceProxy; fileType = archive.ar; path = libhkVisualize.a; remoteRef = 6356710000000000016929 /* PBXContainerItemProxy */; sourceTree = BUILT_PRODUCTS_DIR; };
4623550000000000016932 = { isa = PBXBuildFile; fileRef = 1086750000000000016931; };
6785830000000000016934 = { isa = PBXTargetDependency; name = hkVisualize; targetProxy = 5536030000000000016928; /* PBXContainerItemProxy */ };
1200430000000000016935 = { isa = PBXFileReference; lastKnownFileType = "wrapper.pb-project"; name = hkCompat_ios_anarchy.xcodeproj; path = ../../../../Common/Compat/hkCompat_ios_anarchy.xcodeproj; sourceTree = SOURCE_ROOT ; };
2329960000000000016936 = { isa = PBXContainerItemProxy; containerPortal = 1200430000000000016935; proxyType = 1; remoteGlobalIDString = 009069137538123500000033; remoteInfo = libhkCompat; };
4292880000000000016937 = { isa = PBXContainerItemProxy; containerPortal = 1200430000000000016935; proxyType = 2; remoteGlobalIDString = 9864900000000000016938; remoteInfo = libhkCompat; };
5288540000000000016939 = { isa = PBXReferenceProxy; fileType = archive.ar; path = libhkCompat.a; remoteRef = 4292880000000000016937 /* PBXContainerItemProxy */; sourceTree = BUILT_PRODUCTS_DIR; };
5690530000000000016940 = { isa = PBXBuildFile; fileRef = 5288540000000000016939; };
0163110000000000016942 = { isa = PBXTargetDependency; name = hkCompat; targetProxy = 2329960000000000016936; /* PBXContainerItemProxy */ };
9436080000000000016943 = { isa = PBXFileReference; lastKnownFileType = "wrapper.pb-project"; name = hkSceneData_ios_anarchy.xcodeproj; path = ../../../../Common/SceneData/hkSceneData_ios_anarchy.xcodeproj; sourceTree = SOURCE_ROOT ; };
7127260000000000016944 = { isa = PBXContainerItemProxy; containerPortal = 9436080000000000016943; proxyType = 1; remoteGlobalIDString = 138353137538123500000039; remoteInfo = libhkSceneData; };
6704900000000000016945 = { isa = PBXContainerItemProxy; containerPortal = 9436080000000000016943; proxyType = 2; remoteGlobalIDString = 5685260000000000016946; remoteInfo = libhkSceneData; };
6491870000000000016947 = { isa = PBXReferenceProxy; fileType = archive.ar; path = libhkSceneData.a; remoteRef = 6704900000000000016945 /* PBXContainerItemProxy */; sourceTree = BUILT_PRODUCTS_DIR; };
3131250000000000016948 = { isa = PBXBuildFile; fileRef = 6491870000000000016947; };
5910260000000000016950 = { isa = PBXTargetDependency; name = hkSceneData; targetProxy = 7127260000000000016944; /* PBXContainerItemProxy */ };
9332560000000000016951 = { isa = PBXFileReference; lastKnownFileType = "wrapper.pb-project"; name = hkBase_ios_anarchy.xcodeproj; path = ../../../../Common/Base/hkBase_ios_anarchy.xcodeproj; sourceTree = SOURCE_ROOT ; };
2746400000000000016952 = { isa = PBXContainerItemProxy; containerPortal = 9332560000000000016951; proxyType = 1; remoteGlobalIDString = 958155137538123400000031; remoteInfo = libhkBase; };
2028580000000000016953 = { isa = PBXContainerItemProxy; containerPortal = 9332560000000000016951; proxyType = 2; remoteGlobalIDString = 2006480000000000016954; remoteInfo = libhkBase; };
3658080000000000016955 = { isa = PBXReferenceProxy; fileType = archive.ar; path = libhkBase.a; remoteRef = 2028580000000000016953 /* PBXContainerItemProxy */; sourceTree = BUILT_PRODUCTS_DIR; };
8040110000000000016956 = { isa = PBXBuildFile; fileRef = 3658080000000000016955; };
8360500000000000016958 = { isa = PBXTargetDependency; name = hkBase; targetProxy = 2746400000000000016952; /* PBXContainerItemProxy */ };
2129430000000000016959 = { isa = PBXFileReference; lastKnownFileType = "wrapper.pb-project"; name = hkpUtilities_ios_anarchy.xcodeproj; path = ../../../../Physics2012/Utilities/hkpUtilities_ios_anarchy.xcodeproj; sourceTree = SOURCE_ROOT ; };
7515240000000000016960 = { isa = PBXContainerItemProxy; containerPortal = 2129430000000000016959; proxyType = 1; remoteGlobalIDString = 703308137538123700000059; remoteInfo = libhkpUtilities; };
8283410000000000016961 = { isa = PBXContainerItemProxy; containerPortal = 2129430000000000016959; proxyType = 2; remoteGlobalIDString = 6473400000000000016962; remoteInfo = libhkpUtilities; };
0970930000000000016963 = { isa = PBXReferenceProxy; fileType = archive.ar; path = libhkpUtilities.a; remoteRef = 8283410000000000016961 /* PBXContainerItemProxy */; sourceTree = BUILT_PRODUCTS_DIR; };
6766880000000000016964 = { isa = PBXBuildFile; fileRef = 0970930000000000016963; };
7835370000000000016966 = { isa = PBXTargetDependency; name = hkpUtilities; targetProxy = 7515240000000000016960; /* PBXContainerItemProxy */ };
1566880000000000016967 = { isa = PBXFileReference; lastKnownFileType = "wrapper.pb-project"; name = hkpVehicle_ios_anarchy.xcodeproj; path = ../../../../Physics2012/Vehicle/hkpVehicle_ios_anarchy.xcodeproj; sourceTree = SOURCE_ROOT ; };
8035330000000000016968 = { isa = PBXContainerItemProxy; containerPortal = 1566880000000000016967; proxyType = 1; remoteGlobalIDString = 979677137538123700000061; remoteInfo = libhkpVehicle; };
0248780000000000016969 = { isa = PBXContainerItemProxy; containerPortal = 1566880000000000016967; proxyType = 2; remoteGlobalIDString = 1612190000000000016970; remoteInfo = libhkpVehicle; };
3503500000000000016971 = { isa = PBXReferenceProxy; fileType = archive.ar; path = libhkpVehicle.a; remoteRef = 0248780000000000016969 /* PBXContainerItemProxy */; sourceTree = BUILT_PRODUCTS_DIR; };
0058970000000000016972 = { isa = PBXBuildFile; fileRef = 3503500000000000016971; };
8765000000000000016974 = { isa = PBXTargetDependency; name = hkpVehicle; targetProxy = 8035330000000000016968; /* PBXContainerItemProxy */ };
7608240000000000016875 = { isa = PBXGroup; children = ( 0160720000000000016874, 4374740000000000016877, 0059010000000000016879, 6465220000000000016881, 1829190000000000016883, 6484030000000000016885, 0154590000000000016887, 5835050000000000016889, 3928130000000000016891, 7043400000000000016893, 9203440000000000016895, 5564240000000000016903, 5213060000000000016911, 0478910000000000016919, 3788580000000000016927, 1200430000000000016935, 9436080000000000016943, 9332560000000000016951, 2129430000000000016959, 1566880000000000016967, ); name = Products; sourceTree = "<group>"; };
5035380000000000016901 = { isa = PBXGroup; children = ( 1774460000000000016899, ); name = Products; sourceTree = "<group>"; };
3629750000000000016925 = { isa = PBXGroup; children = ( 1412550000000000016923, ); name = Products; sourceTree = "<group>"; };
2840700000000000016973 = { isa = PBXGroup; children = ( 3503500000000000016971, ); name = Products; sourceTree = "<group>"; };
7136010000000000016909 = { isa = PBXGroup; children = ( 9025460000000000016907, ); name = Products; sourceTree = "<group>"; };
3870180000000000016917 = { isa = PBXGroup; children = ( 2765280000000000016915, ); name = Products; sourceTree = "<group>"; };
8138920000000000016957 = { isa = PBXGroup; children = ( 3658080000000000016955, ); name = Products; sourceTree = "<group>"; };
9231780000000000016949 = { isa = PBXGroup; children = ( 6491870000000000016947, ); name = Products; sourceTree = "<group>"; };
6823660000000000016965 = { isa = PBXGroup; children = ( 0970930000000000016963, ); name = Products; sourceTree = "<group>"; };
8002070000000000016933 = { isa = PBXGroup; children = ( 1086750000000000016931, ); name = Products; sourceTree = "<group>"; };
6253720000000000016941 = { isa = PBXGroup; children = ( 5288540000000000016939, ); name = Products; sourceTree = "<group>"; };

		
		/* Describes the build configurations */
		1714300000000000016975 = { isa = XCBuildConfiguration; name = debug_v7; buildSettings = { ARCHS = (armv7); SDKROOT = iphoneos; HEADER_SEARCH_PATHS = ( "../../../..", "$(HAVOK_THIRDPARTY_DIR)/redistsdks/Lua/5.1.4/", "$(HAVOK_THIRDPARTY_DIR)/redistsdks/fmod/4.44.11/inc", "$(HAVOK_THIRDPARTY_DIR)/redistsdks/Lua/5.1.4/", ); IPHONEOS_DEPLOYMENT_TARGET = 4.3;GCC_PRECOMPILE_PREFIX_HEADER = NO; GCC_PREPROCESSOR_DEFINITIONS_NOT_USED_IN_PRECOMPS = (HK_ANARCHY,PROFILING,_VISION_IOS,_VISION_POSIX,_VR_GLES2,VBASE_LIB,LINK_WITH_VISION,VISIONDLL_LIB,USE_HAVOK,USE_FILESERVE);SUPPORTED_PLATFORMS = iphoneos;MACH_O_TYPE = staticlib;LIBRARY_SEARCH_PATHS = ( "$(HAVOK_THIRDPARTY_DIR)/redistsdks/fmod/4.44.11/lib/ios", "$(HAVOK_THIRDPARTY_DIR)/redistsdks/Lua/5.1.4/lib/iphoneos/Debug", "../../../../../Lib/ios_xcode_anarchy/$(CONFIGURATION)", ); OTHER_CPLUSPLUSFLAGS = ("-fno-strict-aliasing","-std=c++98","-mfpu=neon","-mfloat-abi=softfp",-DHK_ANARCHY,-DPROFILING,-D_VISION_IOS,-D_VISION_POSIX,-D_VR_GLES2,-DVBASE_LIB,-DLINK_WITH_VISION,-DVISIONDLL_LIB,-DUSE_HAVOK,-DUSE_FILESERVE,-D_DEBUG,-DHK_DEBUG,-DHK_DEBUG_SLOW,"-fno-inline");OTHER_LDFLAGS = (-lfmodexL_iphoneos,-lfmodeventL_iphoneos,-lfmodeventnetL_iphoneos,-lluaIOS,-lhkInternal,-lhkSerialize,-lhkcdCollide,-lhkcdInternal,-lhkpDynamics,-lhkpCollide,-lhkpInternal,-lhkpConstraintSolver,-lhkpConstraint);GCC_INLINES_ARE_PRIVATE_EXTERN = YES;GCC_SYMBOLS_PRIVATE_EXTERN = NO;GCC_ENABLE_SYMBOL_SEPARATION = NO;GCC_USE_GCC3_PFE_SUPPORT = NO;GCC_STRICT_ALIASING = NO;GCC_ENABLE_CPP_RTTI = NO; GCC_ENABLE_CPP_EXCEPTIONS = NO; DEBUG_INFORMATION_FORMAT = dwarf;GCC_GENERATE_DEBUGGING_SYMBOLS = YES;GCC_OPTIMIZATION_LEVEL = 0;GCC_THUMB_SUPPORT = NO; GCC_VERSION = com.apple.compilers.llvm.clang.1_0;SKIP_INSTALL = YES; WARNING_CFLAGS = ("-W", "-Wall", "-Wundef", "-Wno-inline", "-Wcast-qual", "-Wno-unused", "-Wno-unknown-pragmas","-Wno-ignored-qualifiers", "-Wno-overflow", "-Wno-type-limits", "-Wno-sign-compare", "-Wno-char-subscripts", "-Wno-switch", "-Wno-dangling-else", "-Wno-comment", "-Wno-shadow", -Wno-unused-parameter);GCC_WARN_ABOUT_INVALID_OFFSETOF_MACRO = NO;}; };
2839480000000000016976 = { isa = XCBuildConfiguration; name = dev_v7; buildSettings = { ARCHS = (armv7); SDKROOT = iphoneos; HEADER_SEARCH_PATHS = ( "../../../..", "$(HAVOK_THIRDPARTY_DIR)/redistsdks/Lua/5.1.4/", "$(HAVOK_THIRDPARTY_DIR)/redistsdks/fmod/4.44.11/inc", "$(HAVOK_THIRDPARTY_DIR)/redistsdks/Lua/5.1.4/", ); IPHONEOS_DEPLOYMENT_TARGET = 4.3;GCC_PRECOMPILE_PREFIX_HEADER = NO; GCC_PREPROCESSOR_DEFINITIONS_NOT_USED_IN_PRECOMPS = (HK_ANARCHY,PROFILING,_VISION_IOS,_VISION_POSIX,_VR_GLES2,VBASE_LIB,LINK_WITH_VISION,VISIONDLL_LIB,USE_HAVOK,USE_FILESERVE);SUPPORTED_PLATFORMS = iphoneos;MACH_O_TYPE = staticlib;LIBRARY_SEARCH_PATHS = ( "$(HAVOK_THIRDPARTY_DIR)/redistsdks/fmod/4.44.11/lib/ios", "$(HAVOK_THIRDPARTY_DIR)/redistsdks/Lua/5.1.4/lib/iphoneos/Release", "../../../../../Lib/ios_xcode_anarchy/$(CONFIGURATION)", ); OTHER_CPLUSPLUSFLAGS = ("-fno-strict-aliasing","-std=c++98","-mfpu=neon","-mfloat-abi=softfp",-DHK_ANARCHY,-DPROFILING,-D_VISION_IOS,-D_VISION_POSIX,-D_VR_GLES2,-DVBASE_LIB,-DLINK_WITH_VISION,-DVISIONDLL_LIB,-DUSE_HAVOK,-DUSE_FILESERVE,-DHK_DEBUG);OTHER_LDFLAGS = (-lfmodex_iphoneos,-lfmodevent_iphoneos,-lfmodeventnet_iphoneos,-lluaIOS,-lhkInternal,-lhkSerialize,-lhkcdCollide,-lhkcdInternal,-lhkpDynamics,-lhkpCollide,-lhkpInternal,-lhkpConstraintSolver,-lhkpConstraint);GCC_INLINES_ARE_PRIVATE_EXTERN = YES;GCC_SYMBOLS_PRIVATE_EXTERN = NO;GCC_ENABLE_SYMBOL_SEPARATION = NO;GCC_USE_GCC3_PFE_SUPPORT = NO;GCC_STRICT_ALIASING = NO;GCC_ENABLE_CPP_RTTI = NO; GCC_ENABLE_CPP_EXCEPTIONS = NO; DEBUG_INFORMATION_FORMAT = dwarf;GCC_GENERATE_DEBUGGING_SYMBOLS = YES;GCC_OPTIMIZATION_LEVEL = 3;GCC_THUMB_SUPPORT = NO; GCC_VERSION = com.apple.compilers.llvm.clang.1_0;SKIP_INSTALL = YES; WARNING_CFLAGS = ("-W", "-Wall", "-Wundef", "-Wno-inline", "-Wcast-qual", "-Wno-unused", "-Wno-unknown-pragmas","-Wno-ignored-qualifiers", "-Wno-overflow", "-Wno-type-limits", "-Wno-sign-compare", "-Wno-char-subscripts", "-Wno-switch", "-Wno-dangling-else", "-Wno-comment", "-Wno-shadow", -Wno-unused-parameter);GCC_WARN_ABOUT_INVALID_OFFSETOF_MACRO = NO;}; };
2281260000000000016977 = { isa = XCBuildConfiguration; name = release_v7; buildSettings = { ARCHS = (armv7); SDKROOT = iphoneos; HEADER_SEARCH_PATHS = ( "../../../..", "$(HAVOK_THIRDPARTY_DIR)/redistsdks/Lua/5.1.4/", "$(HAVOK_THIRDPARTY_DIR)/redistsdks/fmod/4.44.11/inc", "$(HAVOK_THIRDPARTY_DIR)/redistsdks/Lua/5.1.4/", ); IPHONEOS_DEPLOYMENT_TARGET = 4.3;GCC_PRECOMPILE_PREFIX_HEADER = NO; GCC_PREPROCESSOR_DEFINITIONS_NOT_USED_IN_PRECOMPS = (HK_ANARCHY,PROFILING,_VISION_IOS,_VISION_POSIX,_VR_GLES2,VBASE_LIB,LINK_WITH_VISION,VISIONDLL_LIB,USE_HAVOK,USE_FILESERVE);SUPPORTED_PLATFORMS = iphoneos;MACH_O_TYPE = staticlib;LIBRARY_SEARCH_PATHS = ( "$(HAVOK_THIRDPARTY_DIR)/redistsdks/fmod/4.44.11/lib/ios", "$(HAVOK_THIRDPARTY_DIR)/redistsdks/Lua/5.1.4/lib/iphoneos/Release", "../../../../../Lib/ios_xcode_anarchy/$(CONFIGURATION)", ); OTHER_CPLUSPLUSFLAGS = ("-fno-strict-aliasing","-std=c++98","-mfpu=neon","-mfloat-abi=softfp",-DHK_ANARCHY,-DPROFILING,-D_VISION_IOS,-D_VISION_POSIX,-D_VR_GLES2,-DVBASE_LIB,-DLINK_WITH_VISION,-DVISIONDLL_LIB,-DUSE_HAVOK,-DUSE_FILESERVE,"-fomit-frame-pointer","-fno-implement-inlines");OTHER_LDFLAGS = (-lfmodex_iphoneos,-lfmodevent_iphoneos,-lfmodeventnet_iphoneos,-lluaIOS,-lhkInternal,-lhkSerialize,-lhkcdCollide,-lhkcdInternal,-lhkpDynamics,-lhkpCollide,-lhkpInternal,-lhkpConstraintSolver,-lhkpConstraint);GCC_INLINES_ARE_PRIVATE_EXTERN = YES;GCC_SYMBOLS_PRIVATE_EXTERN = NO;GCC_ENABLE_SYMBOL_SEPARATION = NO;GCC_USE_GCC3_PFE_SUPPORT = NO;GCC_STRICT_ALIASING = NO;GCC_ENABLE_CPP_RTTI = NO; GCC_ENABLE_CPP_EXCEPTIONS = NO; DEBUG_INFORMATION_FORMAT = dwarf;GCC_GENERATE_DEBUGGING_SYMBOLS = NO;GCC_OPTIMIZATION_LEVEL = 3;GCC_THUMB_SUPPORT = NO; GCC_VERSION = com.apple.compilers.llvm.clang.1_0;SKIP_INSTALL = YES; WARNING_CFLAGS = ("-W", "-Wall", "-Wundef", "-Wno-inline", "-Wcast-qual", "-Wno-unused", "-Wno-unknown-pragmas","-Wno-ignored-qualifiers", "-Wno-overflow", "-Wno-type-limits", "-Wno-sign-compare", "-Wno-char-subscripts", "-Wno-switch", "-Wno-dangling-else", "-Wno-comment", "-Wno-shadow", -Wno-unused-parameter);GCC_WARN_ABOUT_INVALID_OFFSETOF_MACRO = NO;}; };
1515450000000000016978 = { isa = XCBuildConfiguration; name = distrib_v7; buildSettings = { ARCHS = (armv7); SDKROOT = iphoneos; HEADER_SEARCH_PATHS = ( "../../../..", "$(HAVOK_THIRDPARTY_DIR)/redistsdks/Lua/5.1.4/", "$(HAVOK_THIRDPARTY_DIR)/redistsdks/fmod/4.44.11/inc", "$(HAVOK_THIRDPARTY_DIR)/redistsdks/Lua/5.1.4/", ); IPHONEOS_DEPLOYMENT_TARGET = 4.3;GCC_PRECOMPILE_PREFIX_HEADER = NO; GCC_PREPROCESSOR_DEFINITIONS_NOT_USED_IN_PRECOMPS = (HK_ANARCHY,PROFILING,_VISION_IOS,_VISION_POSIX,_VR_GLES2,VBASE_LIB,LINK_WITH_VISION,VISIONDLL_LIB,USE_HAVOK,USE_FILESERVE);SUPPORTED_PLATFORMS = iphoneos;MACH_O_TYPE = staticlib;LIBRARY_SEARCH_PATHS = ( "$(HAVOK_THIRDPARTY_DIR)/redistsdks/fmod/4.44.11/lib/ios", "$(HAVOK_THIRDPARTY_DIR)/redistsdks/Lua/5.1.4/lib/iphoneos/Release", "../../../../../Lib/ios_xcode_anarchy/$(CONFIGURATION)", ); OTHER_CPLUSPLUSFLAGS = ("-fno-strict-aliasing","-std=c++98","-mfpu=neon","-mfloat-abi=softfp",-DHK_ANARCHY,-DPROFILING,-D_VISION_IOS,-D_VISION_POSIX,-D_VR_GLES2,-DVBASE_LIB,-DLINK_WITH_VISION,-DVISIONDLL_LIB,-DUSE_HAVOK,-DUSE_FILESERVE,"-fomit-frame-pointer","-fno-implement-inlines");OTHER_LDFLAGS = (-lfmodex_iphoneos,-lfmodevent_iphoneos,-lfmodeventnet_iphoneos,-lluaIOS,-lhkInternal,-lhkSerialize,-lhkcdCollide,-lhkcdInternal,-lhkpDynamics,-lhkpCollide,-lhkpInternal,-lhkpConstraintSolver,-lhkpConstraint);GCC_INLINES_ARE_PRIVATE_EXTERN = YES;GCC_SYMBOLS_PRIVATE_EXTERN = NO;GCC_ENABLE_SYMBOL_SEPARATION = NO;GCC_USE_GCC3_PFE_SUPPORT = NO;GCC_STRICT_ALIASING = NO;GCC_ENABLE_CPP_RTTI = NO; GCC_ENABLE_CPP_EXCEPTIONS = NO; DEBUG_INFORMATION_FORMAT = dwarf;GCC_GENERATE_DEBUGGING_SYMBOLS = NO;GCC_OPTIMIZATION_LEVEL = 3;GCC_THUMB_SUPPORT = NO; GCC_VERSION = com.apple.compilers.llvm.clang.1_0;SKIP_INSTALL = YES; WARNING_CFLAGS = ("-W", "-Wall", "-Wundef", "-Wno-inline", "-Wcast-qual", "-Wno-unused", "-Wno-unknown-pragmas","-Wno-ignored-qualifiers", "-Wno-overflow", "-Wno-type-limits", "-Wno-sign-compare", "-Wno-char-subscripts", "-Wno-switch", "-Wno-dangling-else", "-Wno-comment", "-Wno-shadow", -Wno-unused-parameter);GCC_WARN_ABOUT_INVALID_OFFSETOF_MACRO = NO;}; };

		6723520000000000016979 = { isa = XCBuildConfiguration; name = debug_v7; buildSettings = { CONFIGURATION_BUILD_DIR = "$(BUILD_DIR)"; CONFIGURATION_TEMP_DIR = "$(PROJECT_TEMP_DIR)/$(CONFIGURATION)$"; SYMROOT = "../../../../../Lib/ios_xcode_anarchy/debug_v7"; OBJROOT = "../../../../../Obj/ios_xcode_anarchy/$(CONFIGURATION)/MobileOffroadPlugin"; HEADER_SEARCH_PATHS = ( "../../../..", "$(HAVOK_THIRDPARTY_DIR)/redistsdks/Lua/5.1.4/", "$(HAVOK_THIRDPARTY_DIR)/redistsdks/fmod/4.44.11/inc", "$(HAVOK_THIRDPARTY_DIR)/redistsdks/Lua/5.1.4/", ); PRODUCT_NAME = "MobileOffroadPlugin"; }; };
3944800000000000016980 = { isa = XCBuildConfiguration; name = dev_v7; buildSettings = { CONFIGURATION_BUILD_DIR = "$(BUILD_DIR)"; CONFIGURATION_TEMP_DIR = "$(PROJECT_TEMP_DIR)/$(CONFIGURATION)$"; SYMROOT = "../../../../../Lib/ios_xcode_anarchy/dev_v7"; OBJROOT = "../../../../../Obj/ios_xcode_anarchy/$(CONFIGURATION)/MobileOffroadPlugin"; HEADER_SEARCH_PATHS = ( "../../../..", "$(HAVOK_THIRDPARTY_DIR)/redistsdks/Lua/5.1.4/", "$(HAVOK_THIRDPARTY_DIR)/redistsdks/fmod/4.44.11/inc", "$(HAVOK_THIRDPARTY_DIR)/redistsdks/Lua/5.1.4/", ); PRODUCT_NAME = "MobileOffroadPlugin"; }; };
9737810000000000016981 = { isa = XCBuildConfiguration; name = release_v7; buildSettings = { CONFIGURATION_BUILD_DIR = "$(BUILD_DIR)"; CONFIGURATION_TEMP_DIR = "$(PROJECT_TEMP_DIR)/$(CONFIGURATION)$"; SYMROOT = "../../../../../Lib/ios_xcode_anarchy/release_v7"; OBJROOT = "../../../../../Obj/ios_xcode_anarchy/$(CONFIGURATION)/MobileOffroadPlugin"; HEADER_SEARCH_PATHS = ( "../../../..", "$(HAVOK_THIRDPARTY_DIR)/redistsdks/Lua/5.1.4/", "$(HAVOK_THIRDPARTY_DIR)/redistsdks/fmod/4.44.11/inc", "$(HAVOK_THIRDPARTY_DIR)/redistsdks/Lua/5.1.4/", ); PRODUCT_NAME = "MobileOffroadPlugin"; }; };
4653380000000000016982 = { isa = XCBuildConfiguration; name = distrib_v7; buildSettings = { CONFIGURATION_BUILD_DIR = "$(BUILD_DIR)"; CONFIGURATION_TEMP_DIR = "$(PROJECT_TEMP_DIR)/$(CONFIGURATION)$"; SYMROOT = "../../../../../Lib/ios_xcode_anarchy/distrib_v7"; OBJROOT = "../../../../../Obj/ios_xcode_anarchy/$(CONFIGURATION)/MobileOffroadPlugin"; HEADER_SEARCH_PATHS = ( "../../../..", "$(HAVOK_THIRDPARTY_DIR)/redistsdks/Lua/5.1.4/", "$(HAVOK_THIRDPARTY_DIR)/redistsdks/fmod/4.44.11/inc", "$(HAVOK_THIRDPARTY_DIR)/redistsdks/Lua/5.1.4/", ); PRODUCT_NAME = "MobileOffroadPlugin"; }; };

		8212220000000000016983 = { isa = XCConfigurationList; buildConfigurations = ( 2839480000000000016976, 1714300000000000016975, 1515450000000000016978, 2281260000000000016977, ); };
		0159170000000000016984 = { isa = XCConfigurationList; buildConfigurations = ( 3944800000000000016980, 6723520000000000016979, 4653380000000000016982, 9737810000000000016981, ); };

		/* Describes the target */
		
		1783660000000000016985 = { isa = PBXSourcesBuildPhase; buildActionMask = 2147483647; files = ( 1630050000000000016892, 2403850000000000016884, 5997610000000000016888, 3182090000000000016880, 3687880000000000016876, ); runOnlyForDeploymentPostprocessing = 0; };
		8760840000000000016986 = { isa = PBXFrameworksBuildPhase; buildActionMask = 2147483647; files = ( 4983230000000000016900, 3969440000000000016908, 4976880000000000016916, 4899370000000000016924, 4623550000000000016932, 5690530000000000016940, 3131250000000000016948, 8040110000000000016956, 6766880000000000016964, 0058970000000000016972, ); runOnlyForDeploymentPostprocessing = 0; };
		697829137538124100000093 = { isa = PBXNativeTarget; buildConfigurationList = 8212220000000000016983; buildPhases = ( 6187200000000000014597, 0311250000000000014830, 8649720000000000014894, 3432340000000000015585, 4128060000000000015763, 2984150000000000015888, 1810060000000000016010, 8728020000000000016115, 7209350000000000016327, 5252670000000000016504, 5303930000000000016681, 6474410000000000016868, 1783660000000000016985, 8760840000000000016986, 8288970000000000016870, 9061700000000000016872,  ); dependencies = ( 3300580000000000016902,3250430000000000016910,3846920000000000016918,9373890000000000016926,6785830000000000016934,0163110000000000016942,5910260000000000016950,8360500000000000016958,7835370000000000016966,8765000000000000016974, ); name = libMobileOffroadPlugin; productName = libMobileOffroadPlugin; productReference = 122648137538124100000095 /* libMobileOffroadPlugin */ ;productType = "com.apple.product-type.library.static";}; 
		
		/* Describes the project */
		3392230000000000016987 = { isa = PBXProject; projectDirPath = ""; projectRoot = ""; compatibilityVersion = "Xcode 3.2"; mainGroup = 7608240000000000016875; buildConfigurationList = 0159170000000000016984; projectReferences = ( { ProductGroup = 5035380000000000016901 /* Products */; ProjectRef = 9203440000000000016895; /* xcodeproj */ },
 { ProductGroup = 7136010000000000016909 /* Products */; ProjectRef = 5564240000000000016903; /* xcodeproj */ },
 { ProductGroup = 3870180000000000016917 /* Products */; ProjectRef = 5213060000000000016911; /* xcodeproj */ },
 { ProductGroup = 3629750000000000016925 /* Products */; ProjectRef = 0478910000000000016919; /* xcodeproj */ },
 { ProductGroup = 8002070000000000016933 /* Products */; ProjectRef = 3788580000000000016927; /* xcodeproj */ },
 { ProductGroup = 6253720000000000016941 /* Products */; ProjectRef = 1200430000000000016935; /* xcodeproj */ },
 { ProductGroup = 9231780000000000016949 /* Products */; ProjectRef = 9436080000000000016943; /* xcodeproj */ },
 { ProductGroup = 8138920000000000016957 /* Products */; ProjectRef = 9332560000000000016951; /* xcodeproj */ },
 { ProductGroup = 6823660000000000016965 /* Products */; ProjectRef = 2129430000000000016959; /* xcodeproj */ },
 { ProductGroup = 2840700000000000016973 /* Products */; ProjectRef = 1566880000000000016967; /* xcodeproj */ },
 );
 targets = ( 697829137538124100000093 ); };
	};
	
	rootObject = 3392230000000000016987 /* Project object */;
}
