// !$*UTF8*$!
{
	archiveVersion = 1;
	classes = {
	};
	objectVersion = 46;
	objects = {
		
		/* Describes the files */
		911467137538124200000106 = {isa = PBXFileReference; explicitFileType = archive.ar; includeInIndex = 0; path = SimpleFont.app;sourceTree = BUILT_PRODUCTS_DIR; };
2487150000000000018031 = { isa = PBXFileReference; path = SimpleFont.cpp; sourceTree = "<group>"; };
7467530000000000018033 = { isa = PBXBuildFile; fileRef = 2487150000000000018031; };
8684520000000000018034 = { isa = PBXFileReference; path = SimpleFontPCH.cpp; sourceTree = "<group>"; };
6827650000000000018035 = { isa = PBXBuildFile; fileRef = 8684520000000000018034; };
5766800000000000018036 = { isa = PBXFileReference; path = SimpleFontPCH.h; sourceTree = "<group>"; };
3878710000000000018037 = { isa = PBXBuildFile; fileRef = 5766800000000000018036; };
3733130000000000018038 = { isa = PBXFileReference; path = VisSampleApp.cpp; sourceTree = "<group>"; };
6452300000000000018043 = { isa = PBXBuildFile; fileRef = 3733130000000000018038; };
9679960000000000018044 = { isa = PBXFileReference; path = VisSampleApp.hpp; sourceTree = "<group>"; };
3371720000000000018045 = { isa = PBXBuildFile; fileRef = 9679960000000000018044; };
0092400000000000018046 = { isa = PBXFileReference; path = EnginePluginsImport.hpp; sourceTree = "<group>"; };
5576500000000000018048 = { isa = PBXBuildFile; fileRef = 0092400000000000018046; };
5394970000000000018049 = { isa = PBXFileReference; path = VisSampleAppCallbacks.cpp; sourceTree = "<group>"; };
1371690000000000018050 = { isa = PBXBuildFile; fileRef = 5394970000000000018049; };
2812870000000000018051 = { isa = PBXFileReference; path = VisAppDelegateIOS.h; sourceTree = "<group>"; };
3068950000000000018053 = { isa = PBXBuildFile; fileRef = 2812870000000000018051; };
7253540000000000018054 = { isa = PBXFileReference; path = VisAppDelegateIOS.m; sourceTree = "<group>"; };
0669110000000000018055 = { isa = PBXBuildFile; fileRef = 7253540000000000018054; };
0401190000000000018056 = { isa = PBXFileReference; path = VisEAGLViewIOS.h; sourceTree = "<group>"; };
7722750000000000018057 = { isa = PBXBuildFile; fileRef = 0401190000000000018056; };
9882830000000000018058 = { isa = PBXFileReference; path = VisEAGLViewIOS.m; sourceTree = "<group>"; };
9799640000000000018059 = { isa = PBXBuildFile; fileRef = 9882830000000000018058; };
7531860000000000018060 = { isa = PBXFileReference; path = VisMainIOS.m; sourceTree = "<group>"; };
5758290000000000018061 = { isa = PBXBuildFile; fileRef = 7531860000000000018060; };
1836010000000000018062 = { isa = PBXFileReference; path = VisViewControllerIOS.h; sourceTree = "<group>"; };
5651040000000000018063 = { isa = PBXBuildFile; fileRef = 1836010000000000018062; };
8495690000000000018064 = { isa = PBXFileReference; path = VisViewControllerIOS.m; sourceTree = "<group>"; };
7303350000000000018065 = { isa = PBXBuildFile; fileRef = 8495690000000000018064; };
7229000000000000018066 = { isa = PBXFileReference; path = VisAppSettings.h; sourceTree = "<group>"; };
7813840000000000018067 = { isa = PBXBuildFile; fileRef = 7229000000000000018066; };
3733130000000000018038 = { isa = PBXFileReference; path = VisSampleApp.cpp; sourceTree = "<group>"; };
0138280000000000018068 = { isa = PBXBuildFile; fileRef = 3733130000000000018038; };
9679960000000000018044 = { isa = PBXFileReference; path = VisSampleApp.hpp; sourceTree = "<group>"; };
6533190000000000018069 = { isa = PBXBuildFile; fileRef = 9679960000000000018044; };
0092400000000000018046 = { isa = PBXFileReference; path = EnginePluginsImport.hpp; sourceTree = "<group>"; };
7797380000000000018070 = { isa = PBXBuildFile; fileRef = 0092400000000000018046; };
5394970000000000018049 = { isa = PBXFileReference; path = VisSampleAppCallbacks.cpp; sourceTree = "<group>"; };
6526990000000000018071 = { isa = PBXBuildFile; fileRef = 5394970000000000018049; };
2812870000000000018051 = { isa = PBXFileReference; path = VisAppDelegateIOS.h; sourceTree = "<group>"; };
3042850000000000018072 = { isa = PBXBuildFile; fileRef = 2812870000000000018051; };
7253540000000000018054 = { isa = PBXFileReference; path = VisAppDelegateIOS.m; sourceTree = "<group>"; };
0597960000000000018073 = { isa = PBXBuildFile; fileRef = 7253540000000000018054; };
0401190000000000018056 = { isa = PBXFileReference; path = VisEAGLViewIOS.h; sourceTree = "<group>"; };
9768950000000000018074 = { isa = PBXBuildFile; fileRef = 0401190000000000018056; };
9882830000000000018058 = { isa = PBXFileReference; path = VisEAGLViewIOS.m; sourceTree = "<group>"; };
4023580000000000018075 = { isa = PBXBuildFile; fileRef = 9882830000000000018058; };
7531860000000000018060 = { isa = PBXFileReference; path = VisMainIOS.m; sourceTree = "<group>"; };
5664020000000000018076 = { isa = PBXBuildFile; fileRef = 7531860000000000018060; };
1836010000000000018062 = { isa = PBXFileReference; path = VisViewControllerIOS.h; sourceTree = "<group>"; };
5256570000000000018077 = { isa = PBXBuildFile; fileRef = 1836010000000000018062; };
8495690000000000018064 = { isa = PBXFileReference; path = VisViewControllerIOS.m; sourceTree = "<group>"; };
1537190000000000018078 = { isa = PBXBuildFile; fileRef = 8495690000000000018064; };
7229000000000000018066 = { isa = PBXFileReference; path = VisAppSettings.h; sourceTree = "<group>"; };
0378030000000000018079 = { isa = PBXBuildFile; fileRef = 7229000000000000018066; };
8800410000000000018080 = { isa = PBXFileReference; lastKnownFileType = "wrapper.pb-project"; name = VisionEnginePlugin_ios_anarchy.xcodeproj; path = ../../../Runtime/EnginePlugins/VisionEnginePlugin/VisionEnginePlugin_ios_anarchy.xcodeproj; sourceTree = SOURCE_ROOT ; };
9102810000000000018081 = { isa = PBXContainerItemProxy; containerPortal = 8800410000000000018080; proxyType = 1; remoteGlobalIDString = 607066137538123900000075; remoteInfo = libVisionEnginePlugin; };
6404840000000000018082 = { isa = PBXContainerItemProxy; containerPortal = 8800410000000000018080; proxyType = 2; remoteGlobalIDString = 7783590000000000018083; remoteInfo = libVisionEnginePlugin; };
7552200000000000018084 = { isa = PBXReferenceProxy; fileType = archive.ar; path = libVisionEnginePlugin.a; remoteRef = 6404840000000000018082 /* PBXContainerItemProxy */; sourceTree = BUILT_PRODUCTS_DIR; };
5490130000000000018085 = { isa = PBXBuildFile; fileRef = 7552200000000000018084; };
8734210000000000018087 = { isa = PBXTargetDependency; name = VisionEnginePlugin; targetProxy = 9102810000000000018081; /* PBXContainerItemProxy */ };
0023900000000000018088 = { isa = PBXFileReference; name = OpenGLES.framework; path = System/Library/Frameworks/OpenGLES.framework; sourceTree = SDKROOT; };
9344340000000000018089 = { isa = PBXBuildFile; fileRef = 0023900000000000018088; };
5123060000000000018090 = { isa = PBXFileReference; name = UIKit.framework; path = System/Library/Frameworks/UIKit.framework; sourceTree = SDKROOT; };
3565300000000000018091 = { isa = PBXBuildFile; fileRef = 5123060000000000018090; };
5990920000000000018092 = { isa = PBXFileReference; name = Foundation.framework; path = System/Library/Frameworks/Foundation.framework; sourceTree = SDKROOT; };
4816750000000000018093 = { isa = PBXBuildFile; fileRef = 5990920000000000018092; };
3708510000000000018094 = { isa = PBXFileReference; name = QuartzCore.framework; path = System/Library/Frameworks/QuartzCore.framework; sourceTree = SDKROOT; };
3700800000000000018095 = { isa = PBXBuildFile; fileRef = 3708510000000000018094; };
9653500000000000018096 = { isa = PBXFileReference; name = CoreData.framework; path = System/Library/Frameworks/CoreData.framework; sourceTree = SDKROOT; };
8959780000000000018097 = { isa = PBXBuildFile; fileRef = 9653500000000000018096; };
3983380000000000018098 = { isa = PBXFileReference; name = SystemConfiguration.framework; path = System/Library/Frameworks/SystemConfiguration.framework; sourceTree = SDKROOT; };
4746850000000000018099 = { isa = PBXBuildFile; fileRef = 3983380000000000018098; };
6928370000000000018100 = { isa = PBXFileReference; lastKnownFileType = image.png; path = "Icon.png"; sourceTree = "<group>"; };
3566030000000000018105 = { isa = PBXBuildFile; fileRef = 6928370000000000018100; };
9582010000000000018106 = { isa = PBXFileReference; lastKnownFileType = image.png; path = "Icon@2x.png"; sourceTree = "<group>"; };
8808800000000000018107 = { isa = PBXBuildFile; fileRef = 9582010000000000018106; };
6300420000000000018108 = { isa = PBXFileReference; lastKnownFileType = image.png; path = "Icon-72.png"; sourceTree = "<group>"; };
4172230000000000018109 = { isa = PBXBuildFile; fileRef = 6300420000000000018108; };
3862100000000000018110 = { isa = PBXFileReference; lastKnownFileType = text.plist.xml; path = "Samples-Info.plist"; sourceTree = "<group>"; };
1361530000000000018111 = { isa = PBXBuildFile; fileRef = 3862100000000000018110; };
1079700000000000018112 = { isa = PBXFileReference; lastKnownFileType = folder; path = "Data"; sourceTree = "<group>"; };
2951210000000000018113 = { isa = PBXBuildFile; fileRef = 1079700000000000018112; };
1079700000000000018112 = { isa = PBXFileReference; lastKnownFileType = folder; path = "Data"; sourceTree = "<group>"; };
5892700000000000018114 = { isa = PBXBuildFile; fileRef = 1079700000000000018112; };
1079700000000000018112 = { isa = PBXFileReference; lastKnownFileType = folder; path = "Data"; sourceTree = "<group>"; };
1694170000000000018115 = { isa = PBXBuildFile; fileRef = 1079700000000000018112; };
3934420000000000018116 = { isa = PBXFileReference; lastKnownFileType = file.xib; path = "VisMainWindowIOS.xib"; sourceTree = "<group>"; };
9801420000000000018117 = { isa = PBXBuildFile; fileRef = 3934420000000000018116; };
6693940000000000018118 = { isa = PBXFileReference; lastKnownFileType = file.xib; path = "VisViewControllerIOS.xib"; sourceTree = "<group>"; };
1879710000000000018119 = { isa = PBXBuildFile; fileRef = 6693940000000000018118; };
6873490000000000018032 = { isa = PBXGroup; children = ( 2487150000000000018031, 8684520000000000018034, 5766800000000000018036, 0072940000000000018042, 8800410000000000018080, 0023900000000000018088, 5123060000000000018090, 5990920000000000018092, 3708510000000000018094, 9653500000000000018096, 3983380000000000018098, 0844930000000000018104, 1079700000000000018112, ); name = Products; sourceTree = "<group>"; };
0584230000000000018086 = { isa = PBXGroup; children = ( 7552200000000000018084, ); name = Products; sourceTree = "<group>"; };
4465280000000000018052 = { isa = PBXGroup; children = ( 2812870000000000018051, 7253540000000000018054, 0401190000000000018056, 9882830000000000018058, 7531860000000000018060, 1836010000000000018062, 8495690000000000018064, 7229000000000000018066, 3934420000000000018116, 6693940000000000018118, ); path = iOS; sourceTree = "<group>"; };
7592800000000000018040 = { isa = PBXGroup; children = ( 2503440000000000018039, 4489450000000000018047, ); path = Runtime; sourceTree = "<group>"; };
2503440000000000018039 = { isa = PBXGroup; children = ( 3733130000000000018038, 9679960000000000018044, 5394970000000000018049, 4465280000000000018052, ); path = Common; sourceTree = "<group>"; };
4489450000000000018047 = { isa = PBXGroup; children = ( 0092400000000000018046, ); path = EnginePlugins; sourceTree = "<group>"; };
5532340000000000018101 = { isa = PBXGroup; children = ( 6928370000000000018100, 9582010000000000018106, 6300420000000000018108, ); path = Resources; sourceTree = "<group>"; };
0072940000000000018042 = { isa = PBXGroup; children = ( 8014740000000000018041, ); path = ../../../../../Source; sourceTree = "<group>"; };
0511820000000000018103 = { isa = PBXGroup; children = ( 6902680000000000018102, ); path = Common; sourceTree = "<group>"; };
6902680000000000018102 = { isa = PBXGroup; children = ( 5532340000000000018101, 3862100000000000018110, ); path = iOS; sourceTree = "<group>"; };
8014740000000000018041 = { isa = PBXGroup; children = ( 7592800000000000018040, ); path = Vision; sourceTree = "<group>"; };
0844930000000000018104 = { isa = PBXGroup; children = ( 0511820000000000018103, ); path = ../../../../../Data; sourceTree = "<group>"; };

		
		/* Describes the build configurations */
		3219520000000000018120 = { isa = XCBuildConfiguration; name = debug_v7; buildSettings = { ARCHS = (armv7); SDKROOT = iphoneos; HEADER_SEARCH_PATHS = ( "../../../..", "$(HAVOK_THIRDPARTY_DIR)/redistsdks/Lua/5.1.4/", ); IPHONEOS_DEPLOYMENT_TARGET = 4.3;GCC_PRECOMPILE_PREFIX_HEADER = NO; GCC_PREPROCESSOR_DEFINITIONS_NOT_USED_IN_PRECOMPS = (HK_ANARCHY,PROFILING,_VISION_IOS,_VISION_POSIX,_VR_GLES2,VBASE_LIB,LINK_WITH_VISION,VISIONDLL_LIB);SUPPORTED_PLATFORMS = iphoneos;MACH_O_TYPE = mh_execute; WRAPPER_EXTENSION = app;LIBRARY_SEARCH_PATHS = ( "$(HAVOK_THIRDPARTY_DIR)/redistsdks/Lua/5.1.4/lib/iphoneos/Debug", "../../../../../Lib/ios_xcode_anarchy/$(CONFIGURATION)", ); OTHER_CPLUSPLUSFLAGS = ("-fno-strict-aliasing","-std=c++98","-mfpu=neon","-mfloat-abi=softfp",-DHK_ANARCHY,-DPROFILING,-D_VISION_IOS,-D_VISION_POSIX,-D_VR_GLES2,-DVBASE_LIB,-DLINK_WITH_VISION,-DVISIONDLL_LIB,-D_DEBUG,-DHK_DEBUG,-DHK_DEBUG_SLOW,"-fno-inline");OTHER_LDFLAGS = (-lluaIOS,-lBaseD,-lVisionD);GCC_INLINES_ARE_PRIVATE_EXTERN = YES;GCC_SYMBOLS_PRIVATE_EXTERN = NO;GCC_ENABLE_SYMBOL_SEPARATION = NO;GCC_USE_GCC3_PFE_SUPPORT = NO;GCC_STRICT_ALIASING = NO;GCC_ENABLE_CPP_RTTI = NO; GCC_ENABLE_CPP_EXCEPTIONS = NO; DEBUG_INFORMATION_FORMAT = dwarf;GCC_GENERATE_DEBUGGING_SYMBOLS = YES;GCC_OPTIMIZATION_LEVEL = 0;GCC_THUMB_SUPPORT = NO; GCC_VERSION = com.apple.compilers.llvm.clang.1_0;SKIP_INSTALL = NO; TARGETED_DEVICE_FAMILY = "1,2"; COMPRESS_PNG_FILES = NO; CODE_SIGN_IDENTITY = "iPhone Developer"; INFOPLIST_FILE = "../../../../../Data/Common/iOS/Samples-Info.plist"; WARNING_CFLAGS = ("-W", "-Wall", "-Wundef", "-Wno-inline", "-Wcast-qual", "-Wno-unused", "-Wno-unknown-pragmas","-Wno-ignored-qualifiers", "-Wno-overflow", "-Wno-type-limits", "-Wno-sign-compare", "-Wno-char-subscripts", "-Wno-switch", "-Wno-dangling-else", "-Wno-comment", "-Wno-shadow", -Wno-unused-parameter);GCC_WARN_ABOUT_INVALID_OFFSETOF_MACRO = NO;}; };
2942350000000000018121 = { isa = XCBuildConfiguration; name = dev_v7; buildSettings = { ARCHS = (armv7); SDKROOT = iphoneos; HEADER_SEARCH_PATHS = ( "../../../..", "$(HAVOK_THIRDPARTY_DIR)/redistsdks/Lua/5.1.4/", ); IPHONEOS_DEPLOYMENT_TARGET = 4.3;GCC_PRECOMPILE_PREFIX_HEADER = NO; GCC_PREPROCESSOR_DEFINITIONS_NOT_USED_IN_PRECOMPS = (HK_ANARCHY,PROFILING,_VISION_IOS,_VISION_POSIX,_VR_GLES2,VBASE_LIB,LINK_WITH_VISION,VISIONDLL_LIB);SUPPORTED_PLATFORMS = iphoneos;MACH_O_TYPE = mh_execute; WRAPPER_EXTENSION = app;LIBRARY_SEARCH_PATHS = ( "$(HAVOK_THIRDPARTY_DIR)/redistsdks/Lua/5.1.4/lib/iphoneos/Release", "../../../../../Lib/ios_xcode_anarchy/$(CONFIGURATION)", ); OTHER_CPLUSPLUSFLAGS = ("-fno-strict-aliasing","-std=c++98","-mfpu=neon","-mfloat-abi=softfp",-DHK_ANARCHY,-DPROFILING,-D_VISION_IOS,-D_VISION_POSIX,-D_VR_GLES2,-DVBASE_LIB,-DLINK_WITH_VISION,-DVISIONDLL_LIB,-DHK_DEBUG);OTHER_LDFLAGS = (-lluaIOS,-lBase,-lVision);GCC_INLINES_ARE_PRIVATE_EXTERN = YES;GCC_SYMBOLS_PRIVATE_EXTERN = NO;GCC_ENABLE_SYMBOL_SEPARATION = NO;GCC_USE_GCC3_PFE_SUPPORT = NO;GCC_STRICT_ALIASING = NO;GCC_ENABLE_CPP_RTTI = NO; GCC_ENABLE_CPP_EXCEPTIONS = NO; DEBUG_INFORMATION_FORMAT = dwarf;GCC_GENERATE_DEBUGGING_SYMBOLS = YES;GCC_OPTIMIZATION_LEVEL = 3;GCC_THUMB_SUPPORT = NO; GCC_VERSION = com.apple.compilers.llvm.clang.1_0;SKIP_INSTALL = NO; TARGETED_DEVICE_FAMILY = "1,2"; COMPRESS_PNG_FILES = NO; CODE_SIGN_IDENTITY = "iPhone Developer"; INFOPLIST_FILE = "../../../../../Data/Common/iOS/Samples-Info.plist"; WARNING_CFLAGS = ("-W", "-Wall", "-Wundef", "-Wno-inline", "-Wcast-qual", "-Wno-unused", "-Wno-unknown-pragmas","-Wno-ignored-qualifiers", "-Wno-overflow", "-Wno-type-limits", "-Wno-sign-compare", "-Wno-char-subscripts", "-Wno-switch", "-Wno-dangling-else", "-Wno-comment", "-Wno-shadow", -Wno-unused-parameter);GCC_WARN_ABOUT_INVALID_OFFSETOF_MACRO = NO;}; };
5388590000000000018122 = { isa = XCBuildConfiguration; name = release_v7; buildSettings = { ARCHS = (armv7); SDKROOT = iphoneos; HEADER_SEARCH_PATHS = ( "../../../..", "$(HAVOK_THIRDPARTY_DIR)/redistsdks/Lua/5.1.4/", ); IPHONEOS_DEPLOYMENT_TARGET = 4.3;GCC_PRECOMPILE_PREFIX_HEADER = NO; GCC_PREPROCESSOR_DEFINITIONS_NOT_USED_IN_PRECOMPS = (HK_ANARCHY,PROFILING,_VISION_IOS,_VISION_POSIX,_VR_GLES2,VBASE_LIB,LINK_WITH_VISION,VISIONDLL_LIB);SUPPORTED_PLATFORMS = iphoneos;MACH_O_TYPE = mh_execute; WRAPPER_EXTENSION = app;LIBRARY_SEARCH_PATHS = ( "$(HAVOK_THIRDPARTY_DIR)/redistsdks/Lua/5.1.4/lib/iphoneos/Release", "../../../../../Lib/ios_xcode_anarchy/$(CONFIGURATION)", ); OTHER_CPLUSPLUSFLAGS = ("-fno-strict-aliasing","-std=c++98","-mfpu=neon","-mfloat-abi=softfp",-DHK_ANARCHY,-DPROFILING,-D_VISION_IOS,-D_VISION_POSIX,-D_VR_GLES2,-DVBASE_LIB,-DLINK_WITH_VISION,-DVISIONDLL_LIB,"-fomit-frame-pointer","-fno-implement-inlines");OTHER_LDFLAGS = (-lluaIOS,-lBase,-lVision);GCC_INLINES_ARE_PRIVATE_EXTERN = YES;GCC_SYMBOLS_PRIVATE_EXTERN = NO;GCC_ENABLE_SYMBOL_SEPARATION = NO;GCC_USE_GCC3_PFE_SUPPORT = NO;GCC_STRICT_ALIASING = NO;GCC_ENABLE_CPP_RTTI = NO; GCC_ENABLE_CPP_EXCEPTIONS = NO; DEBUG_INFORMATION_FORMAT = dwarf;GCC_GENERATE_DEBUGGING_SYMBOLS = NO;GCC_OPTIMIZATION_LEVEL = 3;GCC_THUMB_SUPPORT = NO; GCC_VERSION = com.apple.compilers.llvm.clang.1_0;SKIP_INSTALL = NO; TARGETED_DEVICE_FAMILY = "1,2"; COMPRESS_PNG_FILES = NO; CODE_SIGN_IDENTITY = "iPhone Developer"; INFOPLIST_FILE = "../../../../../Data/Common/iOS/Samples-Info.plist"; WARNING_CFLAGS = ("-W", "-Wall", "-Wundef", "-Wno-inline", "-Wcast-qual", "-Wno-unused", "-Wno-unknown-pragmas","-Wno-ignored-qualifiers", "-Wno-overflow", "-Wno-type-limits", "-Wno-sign-compare", "-Wno-char-subscripts", "-Wno-switch", "-Wno-dangling-else", "-Wno-comment", "-Wno-shadow", -Wno-unused-parameter);GCC_WARN_ABOUT_INVALID_OFFSETOF_MACRO = NO;}; };
5126330000000000018123 = { isa = XCBuildConfiguration; name = distrib_v7; buildSettings = { ARCHS = (armv7); SDKROOT = iphoneos; HEADER_SEARCH_PATHS = ( "../../../..", "$(HAVOK_THIRDPARTY_DIR)/redistsdks/Lua/5.1.4/", ); IPHONEOS_DEPLOYMENT_TARGET = 4.3;GCC_PRECOMPILE_PREFIX_HEADER = NO; GCC_PREPROCESSOR_DEFINITIONS_NOT_USED_IN_PRECOMPS = (HK_ANARCHY,PROFILING,_VISION_IOS,_VISION_POSIX,_VR_GLES2,VBASE_LIB,LINK_WITH_VISION,VISIONDLL_LIB);SUPPORTED_PLATFORMS = iphoneos;MACH_O_TYPE = mh_execute; WRAPPER_EXTENSION = app;LIBRARY_SEARCH_PATHS = ( "$(HAVOK_THIRDPARTY_DIR)/redistsdks/Lua/5.1.4/lib/iphoneos/Release", "../../../../../Lib/ios_xcode_anarchy/$(CONFIGURATION)", ); OTHER_CPLUSPLUSFLAGS = ("-fno-strict-aliasing","-std=c++98","-mfpu=neon","-mfloat-abi=softfp",-DHK_ANARCHY,-DPROFILING,-D_VISION_IOS,-D_VISION_POSIX,-D_VR_GLES2,-DVBASE_LIB,-DLINK_WITH_VISION,-DVISIONDLL_LIB,"-fomit-frame-pointer","-fno-implement-inlines");OTHER_LDFLAGS = (-lluaIOS,-lBase,-lVision);GCC_INLINES_ARE_PRIVATE_EXTERN = YES;GCC_SYMBOLS_PRIVATE_EXTERN = NO;GCC_ENABLE_SYMBOL_SEPARATION = NO;GCC_USE_GCC3_PFE_SUPPORT = NO;GCC_STRICT_ALIASING = NO;GCC_ENABLE_CPP_RTTI = NO; GCC_ENABLE_CPP_EXCEPTIONS = NO; DEBUG_INFORMATION_FORMAT = dwarf;GCC_GENERATE_DEBUGGING_SYMBOLS = NO;GCC_OPTIMIZATION_LEVEL = 3;GCC_THUMB_SUPPORT = NO; GCC_VERSION = com.apple.compilers.llvm.clang.1_0;SKIP_INSTALL = NO; TARGETED_DEVICE_FAMILY = "1,2"; COMPRESS_PNG_FILES = NO; CODE_SIGN_IDENTITY = "iPhone Distribution"; INFOPLIST_FILE = "../../../../../Data/Common/iOS/Samples-Info.plist"; WARNING_CFLAGS = ("-W", "-Wall", "-Wundef", "-Wno-inline", "-Wcast-qual", "-Wno-unused", "-Wno-unknown-pragmas","-Wno-ignored-qualifiers", "-Wno-overflow", "-Wno-type-limits", "-Wno-sign-compare", "-Wno-char-subscripts", "-Wno-switch", "-Wno-dangling-else", "-Wno-comment", "-Wno-shadow", -Wno-unused-parameter);GCC_WARN_ABOUT_INVALID_OFFSETOF_MACRO = NO;}; };

		8876300000000000018124 = { isa = XCBuildConfiguration; name = debug_v7; buildSettings = { CONFIGURATION_BUILD_DIR = "$(BUILD_DIR)"; CONFIGURATION_TEMP_DIR = "$(PROJECT_TEMP_DIR)/$(CONFIGURATION)$"; SYMROOT = "../../../../../Bin/ios_xcode_anarchy/debug_v7"; OBJROOT = "../../../../../Obj/ios_xcode_anarchy/$(CONFIGURATION)/SimpleFont"; HEADER_SEARCH_PATHS = ( "../../../..", "$(HAVOK_THIRDPARTY_DIR)/redistsdks/Lua/5.1.4/", ); PRODUCT_NAME = "SimpleFont_ios-xcode_anarchy_debug_v7"; CONFIGURATION_BUILD_DIR = "$(BUILD_DIR)"; }; };
3719810000000000018125 = { isa = XCBuildConfiguration; name = dev_v7; buildSettings = { CONFIGURATION_BUILD_DIR = "$(BUILD_DIR)"; CONFIGURATION_TEMP_DIR = "$(PROJECT_TEMP_DIR)/$(CONFIGURATION)$"; SYMROOT = "../../../../../Bin/ios_xcode_anarchy/dev_v7"; OBJROOT = "../../../../../Obj/ios_xcode_anarchy/$(CONFIGURATION)/SimpleFont"; HEADER_SEARCH_PATHS = ( "../../../..", "$(HAVOK_THIRDPARTY_DIR)/redistsdks/Lua/5.1.4/", ); PRODUCT_NAME = "SimpleFont_ios-xcode_anarchy_dev_v7"; CONFIGURATION_BUILD_DIR = "$(BUILD_DIR)"; }; };
0260680000000000018126 = { isa = XCBuildConfiguration; name = release_v7; buildSettings = { CONFIGURATION_BUILD_DIR = "$(BUILD_DIR)"; CONFIGURATION_TEMP_DIR = "$(PROJECT_TEMP_DIR)/$(CONFIGURATION)$"; SYMROOT = "../../../../../Bin/ios_xcode_anarchy/release_v7"; OBJROOT = "../../../../../Obj/ios_xcode_anarchy/$(CONFIGURATION)/SimpleFont"; HEADER_SEARCH_PATHS = ( "../../../..", "$(HAVOK_THIRDPARTY_DIR)/redistsdks/Lua/5.1.4/", ); PRODUCT_NAME = "SimpleFont_ios-xcode_anarchy_release_v7"; CONFIGURATION_BUILD_DIR = "$(BUILD_DIR)"; }; };
1027100000000000018127 = { isa = XCBuildConfiguration; name = distrib_v7; buildSettings = { CONFIGURATION_BUILD_DIR = "$(BUILD_DIR)"; CONFIGURATION_TEMP_DIR = "$(PROJECT_TEMP_DIR)/$(CONFIGURATION)$"; SYMROOT = "../../../../../Bin/ios_xcode_anarchy/distrib_v7"; OBJROOT = "../../../../../Obj/ios_xcode_anarchy/$(CONFIGURATION)/SimpleFont"; HEADER_SEARCH_PATHS = ( "../../../..", "$(HAVOK_THIRDPARTY_DIR)/redistsdks/Lua/5.1.4/", ); PRODUCT_NAME = "SimpleFont_ios-xcode_anarchy_distrib_v7"; CONFIGURATION_BUILD_DIR = "$(BUILD_DIR)"; }; };

		1531140000000000018128 = { isa = XCConfigurationList; buildConfigurations = ( 2942350000000000018121, 3219520000000000018120, 5126330000000000018123, 5388590000000000018122, ); };
		4623870000000000018129 = { isa = XCConfigurationList; buildConfigurations = ( 3719810000000000018125, 8876300000000000018124, 1027100000000000018127, 0260680000000000018126, ); };
		
		/* Describes the target */
		/* Pre Build Step */
		2221030000000000018130 =  /*  */ { isa = PBXShellScriptBuildPhase; buildActionMask = 2147483647; files = ( ); inputPaths = ( ); name = "Making symlinks to resources...."; outputPaths = ( ); runOnlyForDeploymentPostprocessing = 0; shellPath = "/bin/sh";shellScript = "python ../../../../../Build/StandaloneTools/Deployment/Python/linkiOSResources.py -r ../../../../../Data/Vision/Base/ Data/Vision/Base/ -r ../../../../../Data/Vision/Samples/Engine/Maps/ViewerMap/ Data/Vision/Samples/Engine/Maps/ViewerMap/ -r ../../../../../Data/Vision/Samples/Engine/Textures/ Data/Vision/Samples/Engine/Textures/ -l $CONFIGURATION";};
		8385880000000000018131 = { isa = PBXSourcesBuildPhase; buildActionMask = 2147483647; files = ( 7467530000000000018033, 5664020000000000018076, 6827650000000000018035, 0597960000000000018073, 4023580000000000018075, 1537190000000000018078, 6526990000000000018071, 0138280000000000018068, ); runOnlyForDeploymentPostprocessing = 0; };
		6222700000000000018132 = { isa = PBXResourcesBuildPhase; buildActionMask = 2147483647; files = ( 1879710000000000018119, 1694170000000000018115, 9801420000000000018117, 4172230000000000018109, 8808800000000000018107, 3566030000000000018105, ); runOnlyForDeploymentPostprocessing = 0; };
		6830130000000000018133 = { isa = PBXFrameworksBuildPhase; buildActionMask = 2147483647; files = ( 3700800000000000018095, 3565300000000000018091, 4746850000000000018099, 9344340000000000018089, 8959780000000000018097, 4816750000000000018093, 5490130000000000018085, ); runOnlyForDeploymentPostprocessing = 0; };
		6266960000000000018134 =  /* Copy resources to bundle.... */ { isa = PBXShellScriptBuildPhase; buildActionMask = 2147483647; files = ( ); inputPaths = ( ); name = "Copy resources to bundle...."; outputPaths = ( ); runOnlyForDeploymentPostprocessing = 0;shellPath = "/bin/sh";shellScript = "python ../../../../../Build/StandaloneTools/Deployment/Python/copyiOSResources.py -d $BUILT_PRODUCTS_DIR/$CONTENTS_FOLDER_PATH -r Data";};
		355445137538124300000107 = { isa = PBXNativeTarget; buildConfigurationList = 1531140000000000018128; buildPhases = ( 6187200000000000014597, 0311250000000000014830, 8649720000000000014894, 3432340000000000015585, 4128060000000000015763, 2984150000000000015888, 1810060000000000016010, 8728020000000000016115, 7209350000000000016327, 5252670000000000016504, 5303930000000000016681, 6474410000000000016868, 6185910000000000017168, 0733350000000000017379, 8208690000000000017844, 3051340000000000018025, 2221030000000000018130, 8385880000000000018131, 6830130000000000018133, 6222700000000000018132, 6266960000000000018134,  ); dependencies = ( 8734210000000000018087, ); name = SimpleFont; productName = SimpleFont; productReference = 911467137538124200000106 /* SimpleFont */ ;productType = "com.apple.product-type.application";}; 
		
		/* Describes the project */
		3922920000000000018135 = { isa = PBXProject; projectDirPath = ""; projectRoot = ""; compatibilityVersion = "Xcode 3.2"; mainGroup = 6873490000000000018032; buildConfigurationList = 4623870000000000018129; projectReferences = ( { ProductGroup = 0584230000000000018086 /* Products */; ProjectRef = 8800410000000000018080; /* xcodeproj */ },
 );
 targets = ( 355445137538124300000107 ); };
	};
	
	rootObject = 3922920000000000018135 /* Project object */;
}
