// !$*UTF8*$!
{
	archiveVersion = 1;
	classes = {
	};
	objectVersion = 46;
	objects = {
		
		/* Describes the files */
		104971137538124300000114 = {isa = PBXFileReference; explicitFileType = archive.ar; includeInIndex = 0; path = Tutorial04.app;sourceTree = BUILT_PRODUCTS_DIR; };
6089680000000000018448 = { isa = PBXFileReference; path = main.cpp; sourceTree = "<group>"; };
4961960000000000018450 = { isa = PBXBuildFile; fileRef = 6089680000000000018448; };
8984630000000000018451 = { isa = PBXFileReference; path = MyEntity.cpp; sourceTree = "<group>"; };
5097640000000000018452 = { isa = PBXBuildFile; fileRef = 8984630000000000018451; };
6971660000000000018453 = { isa = PBXFileReference; path = MyEntity.hpp; sourceTree = "<group>"; };
5432070000000000018454 = { isa = PBXBuildFile; fileRef = 6971660000000000018453; };
6921740000000000018455 = { isa = PBXFileReference; path = Tutorial04PCH.cpp; sourceTree = "<group>"; };
9117290000000000018456 = { isa = PBXBuildFile; fileRef = 6921740000000000018455; };
3748000000000000018457 = { isa = PBXFileReference; path = Tutorial04PCH.h; sourceTree = "<group>"; };
7072150000000000018458 = { isa = PBXBuildFile; fileRef = 3748000000000000018457; };
4898940000000000018459 = { isa = PBXFileReference; path = VisSampleApp.cpp; sourceTree = "<group>"; };
7529580000000000018464 = { isa = PBXBuildFile; fileRef = 4898940000000000018459; };
3930160000000000018465 = { isa = PBXFileReference; path = VisSampleApp.hpp; sourceTree = "<group>"; };
6960470000000000018466 = { isa = PBXBuildFile; fileRef = 3930160000000000018465; };
7186720000000000018467 = { isa = PBXFileReference; path = EnginePluginsImport.hpp; sourceTree = "<group>"; };
5067960000000000018469 = { isa = PBXBuildFile; fileRef = 7186720000000000018467; };
6675210000000000018470 = { isa = PBXFileReference; path = VisSampleAppCallbacks.cpp; sourceTree = "<group>"; };
7659660000000000018471 = { isa = PBXBuildFile; fileRef = 6675210000000000018470; };
9158020000000000018472 = { isa = PBXFileReference; path = VisAppDelegateIOS.h; sourceTree = "<group>"; };
4062210000000000018474 = { isa = PBXBuildFile; fileRef = 9158020000000000018472; };
0811650000000000018475 = { isa = PBXFileReference; path = VisAppDelegateIOS.m; sourceTree = "<group>"; };
3779260000000000018476 = { isa = PBXBuildFile; fileRef = 0811650000000000018475; };
4684420000000000018477 = { isa = PBXFileReference; path = VisEAGLViewIOS.h; sourceTree = "<group>"; };
8901260000000000018478 = { isa = PBXBuildFile; fileRef = 4684420000000000018477; };
8844710000000000018479 = { isa = PBXFileReference; path = VisEAGLViewIOS.m; sourceTree = "<group>"; };
3543850000000000018480 = { isa = PBXBuildFile; fileRef = 8844710000000000018479; };
8784730000000000018481 = { isa = PBXFileReference; path = VisMainIOS.m; sourceTree = "<group>"; };
0935050000000000018482 = { isa = PBXBuildFile; fileRef = 8784730000000000018481; };
8577000000000000018483 = { isa = PBXFileReference; path = VisViewControllerIOS.h; sourceTree = "<group>"; };
4334290000000000018484 = { isa = PBXBuildFile; fileRef = 8577000000000000018483; };
8414550000000000018485 = { isa = PBXFileReference; path = VisViewControllerIOS.m; sourceTree = "<group>"; };
2438550000000000018486 = { isa = PBXBuildFile; fileRef = 8414550000000000018485; };
2413040000000000018487 = { isa = PBXFileReference; path = VisAppSettings.h; sourceTree = "<group>"; };
8130260000000000018488 = { isa = PBXBuildFile; fileRef = 2413040000000000018487; };
4898940000000000018459 = { isa = PBXFileReference; path = VisSampleApp.cpp; sourceTree = "<group>"; };
3933270000000000018489 = { isa = PBXBuildFile; fileRef = 4898940000000000018459; };
3930160000000000018465 = { isa = PBXFileReference; path = VisSampleApp.hpp; sourceTree = "<group>"; };
6538410000000000018490 = { isa = PBXBuildFile; fileRef = 3930160000000000018465; };
7186720000000000018467 = { isa = PBXFileReference; path = EnginePluginsImport.hpp; sourceTree = "<group>"; };
9192290000000000018491 = { isa = PBXBuildFile; fileRef = 7186720000000000018467; };
6675210000000000018470 = { isa = PBXFileReference; path = VisSampleAppCallbacks.cpp; sourceTree = "<group>"; };
2085970000000000018492 = { isa = PBXBuildFile; fileRef = 6675210000000000018470; };
9158020000000000018472 = { isa = PBXFileReference; path = VisAppDelegateIOS.h; sourceTree = "<group>"; };
4450100000000000018493 = { isa = PBXBuildFile; fileRef = 9158020000000000018472; };
0811650000000000018475 = { isa = PBXFileReference; path = VisAppDelegateIOS.m; sourceTree = "<group>"; };
2719500000000000018494 = { isa = PBXBuildFile; fileRef = 0811650000000000018475; };
4684420000000000018477 = { isa = PBXFileReference; path = VisEAGLViewIOS.h; sourceTree = "<group>"; };
3816100000000000018495 = { isa = PBXBuildFile; fileRef = 4684420000000000018477; };
8844710000000000018479 = { isa = PBXFileReference; path = VisEAGLViewIOS.m; sourceTree = "<group>"; };
9120230000000000018496 = { isa = PBXBuildFile; fileRef = 8844710000000000018479; };
8784730000000000018481 = { isa = PBXFileReference; path = VisMainIOS.m; sourceTree = "<group>"; };
0864770000000000018497 = { isa = PBXBuildFile; fileRef = 8784730000000000018481; };
8577000000000000018483 = { isa = PBXFileReference; path = VisViewControllerIOS.h; sourceTree = "<group>"; };
1422500000000000018498 = { isa = PBXBuildFile; fileRef = 8577000000000000018483; };
8414550000000000018485 = { isa = PBXFileReference; path = VisViewControllerIOS.m; sourceTree = "<group>"; };
7106090000000000018499 = { isa = PBXBuildFile; fileRef = 8414550000000000018485; };
2413040000000000018487 = { isa = PBXFileReference; path = VisAppSettings.h; sourceTree = "<group>"; };
2990160000000000018500 = { isa = PBXBuildFile; fileRef = 2413040000000000018487; };
0115690000000000018501 = { isa = PBXFileReference; lastKnownFileType = "wrapper.pb-project"; name = VisionEnginePlugin_ios_anarchy.xcodeproj; path = ../../../Runtime/EnginePlugins/VisionEnginePlugin/VisionEnginePlugin_ios_anarchy.xcodeproj; sourceTree = SOURCE_ROOT ; };
9714120000000000018502 = { isa = PBXContainerItemProxy; containerPortal = 0115690000000000018501; proxyType = 1; remoteGlobalIDString = 607066137538123900000075; remoteInfo = libVisionEnginePlugin; };
9050240000000000018503 = { isa = PBXContainerItemProxy; containerPortal = 0115690000000000018501; proxyType = 2; remoteGlobalIDString = 3248710000000000018504; remoteInfo = libVisionEnginePlugin; };
5449170000000000018505 = { isa = PBXReferenceProxy; fileType = archive.ar; path = libVisionEnginePlugin.a; remoteRef = 9050240000000000018503 /* PBXContainerItemProxy */; sourceTree = BUILT_PRODUCTS_DIR; };
0448480000000000018506 = { isa = PBXBuildFile; fileRef = 5449170000000000018505; };
9056570000000000018508 = { isa = PBXTargetDependency; name = VisionEnginePlugin; targetProxy = 9714120000000000018502; /* PBXContainerItemProxy */ };
8768890000000000018509 = { isa = PBXFileReference; name = OpenGLES.framework; path = System/Library/Frameworks/OpenGLES.framework; sourceTree = SDKROOT; };
8170230000000000018510 = { isa = PBXBuildFile; fileRef = 8768890000000000018509; };
7033430000000000018511 = { isa = PBXFileReference; name = UIKit.framework; path = System/Library/Frameworks/UIKit.framework; sourceTree = SDKROOT; };
7953000000000000018512 = { isa = PBXBuildFile; fileRef = 7033430000000000018511; };
8246310000000000018513 = { isa = PBXFileReference; name = Foundation.framework; path = System/Library/Frameworks/Foundation.framework; sourceTree = SDKROOT; };
8141310000000000018514 = { isa = PBXBuildFile; fileRef = 8246310000000000018513; };
1549630000000000018515 = { isa = PBXFileReference; name = QuartzCore.framework; path = System/Library/Frameworks/QuartzCore.framework; sourceTree = SDKROOT; };
4821660000000000018516 = { isa = PBXBuildFile; fileRef = 1549630000000000018515; };
0411370000000000018517 = { isa = PBXFileReference; name = CoreData.framework; path = System/Library/Frameworks/CoreData.framework; sourceTree = SDKROOT; };
4044100000000000018518 = { isa = PBXBuildFile; fileRef = 0411370000000000018517; };
6449640000000000018519 = { isa = PBXFileReference; name = SystemConfiguration.framework; path = System/Library/Frameworks/SystemConfiguration.framework; sourceTree = SDKROOT; };
9954450000000000018520 = { isa = PBXBuildFile; fileRef = 6449640000000000018519; };
2596970000000000018521 = { isa = PBXFileReference; lastKnownFileType = image.png; path = "Icon.png"; sourceTree = "<group>"; };
7510360000000000018526 = { isa = PBXBuildFile; fileRef = 2596970000000000018521; };
1639940000000000018527 = { isa = PBXFileReference; lastKnownFileType = image.png; path = "Icon@2x.png"; sourceTree = "<group>"; };
4538510000000000018528 = { isa = PBXBuildFile; fileRef = 1639940000000000018527; };
2630190000000000018529 = { isa = PBXFileReference; lastKnownFileType = image.png; path = "Icon-72.png"; sourceTree = "<group>"; };
2939360000000000018530 = { isa = PBXBuildFile; fileRef = 2630190000000000018529; };
8526150000000000018531 = { isa = PBXFileReference; lastKnownFileType = text.plist.xml; path = "Samples-Info.plist"; sourceTree = "<group>"; };
5443620000000000018532 = { isa = PBXBuildFile; fileRef = 8526150000000000018531; };
9854000000000000018533 = { isa = PBXFileReference; lastKnownFileType = folder; path = "Data"; sourceTree = "<group>"; };
5132650000000000018534 = { isa = PBXBuildFile; fileRef = 9854000000000000018533; };
9854000000000000018533 = { isa = PBXFileReference; lastKnownFileType = folder; path = "Data"; sourceTree = "<group>"; };
9691320000000000018535 = { isa = PBXBuildFile; fileRef = 9854000000000000018533; };
3765630000000000018536 = { isa = PBXFileReference; lastKnownFileType = file.xib; path = "VisMainWindowIOS.xib"; sourceTree = "<group>"; };
6866150000000000018537 = { isa = PBXBuildFile; fileRef = 3765630000000000018536; };
6947550000000000018538 = { isa = PBXFileReference; lastKnownFileType = file.xib; path = "VisViewControllerIOS.xib"; sourceTree = "<group>"; };
1009110000000000018539 = { isa = PBXBuildFile; fileRef = 6947550000000000018538; };
5253060000000000018449 = { isa = PBXGroup; children = ( 6089680000000000018448, 8984630000000000018451, 6971660000000000018453, 6921740000000000018455, 3748000000000000018457, 8404680000000000018463, 0115690000000000018501, 8768890000000000018509, 7033430000000000018511, 8246310000000000018513, 1549630000000000018515, 0411370000000000018517, 6449640000000000018519, 9634040000000000018525, 9854000000000000018533, ); name = Products; sourceTree = "<group>"; };
0008490000000000018507 = { isa = PBXGroup; children = ( 5449170000000000018505, ); name = Products; sourceTree = "<group>"; };
3724370000000000018473 = { isa = PBXGroup; children = ( 9158020000000000018472, 0811650000000000018475, 4684420000000000018477, 8844710000000000018479, 8784730000000000018481, 8577000000000000018483, 8414550000000000018485, 2413040000000000018487, 3765630000000000018536, 6947550000000000018538, ); path = iOS; sourceTree = "<group>"; };
4125980000000000018468 = { isa = PBXGroup; children = ( 7186720000000000018467, ); path = EnginePlugins; sourceTree = "<group>"; };
8096310000000000018461 = { isa = PBXGroup; children = ( 6116930000000000018460, 4125980000000000018468, ); path = Runtime; sourceTree = "<group>"; };
6241880000000000018522 = { isa = PBXGroup; children = ( 2596970000000000018521, 1639940000000000018527, 2630190000000000018529, ); path = Resources; sourceTree = "<group>"; };
8404680000000000018463 = { isa = PBXGroup; children = ( 6499640000000000018462, ); path = ../../../../../Source; sourceTree = "<group>"; };
8576700000000000018524 = { isa = PBXGroup; children = ( 1182150000000000018523, ); path = Common; sourceTree = "<group>"; };
1182150000000000018523 = { isa = PBXGroup; children = ( 6241880000000000018522, 8526150000000000018531, ); path = iOS; sourceTree = "<group>"; };
6499640000000000018462 = { isa = PBXGroup; children = ( 8096310000000000018461, ); path = Vision; sourceTree = "<group>"; };
9634040000000000018525 = { isa = PBXGroup; children = ( 8576700000000000018524, ); path = ../../../../../Data; sourceTree = "<group>"; };
6116930000000000018460 = { isa = PBXGroup; children = ( 4898940000000000018459, 3930160000000000018465, 6675210000000000018470, 3724370000000000018473, ); path = Common; sourceTree = "<group>"; };

		
		/* Describes the build configurations */
		0778220000000000018540 = { isa = XCBuildConfiguration; name = debug_v7; buildSettings = { ARCHS = (armv7); SDKROOT = iphoneos; HEADER_SEARCH_PATHS = ( "../../../..", "$(HAVOK_THIRDPARTY_DIR)/redistsdks/Lua/5.1.4/", ); IPHONEOS_DEPLOYMENT_TARGET = 4.3;GCC_PRECOMPILE_PREFIX_HEADER = NO; GCC_PREPROCESSOR_DEFINITIONS_NOT_USED_IN_PRECOMPS = (HK_ANARCHY,PROFILING,_VISION_IOS,_VISION_POSIX,_VR_GLES2,VBASE_LIB,LINK_WITH_VISION,VISIONDLL_LIB);SUPPORTED_PLATFORMS = iphoneos;MACH_O_TYPE = mh_execute; WRAPPER_EXTENSION = app;LIBRARY_SEARCH_PATHS = ( "$(HAVOK_THIRDPARTY_DIR)/redistsdks/Lua/5.1.4/lib/iphoneos/Debug", "../../../../../Lib/ios_xcode_anarchy/$(CONFIGURATION)", ); OTHER_CPLUSPLUSFLAGS = ("-fno-strict-aliasing","-std=c++98","-mfpu=neon","-mfloat-abi=softfp",-DHK_ANARCHY,-DPROFILING,-D_VISION_IOS,-D_VISION_POSIX,-D_VR_GLES2,-DVBASE_LIB,-DLINK_WITH_VISION,-DVISIONDLL_LIB,-D_DEBUG,-DHK_DEBUG,-DHK_DEBUG_SLOW,"-fno-inline");OTHER_LDFLAGS = (-lluaIOS,-lBaseD,-lVisionD);GCC_INLINES_ARE_PRIVATE_EXTERN = YES;GCC_SYMBOLS_PRIVATE_EXTERN = NO;GCC_ENABLE_SYMBOL_SEPARATION = NO;GCC_USE_GCC3_PFE_SUPPORT = NO;GCC_STRICT_ALIASING = NO;GCC_ENABLE_CPP_RTTI = NO; GCC_ENABLE_CPP_EXCEPTIONS = NO; DEBUG_INFORMATION_FORMAT = dwarf;GCC_GENERATE_DEBUGGING_SYMBOLS = YES;GCC_OPTIMIZATION_LEVEL = 0;GCC_THUMB_SUPPORT = NO; GCC_VERSION = com.apple.compilers.llvm.clang.1_0;SKIP_INSTALL = NO; TARGETED_DEVICE_FAMILY = "1,2"; COMPRESS_PNG_FILES = NO; CODE_SIGN_IDENTITY = "iPhone Developer"; INFOPLIST_FILE = "../../../../../Data/Common/iOS/Samples-Info.plist"; WARNING_CFLAGS = ("-W", "-Wall", "-Wundef", "-Wno-inline", "-Wcast-qual", "-Wno-unused", "-Wno-unknown-pragmas","-Wno-ignored-qualifiers", "-Wno-overflow", "-Wno-type-limits", "-Wno-sign-compare", "-Wno-char-subscripts", "-Wno-switch", "-Wno-dangling-else", "-Wno-comment", "-Wno-shadow", -Wno-unused-parameter);GCC_WARN_ABOUT_INVALID_OFFSETOF_MACRO = NO;}; };
7937720000000000018541 = { isa = XCBuildConfiguration; name = dev_v7; buildSettings = { ARCHS = (armv7); SDKROOT = iphoneos; HEADER_SEARCH_PATHS = ( "../../../..", "$(HAVOK_THIRDPARTY_DIR)/redistsdks/Lua/5.1.4/", ); IPHONEOS_DEPLOYMENT_TARGET = 4.3;GCC_PRECOMPILE_PREFIX_HEADER = NO; GCC_PREPROCESSOR_DEFINITIONS_NOT_USED_IN_PRECOMPS = (HK_ANARCHY,PROFILING,_VISION_IOS,_VISION_POSIX,_VR_GLES2,VBASE_LIB,LINK_WITH_VISION,VISIONDLL_LIB);SUPPORTED_PLATFORMS = iphoneos;MACH_O_TYPE = mh_execute; WRAPPER_EXTENSION = app;LIBRARY_SEARCH_PATHS = ( "$(HAVOK_THIRDPARTY_DIR)/redistsdks/Lua/5.1.4/lib/iphoneos/Release", "../../../../../Lib/ios_xcode_anarchy/$(CONFIGURATION)", ); OTHER_CPLUSPLUSFLAGS = ("-fno-strict-aliasing","-std=c++98","-mfpu=neon","-mfloat-abi=softfp",-DHK_ANARCHY,-DPROFILING,-D_VISION_IOS,-D_VISION_POSIX,-D_VR_GLES2,-DVBASE_LIB,-DLINK_WITH_VISION,-DVISIONDLL_LIB,-DHK_DEBUG);OTHER_LDFLAGS = (-lluaIOS,-lBase,-lVision);GCC_INLINES_ARE_PRIVATE_EXTERN = YES;GCC_SYMBOLS_PRIVATE_EXTERN = NO;GCC_ENABLE_SYMBOL_SEPARATION = NO;GCC_USE_GCC3_PFE_SUPPORT = NO;GCC_STRICT_ALIASING = NO;GCC_ENABLE_CPP_RTTI = NO; GCC_ENABLE_CPP_EXCEPTIONS = NO; DEBUG_INFORMATION_FORMAT = dwarf;GCC_GENERATE_DEBUGGING_SYMBOLS = YES;GCC_OPTIMIZATION_LEVEL = 3;GCC_THUMB_SUPPORT = NO; GCC_VERSION = com.apple.compilers.llvm.clang.1_0;SKIP_INSTALL = NO; TARGETED_DEVICE_FAMILY = "1,2"; COMPRESS_PNG_FILES = NO; CODE_SIGN_IDENTITY = "iPhone Developer"; INFOPLIST_FILE = "../../../../../Data/Common/iOS/Samples-Info.plist"; WARNING_CFLAGS = ("-W", "-Wall", "-Wundef", "-Wno-inline", "-Wcast-qual", "-Wno-unused", "-Wno-unknown-pragmas","-Wno-ignored-qualifiers", "-Wno-overflow", "-Wno-type-limits", "-Wno-sign-compare", "-Wno-char-subscripts", "-Wno-switch", "-Wno-dangling-else", "-Wno-comment", "-Wno-shadow", -Wno-unused-parameter);GCC_WARN_ABOUT_INVALID_OFFSETOF_MACRO = NO;}; };
7342700000000000018542 = { isa = XCBuildConfiguration; name = release_v7; buildSettings = { ARCHS = (armv7); SDKROOT = iphoneos; HEADER_SEARCH_PATHS = ( "../../../..", "$(HAVOK_THIRDPARTY_DIR)/redistsdks/Lua/5.1.4/", ); IPHONEOS_DEPLOYMENT_TARGET = 4.3;GCC_PRECOMPILE_PREFIX_HEADER = NO; GCC_PREPROCESSOR_DEFINITIONS_NOT_USED_IN_PRECOMPS = (HK_ANARCHY,PROFILING,_VISION_IOS,_VISION_POSIX,_VR_GLES2,VBASE_LIB,LINK_WITH_VISION,VISIONDLL_LIB);SUPPORTED_PLATFORMS = iphoneos;MACH_O_TYPE = mh_execute; WRAPPER_EXTENSION = app;LIBRARY_SEARCH_PATHS = ( "$(HAVOK_THIRDPARTY_DIR)/redistsdks/Lua/5.1.4/lib/iphoneos/Release", "../../../../../Lib/ios_xcode_anarchy/$(CONFIGURATION)", ); OTHER_CPLUSPLUSFLAGS = ("-fno-strict-aliasing","-std=c++98","-mfpu=neon","-mfloat-abi=softfp",-DHK_ANARCHY,-DPROFILING,-D_VISION_IOS,-D_VISION_POSIX,-D_VR_GLES2,-DVBASE_LIB,-DLINK_WITH_VISION,-DVISIONDLL_LIB,"-fomit-frame-pointer","-fno-implement-inlines");OTHER_LDFLAGS = (-lluaIOS,-lBase,-lVision);GCC_INLINES_ARE_PRIVATE_EXTERN = YES;GCC_SYMBOLS_PRIVATE_EXTERN = NO;GCC_ENABLE_SYMBOL_SEPARATION = NO;GCC_USE_GCC3_PFE_SUPPORT = NO;GCC_STRICT_ALIASING = NO;GCC_ENABLE_CPP_RTTI = NO; GCC_ENABLE_CPP_EXCEPTIONS = NO; DEBUG_INFORMATION_FORMAT = dwarf;GCC_GENERATE_DEBUGGING_SYMBOLS = NO;GCC_OPTIMIZATION_LEVEL = 3;GCC_THUMB_SUPPORT = NO; GCC_VERSION = com.apple.compilers.llvm.clang.1_0;SKIP_INSTALL = NO; TARGETED_DEVICE_FAMILY = "1,2"; COMPRESS_PNG_FILES = NO; CODE_SIGN_IDENTITY = "iPhone Developer"; INFOPLIST_FILE = "../../../../../Data/Common/iOS/Samples-Info.plist"; WARNING_CFLAGS = ("-W", "-Wall", "-Wundef", "-Wno-inline", "-Wcast-qual", "-Wno-unused", "-Wno-unknown-pragmas","-Wno-ignored-qualifiers", "-Wno-overflow", "-Wno-type-limits", "-Wno-sign-compare", "-Wno-char-subscripts", "-Wno-switch", "-Wno-dangling-else", "-Wno-comment", "-Wno-shadow", -Wno-unused-parameter);GCC_WARN_ABOUT_INVALID_OFFSETOF_MACRO = NO;}; };
8986320000000000018543 = { isa = XCBuildConfiguration; name = distrib_v7; buildSettings = { ARCHS = (armv7); SDKROOT = iphoneos; HEADER_SEARCH_PATHS = ( "../../../..", "$(HAVOK_THIRDPARTY_DIR)/redistsdks/Lua/5.1.4/", ); IPHONEOS_DEPLOYMENT_TARGET = 4.3;GCC_PRECOMPILE_PREFIX_HEADER = NO; GCC_PREPROCESSOR_DEFINITIONS_NOT_USED_IN_PRECOMPS = (HK_ANARCHY,PROFILING,_VISION_IOS,_VISION_POSIX,_VR_GLES2,VBASE_LIB,LINK_WITH_VISION,VISIONDLL_LIB);SUPPORTED_PLATFORMS = iphoneos;MACH_O_TYPE = mh_execute; WRAPPER_EXTENSION = app;LIBRARY_SEARCH_PATHS = ( "$(HAVOK_THIRDPARTY_DIR)/redistsdks/Lua/5.1.4/lib/iphoneos/Release", "../../../../../Lib/ios_xcode_anarchy/$(CONFIGURATION)", ); OTHER_CPLUSPLUSFLAGS = ("-fno-strict-aliasing","-std=c++98","-mfpu=neon","-mfloat-abi=softfp",-DHK_ANARCHY,-DPROFILING,-D_VISION_IOS,-D_VISION_POSIX,-D_VR_GLES2,-DVBASE_LIB,-DLINK_WITH_VISION,-DVISIONDLL_LIB,"-fomit-frame-pointer","-fno-implement-inlines");OTHER_LDFLAGS = (-lluaIOS,-lBase,-lVision);GCC_INLINES_ARE_PRIVATE_EXTERN = YES;GCC_SYMBOLS_PRIVATE_EXTERN = NO;GCC_ENABLE_SYMBOL_SEPARATION = NO;GCC_USE_GCC3_PFE_SUPPORT = NO;GCC_STRICT_ALIASING = NO;GCC_ENABLE_CPP_RTTI = NO; GCC_ENABLE_CPP_EXCEPTIONS = NO; DEBUG_INFORMATION_FORMAT = dwarf;GCC_GENERATE_DEBUGGING_SYMBOLS = NO;GCC_OPTIMIZATION_LEVEL = 3;GCC_THUMB_SUPPORT = NO; GCC_VERSION = com.apple.compilers.llvm.clang.1_0;SKIP_INSTALL = NO; TARGETED_DEVICE_FAMILY = "1,2"; COMPRESS_PNG_FILES = NO; CODE_SIGN_IDENTITY = "iPhone Distribution"; INFOPLIST_FILE = "../../../../../Data/Common/iOS/Samples-Info.plist"; WARNING_CFLAGS = ("-W", "-Wall", "-Wundef", "-Wno-inline", "-Wcast-qual", "-Wno-unused", "-Wno-unknown-pragmas","-Wno-ignored-qualifiers", "-Wno-overflow", "-Wno-type-limits", "-Wno-sign-compare", "-Wno-char-subscripts", "-Wno-switch", "-Wno-dangling-else", "-Wno-comment", "-Wno-shadow", -Wno-unused-parameter);GCC_WARN_ABOUT_INVALID_OFFSETOF_MACRO = NO;}; };

		0017390000000000018544 = { isa = XCBuildConfiguration; name = debug_v7; buildSettings = { CONFIGURATION_BUILD_DIR = "$(BUILD_DIR)"; CONFIGURATION_TEMP_DIR = "$(PROJECT_TEMP_DIR)/$(CONFIGURATION)$"; SYMROOT = "../../../../../Bin/ios_xcode_anarchy/debug_v7"; OBJROOT = "../../../../../Obj/ios_xcode_anarchy/$(CONFIGURATION)/Tutorial04"; HEADER_SEARCH_PATHS = ( "../../../..", "$(HAVOK_THIRDPARTY_DIR)/redistsdks/Lua/5.1.4/", ); PRODUCT_NAME = "Tutorial04_ios-xcode_anarchy_debug_v7"; CONFIGURATION_BUILD_DIR = "$(BUILD_DIR)"; }; };
4257080000000000018545 = { isa = XCBuildConfiguration; name = dev_v7; buildSettings = { CONFIGURATION_BUILD_DIR = "$(BUILD_DIR)"; CONFIGURATION_TEMP_DIR = "$(PROJECT_TEMP_DIR)/$(CONFIGURATION)$"; SYMROOT = "../../../../../Bin/ios_xcode_anarchy/dev_v7"; OBJROOT = "../../../../../Obj/ios_xcode_anarchy/$(CONFIGURATION)/Tutorial04"; HEADER_SEARCH_PATHS = ( "../../../..", "$(HAVOK_THIRDPARTY_DIR)/redistsdks/Lua/5.1.4/", ); PRODUCT_NAME = "Tutorial04_ios-xcode_anarchy_dev_v7"; CONFIGURATION_BUILD_DIR = "$(BUILD_DIR)"; }; };
1229020000000000018546 = { isa = XCBuildConfiguration; name = release_v7; buildSettings = { CONFIGURATION_BUILD_DIR = "$(BUILD_DIR)"; CONFIGURATION_TEMP_DIR = "$(PROJECT_TEMP_DIR)/$(CONFIGURATION)$"; SYMROOT = "../../../../../Bin/ios_xcode_anarchy/release_v7"; OBJROOT = "../../../../../Obj/ios_xcode_anarchy/$(CONFIGURATION)/Tutorial04"; HEADER_SEARCH_PATHS = ( "../../../..", "$(HAVOK_THIRDPARTY_DIR)/redistsdks/Lua/5.1.4/", ); PRODUCT_NAME = "Tutorial04_ios-xcode_anarchy_release_v7"; CONFIGURATION_BUILD_DIR = "$(BUILD_DIR)"; }; };
8705920000000000018547 = { isa = XCBuildConfiguration; name = distrib_v7; buildSettings = { CONFIGURATION_BUILD_DIR = "$(BUILD_DIR)"; CONFIGURATION_TEMP_DIR = "$(PROJECT_TEMP_DIR)/$(CONFIGURATION)$"; SYMROOT = "../../../../../Bin/ios_xcode_anarchy/distrib_v7"; OBJROOT = "../../../../../Obj/ios_xcode_anarchy/$(CONFIGURATION)/Tutorial04"; HEADER_SEARCH_PATHS = ( "../../../..", "$(HAVOK_THIRDPARTY_DIR)/redistsdks/Lua/5.1.4/", ); PRODUCT_NAME = "Tutorial04_ios-xcode_anarchy_distrib_v7"; CONFIGURATION_BUILD_DIR = "$(BUILD_DIR)"; }; };

		2870110000000000018548 = { isa = XCConfigurationList; buildConfigurations = ( 7937720000000000018541, 0778220000000000018540, 8986320000000000018543, 7342700000000000018542, ); };
		4058760000000000018549 = { isa = XCConfigurationList; buildConfigurations = ( 4257080000000000018545, 0017390000000000018544, 8705920000000000018547, 1229020000000000018546, ); };
		
		/* Describes the target */
		/* Pre Build Step */
		0143110000000000018550 =  /*  */ { isa = PBXShellScriptBuildPhase; buildActionMask = 2147483647; files = ( ); inputPaths = ( ); name = "Making symlinks to resources...."; outputPaths = ( ); runOnlyForDeploymentPostprocessing = 0; shellPath = "/bin/sh";shellScript = "python ../../../../../Build/StandaloneTools/Deployment/Python/linkiOSResources.py -r ../../../../../Data/Vision/Base/ Data/Vision/Base/ -r ../../../../../Data/Vision/Samples/Engine/Maps/ViewerMap/ Data/Vision/Samples/Engine/Maps/ViewerMap/ -l $CONFIGURATION";};
		1437970000000000018551 = { isa = PBXSourcesBuildPhase; buildActionMask = 2147483647; files = ( 4961960000000000018450, 0864770000000000018497, 9117290000000000018456, 2719500000000000018494, 9120230000000000018496, 7106090000000000018499, 5097640000000000018452, 2085970000000000018492, 3933270000000000018489, ); runOnlyForDeploymentPostprocessing = 0; };
		4602240000000000018552 = { isa = PBXResourcesBuildPhase; buildActionMask = 2147483647; files = ( 1009110000000000018539, 9691320000000000018535, 6866150000000000018537, 2939360000000000018530, 4538510000000000018528, 7510360000000000018526, ); runOnlyForDeploymentPostprocessing = 0; };
		0817470000000000018553 = { isa = PBXFrameworksBuildPhase; buildActionMask = 2147483647; files = ( 4821660000000000018516, 7953000000000000018512, 9954450000000000018520, 8170230000000000018510, 4044100000000000018518, 8141310000000000018514, 0448480000000000018506, ); runOnlyForDeploymentPostprocessing = 0; };
		8787580000000000018554 =  /* Copy resources to bundle.... */ { isa = PBXShellScriptBuildPhase; buildActionMask = 2147483647; files = ( ); inputPaths = ( ); name = "Copy resources to bundle...."; outputPaths = ( ); runOnlyForDeploymentPostprocessing = 0;shellPath = "/bin/sh";shellScript = "python ../../../../../Build/StandaloneTools/Deployment/Python/copyiOSResources.py -d $BUILT_PRODUCTS_DIR/$CONTENTS_FOLDER_PATH -r Data";};
		709791137538124300000115 = { isa = PBXNativeTarget; buildConfigurationList = 2870110000000000018548; buildPhases = ( 6187200000000000014597, 0311250000000000014830, 8649720000000000014894, 3432340000000000015585, 4128060000000000015763, 2984150000000000015888, 1810060000000000016010, 8728020000000000016115, 7209350000000000016327, 5252670000000000016504, 5303930000000000016681, 6474410000000000016868, 6185910000000000017168, 0733350000000000017379, 8208690000000000017844, 3051340000000000018025, 2221030000000000018130, 5761370000000000018234, 4640270000000000018338, 9709390000000000018442, 0143110000000000018550, 1437970000000000018551, 0817470000000000018553, 4602240000000000018552, 8787580000000000018554,  ); dependencies = ( 9056570000000000018508, ); name = Tutorial04; productName = Tutorial04; productReference = 104971137538124300000114 /* Tutorial04 */ ;productType = "com.apple.product-type.application";}; 
		
		/* Describes the project */
		4898890000000000018555 = { isa = PBXProject; projectDirPath = ""; projectRoot = ""; compatibilityVersion = "Xcode 3.2"; mainGroup = 5253060000000000018449; buildConfigurationList = 4058760000000000018549; projectReferences = ( { ProductGroup = 0008490000000000018507 /* Products */; ProjectRef = 0115690000000000018501; /* xcodeproj */ },
 );
 targets = ( 709791137538124300000115 ); };
	};
	
	rootObject = 4898890000000000018555 /* Project object */;
}
